
Microsoft Visual Studio Solution File, Format Version 12.00
# Visual Studio 15
VisualStudioVersion = 15.0.27130.2003
MinimumVisualStudioVersion = 10.0.40219.1
Project("{9A19103F-16F7-4668-BE54-9A1E7A4F7556}") = "ElectricityBilling.Domain", "ElectricityBilling.Domain\ElectricityBilling.Domain.csproj", "{62053696-A109-49CC-8B8B-3B06A0530736}"
EndProject
Project("{2150E333-8FDC-42A3-9474-1A3956D46DE8}") = "Domain", "Domain", "{5DE54162-432F-43FA-808D-4BB496BB028F}"
EndProject
Project("{2150E333-8FDC-42A3-9474-1A3956D46DE8}") = "Microservices", "Microservices", "{6C309D89-9205-49D5-9A30-F8F91625EE8B}"
EndProject
Project("{9A19103F-16F7-4668-BE54-9A1E7A4F7556}") = "ElectricityBilling.CustomerService", "ElectricityBilling.CustomerService\ElectricityBilling.CustomerService.csproj", "{7C9A3A8E-FA43-4475-8D08-72B7B91A507F}"
EndProject
Project("{2150E333-8FDC-42A3-9474-1A3956D46DE8}") = "CustomerService", "CustomerService", "{9474634B-3A8D-4AA9-8819-326F4EBBF463}"
EndProject
Project("{2150E333-8FDC-42A3-9474-1A3956D46DE8}") = "SensorService", "SensorService", "{532ADCB5-D069-4471-A697-0E5E624285EE}"
EndProject
Project("{9A19103F-16F7-4668-BE54-9A1E7A4F7556}") = "ElectricityBilling.SensorService", "ElectricityBilling.SensorService\ElectricityBilling.SensorService.csproj", "{DDC47990-070A-43C6-BE97-B858EC5F0E97}"
EndProject
Project("{9A19103F-16F7-4668-BE54-9A1E7A4F7556}") = "ElectricityBilling.Domain.UnitTests", "ElectricityBilling.Domain.UnitTests\ElectricityBilling.Domain.UnitTests.csproj", "{389A4A1F-152A-404F-8044-19ADBAE682F1}"
EndProject
Project("{9A19103F-16F7-4668-BE54-9A1E7A4F7556}") = "ElectricityBilling.CustomerService.Tests", "ElectricityBilling.CustomerService.Tests\ElectricityBilling.CustomerService.Tests.csproj", "{9B02EBD7-100D-4EE9-8323-044DE3D1B805}"
EndProject
Project("{9A19103F-16F7-4668-BE54-9A1E7A4F7556}") = "ElectricityBilling.SensorService.Tests", "ElectricityBilling.SensorService.Tests\ElectricityBilling.SensorService.Tests.csproj", "{97FF038B-C54B-4337-BDB4-2DE8E491BD42}"
EndProject
Project("{2150E333-8FDC-42A3-9474-1A3956D46DE8}") = "BillingService", "BillingService", "{2FEC4ADB-A417-419C-A8F5-A780A2FBFEEC}"
EndProject
Project("{9A19103F-16F7-4668-BE54-9A1E7A4F7556}") = "ElectricityBilling.BillingService", "ElectricityBilling.BillingService\ElectricityBilling.BillingService.csproj", "{3231E082-2CDA-4754-8D9C-D18A8A1E7503}"
EndProject
Project("{9A19103F-16F7-4668-BE54-9A1E7A4F7556}") = "ElectricityBilling.BillingService.Tests", "ElectricityBilling.BillingService.Tests\ElectricityBilling.BillingService.Tests.csproj", "{CD89DFFF-B143-4171-855C-DAFBA0F0499D}"
EndProject
Project("{2150E333-8FDC-42A3-9474-1A3956D46DE8}") = "LoginService", "LoginService", "{CBF27AD1-318E-429F-B1B3-DCC806F2DA48}"
EndProject
Project("{9A19103F-16F7-4668-BE54-9A1E7A4F7556}") = "ElectricityBilling.LoginService", "ElectricityBilling.LoginService\ElectricityBilling.LoginService.csproj", "{33E491CB-C27F-4335-BC49-100CBB4CC5FC}"
EndProject
Project("{9A19103F-16F7-4668-BE54-9A1E7A4F7556}") = "ElectricityBilling.LoginService.Tests", "ElectricityBilling.LoginService.Tests\ElectricityBilling.LoginService.Tests.csproj", "{B3F9EC28-9BDA-48F7-B1A3-ABD57D9BFA10}"
EndProject
Project("{2150E333-8FDC-42A3-9474-1A3956D46DE8}") = "PaymentService", "PaymentService", "{1D9A9F85-9D4F-49E5-BC18-0503B684C49B}"
EndProject
Project("{9A19103F-16F7-4668-BE54-9A1E7A4F7556}") = "ElectricityBilling.PaymentService", "ElectricityBilling.PaymentService\ElectricityBilling.PaymentService.csproj", "{88B44283-DEE3-413A-AD3B-EF4DF76DAD41}"
EndProject
Project("{9A19103F-16F7-4668-BE54-9A1E7A4F7556}") = "ElectricityBilling.PaymentService.Tests", "ElectricityBilling.PaymentService.Tests\ElectricityBilling.PaymentService.Tests.csproj", "{5A43461C-C87D-4C4E-B28C-012F72C8032C}"
EndProject
Project("{2150E333-8FDC-42A3-9474-1A3956D46DE8}") = "BillingJob", "BillingJob", "{8274A13B-C48D-4ADC-8679-C117412D99E4}"
EndProject
Project("{9A19103F-16F7-4668-BE54-9A1E7A4F7556}") = "ElectricityBilling.BillingJob", "ElectricityBilling.BillingJob\ElectricityBilling.BillingJob.csproj", "{448209FE-1096-4A56-BC0B-FD299703C7D3}"
EndProject
Project("{9A19103F-16F7-4668-BE54-9A1E7A4F7556}") = "ElectricityBilling.BillingJob.Tests", "ElectricityBilling.BillingJob.Tests\ElectricityBilling.BillingJob.Tests.csproj", "{315D45FB-CF8D-4C9B-93FE-52F98936EA8B}"
EndProject
Project("{9A19103F-16F7-4668-BE54-9A1E7A4F7556}") = "NWheelsTempApiLib", "NWheelsTempApiLib\NWheelsTempApiLib.csproj", "{8A827962-4E2A-4035-9371-C0F834207791}"
EndProject
Project("{2150E333-8FDC-42A3-9474-1A3956D46DE8}") = "NWheelsTemp", "NWheelsTemp", "{3A259C2D-5312-4BB7-9773-42CE7C81E447}"
EndProject
Project("{9A19103F-16F7-4668-BE54-9A1E7A4F7556}") = "ElectricityBilling.SensorService.HubIntegrationStub", "ElectricityBilling.SensorService.HubIntegrationStub\ElectricityBilling.SensorService.HubIntegrationStub.csproj", "{54565FA6-A6B3-4C02-A899-D6B38A19CFA0}"
EndProject
Project("{9A19103F-16F7-4668-BE54-9A1E7A4F7556}") = "ElectricityBilling.PaymentService.Integration.PayPal", "ElectricityBilling.PaymentService.Integration.PayPal\ElectricityBilling.PaymentService.Integration.PayPal.csproj", "{4C3C0A9F-2749-4128-9E67-64632A693887}"
EndProject
Project("{2150E333-8FDC-42A3-9474-1A3956D46DE8}") = "Apps", "Apps", "{D60A6A42-8933-4A31-B14A-2783FD32468C}"
EndProject
Project("{2150E333-8FDC-42A3-9474-1A3956D46DE8}") = "Dashboard", "Dashboard", "{287D2415-14EA-4AD2-86FE-342E649B0F46}"
EndProject
Project("{2150E333-8FDC-42A3-9474-1A3956D46DE8}") = "Admin", "Admin", "{257979FC-F7B3-4CF5-BDC4-ACA781BED356}"
EndProject
Project("{9A19103F-16F7-4668-BE54-9A1E7A4F7556}") = "ElectricityBilling.DashboardWebApp", "ElectricityBilling.DashboardWebApp\ElectricityBilling.DashboardWebApp.csproj", "{9A38C1CF-B868-474C-97D5-C35DD81F013F}"
EndProject
Project("{9A19103F-16F7-4668-BE54-9A1E7A4F7556}") = "ElectricityBilling.AdminWebApp", "ElectricityBilling.AdminWebApp\ElectricityBilling.AdminWebApp.csproj", "{DF1093B1-6FD6-4AF4-B39D-39289229F933}"
EndProject
Project("{2150E333-8FDC-42A3-9474-1A3956D46DE8}") = "TodoList", "TodoList", "{61D92556-2C43-4CDA-A916-E5CC6089C19C}"
EndProject
Project("{FAE04EC0-301F-11D3-BF4B-00C04F79EFBC}") = "TodoListApp", "TodoListApp\TodoListApp.csproj", "{863FCBB4-E0E3-4D8C-8130-E672718BF202}"
EndProject
Global
	GlobalSection(SolutionConfigurationPlatforms) = preSolution
		Debug|Any CPU = Debug|Any CPU
		Release|Any CPU = Release|Any CPU
	EndGlobalSection
	GlobalSection(ProjectConfigurationPlatforms) = postSolution
		{62053696-A109-49CC-8B8B-3B06A0530736}.Debug|Any CPU.ActiveCfg = Debug|Any CPU
		{62053696-A109-49CC-8B8B-3B06A0530736}.Debug|Any CPU.Build.0 = Debug|Any CPU
		{62053696-A109-49CC-8B8B-3B06A0530736}.Release|Any CPU.ActiveCfg = Release|Any CPU
		{62053696-A109-49CC-8B8B-3B06A0530736}.Release|Any CPU.Build.0 = Release|Any CPU
		{7C9A3A8E-FA43-4475-8D08-72B7B91A507F}.Debug|Any CPU.ActiveCfg = Debug|Any CPU
		{7C9A3A8E-FA43-4475-8D08-72B7B91A507F}.Debug|Any CPU.Build.0 = Debug|Any CPU
		{7C9A3A8E-FA43-4475-8D08-72B7B91A507F}.Release|Any CPU.ActiveCfg = Release|Any CPU
		{7C9A3A8E-FA43-4475-8D08-72B7B91A507F}.Release|Any CPU.Build.0 = Release|Any CPU
		{DDC47990-070A-43C6-BE97-B858EC5F0E97}.Debug|Any CPU.ActiveCfg = Debug|Any CPU
		{DDC47990-070A-43C6-BE97-B858EC5F0E97}.Debug|Any CPU.Build.0 = Debug|Any CPU
		{DDC47990-070A-43C6-BE97-B858EC5F0E97}.Release|Any CPU.ActiveCfg = Release|Any CPU
		{DDC47990-070A-43C6-BE97-B858EC5F0E97}.Release|Any CPU.Build.0 = Release|Any CPU
		{389A4A1F-152A-404F-8044-19ADBAE682F1}.Debug|Any CPU.ActiveCfg = Debug|Any CPU
		{389A4A1F-152A-404F-8044-19ADBAE682F1}.Debug|Any CPU.Build.0 = Debug|Any CPU
		{389A4A1F-152A-404F-8044-19ADBAE682F1}.Release|Any CPU.ActiveCfg = Release|Any CPU
		{389A4A1F-152A-404F-8044-19ADBAE682F1}.Release|Any CPU.Build.0 = Release|Any CPU
		{9B02EBD7-100D-4EE9-8323-044DE3D1B805}.Debug|Any CPU.ActiveCfg = Debug|Any CPU
		{9B02EBD7-100D-4EE9-8323-044DE3D1B805}.Debug|Any CPU.Build.0 = Debug|Any CPU
		{9B02EBD7-100D-4EE9-8323-044DE3D1B805}.Release|Any CPU.ActiveCfg = Release|Any CPU
		{9B02EBD7-100D-4EE9-8323-044DE3D1B805}.Release|Any CPU.Build.0 = Release|Any CPU
		{97FF038B-C54B-4337-BDB4-2DE8E491BD42}.Debug|Any CPU.ActiveCfg = Debug|Any CPU
		{97FF038B-C54B-4337-BDB4-2DE8E491BD42}.Debug|Any CPU.Build.0 = Debug|Any CPU
		{97FF038B-C54B-4337-BDB4-2DE8E491BD42}.Release|Any CPU.ActiveCfg = Release|Any CPU
		{97FF038B-C54B-4337-BDB4-2DE8E491BD42}.Release|Any CPU.Build.0 = Release|Any CPU
		{3231E082-2CDA-4754-8D9C-D18A8A1E7503}.Debug|Any CPU.ActiveCfg = Debug|Any CPU
		{3231E082-2CDA-4754-8D9C-D18A8A1E7503}.Debug|Any CPU.Build.0 = Debug|Any CPU
		{3231E082-2CDA-4754-8D9C-D18A8A1E7503}.Release|Any CPU.ActiveCfg = Release|Any CPU
		{3231E082-2CDA-4754-8D9C-D18A8A1E7503}.Release|Any CPU.Build.0 = Release|Any CPU
		{CD89DFFF-B143-4171-855C-DAFBA0F0499D}.Debug|Any CPU.ActiveCfg = Debug|Any CPU
		{CD89DFFF-B143-4171-855C-DAFBA0F0499D}.Debug|Any CPU.Build.0 = Debug|Any CPU
		{CD89DFFF-B143-4171-855C-DAFBA0F0499D}.Release|Any CPU.ActiveCfg = Release|Any CPU
		{CD89DFFF-B143-4171-855C-DAFBA0F0499D}.Release|Any CPU.Build.0 = Release|Any CPU
		{33E491CB-C27F-4335-BC49-100CBB4CC5FC}.Debug|Any CPU.ActiveCfg = Debug|Any CPU
		{33E491CB-C27F-4335-BC49-100CBB4CC5FC}.Debug|Any CPU.Build.0 = Debug|Any CPU
		{33E491CB-C27F-4335-BC49-100CBB4CC5FC}.Release|Any CPU.ActiveCfg = Release|Any CPU
		{33E491CB-C27F-4335-BC49-100CBB4CC5FC}.Release|Any CPU.Build.0 = Release|Any CPU
		{B3F9EC28-9BDA-48F7-B1A3-ABD57D9BFA10}.Debug|Any CPU.ActiveCfg = Debug|Any CPU
		{B3F9EC28-9BDA-48F7-B1A3-ABD57D9BFA10}.Debug|Any CPU.Build.0 = Debug|Any CPU
		{B3F9EC28-9BDA-48F7-B1A3-ABD57D9BFA10}.Release|Any CPU.ActiveCfg = Release|Any CPU
		{B3F9EC28-9BDA-48F7-B1A3-ABD57D9BFA10}.Release|Any CPU.Build.0 = Release|Any CPU
		{88B44283-DEE3-413A-AD3B-EF4DF76DAD41}.Debug|Any CPU.ActiveCfg = Debug|Any CPU
		{88B44283-DEE3-413A-AD3B-EF4DF76DAD41}.Debug|Any CPU.Build.0 = Debug|Any CPU
		{88B44283-DEE3-413A-AD3B-EF4DF76DAD41}.Release|Any CPU.ActiveCfg = Release|Any CPU
		{88B44283-DEE3-413A-AD3B-EF4DF76DAD41}.Release|Any CPU.Build.0 = Release|Any CPU
		{5A43461C-C87D-4C4E-B28C-012F72C8032C}.Debug|Any CPU.ActiveCfg = Debug|Any CPU
		{5A43461C-C87D-4C4E-B28C-012F72C8032C}.Debug|Any CPU.Build.0 = Debug|Any CPU
		{5A43461C-C87D-4C4E-B28C-012F72C8032C}.Release|Any CPU.ActiveCfg = Release|Any CPU
		{5A43461C-C87D-4C4E-B28C-012F72C8032C}.Release|Any CPU.Build.0 = Release|Any CPU
		{448209FE-1096-4A56-BC0B-FD299703C7D3}.Debug|Any CPU.ActiveCfg = Debug|Any CPU
		{448209FE-1096-4A56-BC0B-FD299703C7D3}.Debug|Any CPU.Build.0 = Debug|Any CPU
		{448209FE-1096-4A56-BC0B-FD299703C7D3}.Release|Any CPU.ActiveCfg = Release|Any CPU
		{448209FE-1096-4A56-BC0B-FD299703C7D3}.Release|Any CPU.Build.0 = Release|Any CPU
		{315D45FB-CF8D-4C9B-93FE-52F98936EA8B}.Debug|Any CPU.ActiveCfg = Debug|Any CPU
		{315D45FB-CF8D-4C9B-93FE-52F98936EA8B}.Debug|Any CPU.Build.0 = Debug|Any CPU
		{315D45FB-CF8D-4C9B-93FE-52F98936EA8B}.Release|Any CPU.ActiveCfg = Release|Any CPU
		{315D45FB-CF8D-4C9B-93FE-52F98936EA8B}.Release|Any CPU.Build.0 = Release|Any CPU
		{8A827962-4E2A-4035-9371-C0F834207791}.Debug|Any CPU.ActiveCfg = Debug|Any CPU
		{8A827962-4E2A-4035-9371-C0F834207791}.Debug|Any CPU.Build.0 = Debug|Any CPU
		{8A827962-4E2A-4035-9371-C0F834207791}.Release|Any CPU.ActiveCfg = Release|Any CPU
		{8A827962-4E2A-4035-9371-C0F834207791}.Release|Any CPU.Build.0 = Release|Any CPU
		{54565FA6-A6B3-4C02-A899-D6B38A19CFA0}.Debug|Any CPU.ActiveCfg = Debug|Any CPU
		{54565FA6-A6B3-4C02-A899-D6B38A19CFA0}.Debug|Any CPU.Build.0 = Debug|Any CPU
		{54565FA6-A6B3-4C02-A899-D6B38A19CFA0}.Release|Any CPU.ActiveCfg = Release|Any CPU
		{54565FA6-A6B3-4C02-A899-D6B38A19CFA0}.Release|Any CPU.Build.0 = Release|Any CPU
		{4C3C0A9F-2749-4128-9E67-64632A693887}.Debug|Any CPU.ActiveCfg = Debug|Any CPU
		{4C3C0A9F-2749-4128-9E67-64632A693887}.Debug|Any CPU.Build.0 = Debug|Any CPU
		{4C3C0A9F-2749-4128-9E67-64632A693887}.Release|Any CPU.ActiveCfg = Release|Any CPU
		{4C3C0A9F-2749-4128-9E67-64632A693887}.Release|Any CPU.Build.0 = Release|Any CPU
		{9A38C1CF-B868-474C-97D5-C35DD81F013F}.Debug|Any CPU.ActiveCfg = Debug|Any CPU
		{9A38C1CF-B868-474C-97D5-C35DD81F013F}.Debug|Any CPU.Build.0 = Debug|Any CPU
		{9A38C1CF-B868-474C-97D5-C35DD81F013F}.Release|Any CPU.ActiveCfg = Release|Any CPU
		{9A38C1CF-B868-474C-97D5-C35DD81F013F}.Release|Any CPU.Build.0 = Release|Any CPU
		{DF1093B1-6FD6-4AF4-B39D-39289229F933}.Debug|Any CPU.ActiveCfg = Debug|Any CPU
		{DF1093B1-6FD6-4AF4-B39D-39289229F933}.Debug|Any CPU.Build.0 = Debug|Any CPU
		{DF1093B1-6FD6-4AF4-B39D-39289229F933}.Release|Any CPU.ActiveCfg = Release|Any CPU
		{DF1093B1-6FD6-4AF4-B39D-39289229F933}.Release|Any CPU.Build.0 = Release|Any CPU
		{863FCBB4-E0E3-4D8C-8130-E672718BF202}.Debug|Any CPU.ActiveCfg = Debug|Any CPU
		{863FCBB4-E0E3-4D8C-8130-E672718BF202}.Debug|Any CPU.Build.0 = Debug|Any CPU
		{863FCBB4-E0E3-4D8C-8130-E672718BF202}.Release|Any CPU.ActiveCfg = Release|Any CPU
		{863FCBB4-E0E3-4D8C-8130-E672718BF202}.Release|Any CPU.Build.0 = Release|Any CPU
	EndGlobalSection
	GlobalSection(SolutionProperties) = preSolution
		HideSolutionNode = FALSE
	EndGlobalSection
	GlobalSection(NestedProjects) = preSolution
		{62053696-A109-49CC-8B8B-3B06A0530736} = {5DE54162-432F-43FA-808D-4BB496BB028F}
		{7C9A3A8E-FA43-4475-8D08-72B7B91A507F} = {9474634B-3A8D-4AA9-8819-326F4EBBF463}
		{9474634B-3A8D-4AA9-8819-326F4EBBF463} = {6C309D89-9205-49D5-9A30-F8F91625EE8B}
		{532ADCB5-D069-4471-A697-0E5E624285EE} = {6C309D89-9205-49D5-9A30-F8F91625EE8B}
		{DDC47990-070A-43C6-BE97-B858EC5F0E97} = {532ADCB5-D069-4471-A697-0E5E624285EE}
		{389A4A1F-152A-404F-8044-19ADBAE682F1} = {5DE54162-432F-43FA-808D-4BB496BB028F}
		{9B02EBD7-100D-4EE9-8323-044DE3D1B805} = {9474634B-3A8D-4AA9-8819-326F4EBBF463}
		{97FF038B-C54B-4337-BDB4-2DE8E491BD42} = {532ADCB5-D069-4471-A697-0E5E624285EE}
		{2FEC4ADB-A417-419C-A8F5-A780A2FBFEEC} = {6C309D89-9205-49D5-9A30-F8F91625EE8B}
		{3231E082-2CDA-4754-8D9C-D18A8A1E7503} = {2FEC4ADB-A417-419C-A8F5-A780A2FBFEEC}
		{CD89DFFF-B143-4171-855C-DAFBA0F0499D} = {2FEC4ADB-A417-419C-A8F5-A780A2FBFEEC}
		{CBF27AD1-318E-429F-B1B3-DCC806F2DA48} = {6C309D89-9205-49D5-9A30-F8F91625EE8B}
		{33E491CB-C27F-4335-BC49-100CBB4CC5FC} = {CBF27AD1-318E-429F-B1B3-DCC806F2DA48}
		{B3F9EC28-9BDA-48F7-B1A3-ABD57D9BFA10} = {CBF27AD1-318E-429F-B1B3-DCC806F2DA48}
		{1D9A9F85-9D4F-49E5-BC18-0503B684C49B} = {6C309D89-9205-49D5-9A30-F8F91625EE8B}
		{88B44283-DEE3-413A-AD3B-EF4DF76DAD41} = {1D9A9F85-9D4F-49E5-BC18-0503B684C49B}
		{5A43461C-C87D-4C4E-B28C-012F72C8032C} = {1D9A9F85-9D4F-49E5-BC18-0503B684C49B}
		{8274A13B-C48D-4ADC-8679-C117412D99E4} = {6C309D89-9205-49D5-9A30-F8F91625EE8B}
		{448209FE-1096-4A56-BC0B-FD299703C7D3} = {8274A13B-C48D-4ADC-8679-C117412D99E4}
		{315D45FB-CF8D-4C9B-93FE-52F98936EA8B} = {8274A13B-C48D-4ADC-8679-C117412D99E4}
		{8A827962-4E2A-4035-9371-C0F834207791} = {3A259C2D-5312-4BB7-9773-42CE7C81E447}
		{54565FA6-A6B3-4C02-A899-D6B38A19CFA0} = {532ADCB5-D069-4471-A697-0E5E624285EE}
		{4C3C0A9F-2749-4128-9E67-64632A693887} = {1D9A9F85-9D4F-49E5-BC18-0503B684C49B}
		{287D2415-14EA-4AD2-86FE-342E649B0F46} = {D60A6A42-8933-4A31-B14A-2783FD32468C}
		{257979FC-F7B3-4CF5-BDC4-ACA781BED356} = {D60A6A42-8933-4A31-B14A-2783FD32468C}
		{9A38C1CF-B868-474C-97D5-C35DD81F013F} = {287D2415-14EA-4AD2-86FE-342E649B0F46}
		{DF1093B1-6FD6-4AF4-B39D-39289229F933} = {257979FC-F7B3-4CF5-BDC4-ACA781BED356}
		{863FCBB4-E0E3-4D8C-8130-E672718BF202} = {61D92556-2C43-4CDA-A916-E5CC6089C19C}
	EndGlobalSection
	GlobalSection(ExtensibilityGlobals) = postSolution
		SolutionGuid = {6E814767-B621-42F5-8878-FA1A896392EF}
	EndGlobalSection
EndGlobal
