
Microsoft Visual Studio Solution File, Format Version 12.00
# Visual Studio 15
VisualStudioVersion = 15.0.26730.3
MinimumVisualStudioVersion = 10.0.40219.1
Project("{9A19103F-16F7-4668-BE54-9A1E7A4F7556}") = "NWheels.Kernel", "Core\Kernel\NWheels.Kernel\NWheels.Kernel.csproj", "{DD63F3C1-588A-4E40-999F-12852487A2FF}"
EndProject
Project("{2150E333-8FDC-42A3-9474-1A3956D46DE8}") = "Core", "Core", "{EFACFEB8-26E0-48D4-A204-48FF72E06899}"
EndProject
Project("{2150E333-8FDC-42A3-9474-1A3956D46DE8}") = "Kernel", "Kernel", "{182E6477-F5DC-454F-916F-AE3189C06E0B}"
EndProject
Project("{9A19103F-16F7-4668-BE54-9A1E7A4F7556}") = "NWheels.Kernel.UnitTests", "Core\Kernel\NWheels.Kernel.UnitTests\NWheels.Kernel.UnitTests.csproj", "{5B1652C3-E64E-4A7A-9DF8-AA6A11E2283D}"
EndProject
Project("{2150E333-8FDC-42A3-9474-1A3956D46DE8}") = "Communication", "Communication", "{F263B2A6-6BA5-4ADB-9D09-2CB71C3BBD5C}"
EndProject
Project("{2150E333-8FDC-42A3-9474-1A3956D46DE8}") = "Compilation", "Compilation", "{13D62A5F-4ED0-4D2E-8346-F5421B4FD211}"
EndProject
Project("{2150E333-8FDC-42A3-9474-1A3956D46DE8}") = "Confiugration", "Confiugration", "{C5F3DA86-0D8D-448A-A0B1-8354B85C2021}"
EndProject
Project("{2150E333-8FDC-42A3-9474-1A3956D46DE8}") = "DB", "DB", "{BD01FC00-594E-493C-BFDB-016754AA479D}"
EndProject
Project("{2150E333-8FDC-42A3-9474-1A3956D46DE8}") = "Ddd", "Ddd", "{4AAAB4BC-D5D2-4186-A5CB-BBC62ADAADCF}"
EndProject
Project("{2150E333-8FDC-42A3-9474-1A3956D46DE8}") = "Logging", "Logging", "{5DD7F3C7-5D68-42CC-82A9-0B5814C39FE6}"
EndProject
Project("{2150E333-8FDC-42A3-9474-1A3956D46DE8}") = "MetaObjects", "MetaObjects", "{6F795FD8-6ECC-427B-BFA0-5334C5D43509}"
EndProject
Project("{2150E333-8FDC-42A3-9474-1A3956D46DE8}") = "Microservices", "Microservices", "{EBB39D4A-DE6E-483B-AAAC-E2470CC2EEBF}"
EndProject
Project("{2150E333-8FDC-42A3-9474-1A3956D46DE8}") = "RestApi", "RestApi", "{AE032C42-A0C1-49F5-86C4-18184986A352}"
EndProject
Project("{2150E333-8FDC-42A3-9474-1A3956D46DE8}") = "Transactions", "Transactions", "{6B1E14D0-431E-4898-82CE-D9B10DBD36AF}"
EndProject
Project("{9A19103F-16F7-4668-BE54-9A1E7A4F7556}") = "NWheels.Communication", "Core\Communication\NWheels.Communication\NWheels.Communication.csproj", "{041CD519-5128-495C-A25D-9E5A2F2915E0}"
EndProject
Project("{9A19103F-16F7-4668-BE54-9A1E7A4F7556}") = "NWheels.Communication.UnitTests", "Core\Communication\NWheels.Communication.UnitTests\NWheels.Communication.UnitTests.csproj", "{34FAA101-4B32-460E-A66C-7131BCBA280F}"
EndProject
Project("{9A19103F-16F7-4668-BE54-9A1E7A4F7556}") = "NWheels.Compilation", "Core\Compilation\NWheels.Compilation\NWheels.Compilation.csproj", "{99B41DD5-CC9C-4396-B7FA-D5C92E4E566B}"
EndProject
Project("{9A19103F-16F7-4668-BE54-9A1E7A4F7556}") = "NWheels.Compilation.UnitTests", "Core\Compilation\NWheels.Compilation.UnitTests\NWheels.Compilation.UnitTests.csproj", "{69CFAFE9-3013-466A-9F4D-49E70E590062}"
EndProject
Project("{9A19103F-16F7-4668-BE54-9A1E7A4F7556}") = "NWheels.Configuration", "Core\Configuration\NWheels.Configuration\NWheels.Configuration.csproj", "{7097D9FA-7B23-4040-8D6D-ABCA62E90817}"
EndProject
Project("{9A19103F-16F7-4668-BE54-9A1E7A4F7556}") = "NWheels.Configuration.UnitTests", "Core\Configuration\NWheels.Configuration.UnitTests\NWheels.Configuration.UnitTests.csproj", "{C91A428A-1F8B-4ABB-9E29-4CA65439F0CA}"
EndProject
Project("{9A19103F-16F7-4668-BE54-9A1E7A4F7556}") = "NWheels.DB", "Core\DB\NWheels.DB\NWheels.DB.csproj", "{259CB6A1-44E0-4874-85E8-39213EE97A17}"
EndProject
Project("{9A19103F-16F7-4668-BE54-9A1E7A4F7556}") = "NWheels.DB.UnitTests", "Core\DB\NWheels.DB.UnitTests\NWheels.DB.UnitTests.csproj", "{B550D76A-05D3-4BF3-AE8A-0469CDE319E3}"
EndProject
Project("{9A19103F-16F7-4668-BE54-9A1E7A4F7556}") = "NWheels.Ddd", "Core\Ddd\NWheels.Ddd\NWheels.Ddd.csproj", "{861C034D-7611-404D-88ED-1A083994095D}"
EndProject
Project("{9A19103F-16F7-4668-BE54-9A1E7A4F7556}") = "NWheels.Ddd.UnitTests", "Core\Ddd\NWheels.Ddd.UnitTests\NWheels.Ddd.UnitTests.csproj", "{0D6CCC0A-57F8-489E-AC01-2E426B5DED12}"
EndProject
Project("{9A19103F-16F7-4668-BE54-9A1E7A4F7556}") = "NWheels.Logging", "Core\Logging\NWheels.Logging\NWheels.Logging.csproj", "{440C204D-FFE8-408F-88C0-40CBD6761B0C}"
EndProject
Project("{9A19103F-16F7-4668-BE54-9A1E7A4F7556}") = "NWheels.Logging.UnitTests", "Core\Logging\NWheels.Logging.UnitTests\NWheels.Logging.UnitTests.csproj", "{690F4578-FACB-4001-BF1F-36DCC0F84EC2}"
EndProject
Project("{9A19103F-16F7-4668-BE54-9A1E7A4F7556}") = "NWheels.MetaObjects", "Core\MetaObjects\NWheels.MetaObjects\NWheels.MetaObjects.csproj", "{B5EAF809-09D2-45CA-9E2F-DE6FDA5B041B}"
EndProject
Project("{9A19103F-16F7-4668-BE54-9A1E7A4F7556}") = "NWheels.MetaObjects.UnitTests", "Core\MetaObjects\NWheels.MetaObjects.UnitTests\NWheels.MetaObjects.UnitTests.csproj", "{32E6D3A5-78D8-4DEA-8723-C29024A28D50}"
EndProject
Project("{9A19103F-16F7-4668-BE54-9A1E7A4F7556}") = "NWheels.Microservices", "Core\Microservices\NWheels.Microservices\NWheels.Microservices.csproj", "{57EBA938-434A-42A9-ADD1-8F8F8A80D0A2}"
EndProject
Project("{9A19103F-16F7-4668-BE54-9A1E7A4F7556}") = "NWheels.Microservices.UnitTests", "Core\Microservices\NWheels.Microservices.UnitTests\NWheels.Microservices.UnitTests.csproj", "{C85ED399-9C60-48DC-8416-C7FA4A402593}"
EndProject
Project("{9A19103F-16F7-4668-BE54-9A1E7A4F7556}") = "NWheels.RestApi", "Core\RestApi\NWheels.RestApi\NWheels.RestApi.csproj", "{FD4461BA-8098-40E7-8CAD-F33A4103CA03}"
EndProject
Project("{9A19103F-16F7-4668-BE54-9A1E7A4F7556}") = "NWheels.RestApi.UnitTests", "Core\RestApi\NWheels.RestApi.UnitTests\NWheels.RestApi.UnitTests.csproj", "{0A8086FB-D875-4178-ADA9-9F1477D3F0E5}"
EndProject
Project("{9A19103F-16F7-4668-BE54-9A1E7A4F7556}") = "NWheels.Transactions", "Core\Transactions\NWheels.Transactions\NWheels.Transactions.csproj", "{B477D6C3-19EA-4638-A9A3-98C2D8EDBAFA}"
EndProject
Project("{9A19103F-16F7-4668-BE54-9A1E7A4F7556}") = "NWheels.Transactions.UnitTests", "Core\Transactions\NWheels.Transactions.UnitTests\NWheels.Transactions.UnitTests.csproj", "{85E96D14-AF54-4F0D-9E23-41BA6A40382B}"
EndProject
Project("{2150E333-8FDC-42A3-9474-1A3956D46DE8}") = "UI", "UI", "{4E05717B-44C5-4911-95A5-9AC600E684B5}"
EndProject
Project("{9A19103F-16F7-4668-BE54-9A1E7A4F7556}") = "NWheels.UI", "Core\UI\NWheels.UI\NWheels.UI.csproj", "{175A565F-A2BD-45A5-9116-15DBC32E9B77}"
EndProject
Project("{9A19103F-16F7-4668-BE54-9A1E7A4F7556}") = "NWheels.UI.UnitTests", "Core\UI\NWheels.UI.UnitTests\NWheels.UI.UnitTests.csproj", "{D8245D83-1B6D-4B32-A25B-011A10CB2523}"
EndProject
Project("{2150E333-8FDC-42A3-9474-1A3956D46DE8}") = "Stacks", "Stacks", "{2015961E-11BD-458C-AB4D-548C2A825F5B}"
EndProject
Project("{2150E333-8FDC-42A3-9474-1A3956D46DE8}") = "Domains", "Domains", "{36782BC6-C1E1-4423-A445-F60A017DDC3C}"
EndProject
Project("{2150E333-8FDC-42A3-9474-1A3956D46DE8}") = "Samples", "Samples", "{0B59126D-6745-45E9-8AC7-ACA2596ACB5F}"
EndProject
Project("{2150E333-8FDC-42A3-9474-1A3956D46DE8}") = "UI", "UI", "{70293D83-4F4A-4C2E-A48E-8BBAA58B5731}"
EndProject
Project("{2150E333-8FDC-42A3-9474-1A3956D46DE8}") = "Communication", "Communication", "{31A193A0-FFBC-43B9-8636-1A8C1956648C}"
EndProject
Project("{2150E333-8FDC-42A3-9474-1A3956D46DE8}") = "DB", "DB", "{4DAFC834-68BA-4D92-875E-9EB86364A4AD}"
EndProject
Project("{2150E333-8FDC-42A3-9474-1A3956D46DE8}") = "RestApi", "RestApi", "{37D0113E-8B98-4716-A172-5509934C1797}"
EndProject
Project("{9A19103F-16F7-4668-BE54-9A1E7A4F7556}") = "NWheels.UI.Adapters.React", "Stacks\UI\React\NWheels.UI.Adapters.React\NWheels.UI.Adapters.React.csproj", "{57933511-A8C1-4653-BBD6-9BD40AF69D40}"
EndProject
Project("{2150E333-8FDC-42A3-9474-1A3956D46DE8}") = "React", "React", "{11058527-481F-46E8-85C0-2AEB24B05936}"
EndProject
Project("{9A19103F-16F7-4668-BE54-9A1E7A4F7556}") = "NWheels.UI.Adapters.React.Tests", "Stacks\UI\React\NWheels.UI.Adapters.React.Tests\NWheels.UI.Adapters.React.Tests.csproj", "{F4553BCF-DF07-4F30-8B8D-33296B82A648}"
EndProject
Project("{2150E333-8FDC-42A3-9474-1A3956D46DE8}") = "ReactNative", "ReactNative", "{FA8A2ED4-1696-4510-B333-A47E9FF563CB}"
EndProject
Project("{2150E333-8FDC-42A3-9474-1A3956D46DE8}") = "ElectronReact", "ElectronReact", "{FF7D4488-A9BD-4E74-87E4-A4E7758F6D03}"
EndProject
Project("{2150E333-8FDC-42A3-9474-1A3956D46DE8}") = "AspNetCore", "AspNetCore", "{D35E8A94-D779-4CC5-BCC0-0CFCBAA25689}"
EndProject
Project("{2150E333-8FDC-42A3-9474-1A3956D46DE8}") = "EFCore", "EFCore", "{334475E5-FD12-460A-BF6D-A91E978626F9}"
EndProject
Project("{2150E333-8FDC-42A3-9474-1A3956D46DE8}") = "Mongo", "Mongo", "{BAED15DB-DD63-47C5-9FFA-7F230D9232DE}"
EndProject
Project("{9A19103F-16F7-4668-BE54-9A1E7A4F7556}") = "NWheels.Communication.Adapters.AspNetCore", "Stacks\Communication\AspNetCore\NWheels.Communication.Adapters.AspNetCore\NWheels.Communication.Adapters.AspNetCore.csproj", "{DB7D352E-0FBA-4C46-B971-E67306C95DD9}"
EndProject
Project("{9A19103F-16F7-4668-BE54-9A1E7A4F7556}") = "NWheels.Communication.Adapters.AspNetCore.Tests", "Stacks\Communication\AspNetCore\NWheels.Communication.Adapters.AspNetCore.Tests\NWheels.Communication.Adapters.AspNetCore.Tests.csproj", "{D0CE565D-C1A8-4AA5-961F-7251E9279157}"
EndProject
Project("{2150E333-8FDC-42A3-9474-1A3956D46DE8}") = "AspNetCore", "AspNetCore", "{C5C403CA-23FE-4240-916E-858B4047F553}"
EndProject
Project("{FAE04EC0-301F-11D3-BF4B-00C04F79EFBC}") = "NWheels.RestApi.Adapters.AspNetCore", "Stacks\RestApi\AspNetCore\NWheels.RestApi.Adapters.AspNetCore\NWheels.RestApi.Adapters.AspNetCore.csproj", "{30923877-37EC-424D-BF53-8E3221D45974}"
EndProject
Project("{FAE04EC0-301F-11D3-BF4B-00C04F79EFBC}") = "NWheels.RestApi.Adapters.AspNetCore.Tests", "Stacks\RestApi\AspNetCore\NWheels.RestApi.Adapters.AspNetCore.Tests\NWheels.RestApi.Adapters.AspNetCore.Tests.csproj", "{8B1B4CC7-4343-4450-A031-A77098FD122B}"
EndProject
Project("{FAE04EC0-301F-11D3-BF4B-00C04F79EFBC}") = "NWheels.DB.Adapters.EFCore", "Stacks\DB\EFCore\NWheels.DB.Adapters.EFCore\NWheels.DB.Adapters.EFCore.csproj", "{7FF1B7C3-572B-4A01-8AED-861EA32D32CC}"
EndProject
Project("{FAE04EC0-301F-11D3-BF4B-00C04F79EFBC}") = "NWheels.DB.Adapters.EFCore.Tests", "Stacks\DB\EFCore\NWheels.DB.Adapters.EFCore.Tests\NWheels.DB.Adapters.EFCore.Tests.csproj", "{35C74488-D32E-432F-9487-E4B7C977A77A}"
EndProject
Project("{FAE04EC0-301F-11D3-BF4B-00C04F79EFBC}") = "NWheels.DB.Adapters.Mongo", "Stacks\DB\Mongo\NWheels.DB.Adapters.Mongo\NWheels.DB.Adapters.Mongo.csproj", "{99734B1A-0F6E-4956-ABAF-282E2DC52599}"
EndProject
Project("{9A19103F-16F7-4668-BE54-9A1E7A4F7556}") = "NWheels.DB.Adapters.Mongo.Tests", "Stacks\DB\Mongo\NWheels.DB.Adapters.Mongo.Tests\NWheels.DB.Adapters.Mongo.Tests.csproj", "{40DCEB18-71BC-49BE-BA76-47716558D6B2}"
EndProject
Global
	GlobalSection(SolutionConfigurationPlatforms) = preSolution
		Debug|Any CPU = Debug|Any CPU
		Release|Any CPU = Release|Any CPU
	EndGlobalSection
	GlobalSection(ProjectConfigurationPlatforms) = postSolution
		{DD63F3C1-588A-4E40-999F-12852487A2FF}.Debug|Any CPU.ActiveCfg = Debug|Any CPU
		{DD63F3C1-588A-4E40-999F-12852487A2FF}.Debug|Any CPU.Build.0 = Debug|Any CPU
		{DD63F3C1-588A-4E40-999F-12852487A2FF}.Release|Any CPU.ActiveCfg = Release|Any CPU
		{DD63F3C1-588A-4E40-999F-12852487A2FF}.Release|Any CPU.Build.0 = Release|Any CPU
		{5B1652C3-E64E-4A7A-9DF8-AA6A11E2283D}.Debug|Any CPU.ActiveCfg = Debug|Any CPU
		{5B1652C3-E64E-4A7A-9DF8-AA6A11E2283D}.Debug|Any CPU.Build.0 = Debug|Any CPU
		{5B1652C3-E64E-4A7A-9DF8-AA6A11E2283D}.Release|Any CPU.ActiveCfg = Release|Any CPU
		{5B1652C3-E64E-4A7A-9DF8-AA6A11E2283D}.Release|Any CPU.Build.0 = Release|Any CPU
		{041CD519-5128-495C-A25D-9E5A2F2915E0}.Debug|Any CPU.ActiveCfg = Debug|Any CPU
		{041CD519-5128-495C-A25D-9E5A2F2915E0}.Debug|Any CPU.Build.0 = Debug|Any CPU
		{041CD519-5128-495C-A25D-9E5A2F2915E0}.Release|Any CPU.ActiveCfg = Release|Any CPU
		{041CD519-5128-495C-A25D-9E5A2F2915E0}.Release|Any CPU.Build.0 = Release|Any CPU
		{34FAA101-4B32-460E-A66C-7131BCBA280F}.Debug|Any CPU.ActiveCfg = Debug|Any CPU
		{34FAA101-4B32-460E-A66C-7131BCBA280F}.Debug|Any CPU.Build.0 = Debug|Any CPU
		{34FAA101-4B32-460E-A66C-7131BCBA280F}.Release|Any CPU.ActiveCfg = Release|Any CPU
		{34FAA101-4B32-460E-A66C-7131BCBA280F}.Release|Any CPU.Build.0 = Release|Any CPU
		{99B41DD5-CC9C-4396-B7FA-D5C92E4E566B}.Debug|Any CPU.ActiveCfg = Debug|Any CPU
		{99B41DD5-CC9C-4396-B7FA-D5C92E4E566B}.Debug|Any CPU.Build.0 = Debug|Any CPU
		{99B41DD5-CC9C-4396-B7FA-D5C92E4E566B}.Release|Any CPU.ActiveCfg = Release|Any CPU
		{99B41DD5-CC9C-4396-B7FA-D5C92E4E566B}.Release|Any CPU.Build.0 = Release|Any CPU
		{69CFAFE9-3013-466A-9F4D-49E70E590062}.Debug|Any CPU.ActiveCfg = Debug|Any CPU
		{69CFAFE9-3013-466A-9F4D-49E70E590062}.Debug|Any CPU.Build.0 = Debug|Any CPU
		{69CFAFE9-3013-466A-9F4D-49E70E590062}.Release|Any CPU.ActiveCfg = Release|Any CPU
		{69CFAFE9-3013-466A-9F4D-49E70E590062}.Release|Any CPU.Build.0 = Release|Any CPU
		{7097D9FA-7B23-4040-8D6D-ABCA62E90817}.Debug|Any CPU.ActiveCfg = Debug|Any CPU
		{7097D9FA-7B23-4040-8D6D-ABCA62E90817}.Debug|Any CPU.Build.0 = Debug|Any CPU
		{7097D9FA-7B23-4040-8D6D-ABCA62E90817}.Release|Any CPU.ActiveCfg = Release|Any CPU
		{7097D9FA-7B23-4040-8D6D-ABCA62E90817}.Release|Any CPU.Build.0 = Release|Any CPU
		{C91A428A-1F8B-4ABB-9E29-4CA65439F0CA}.Debug|Any CPU.ActiveCfg = Debug|Any CPU
		{C91A428A-1F8B-4ABB-9E29-4CA65439F0CA}.Debug|Any CPU.Build.0 = Debug|Any CPU
		{C91A428A-1F8B-4ABB-9E29-4CA65439F0CA}.Release|Any CPU.ActiveCfg = Release|Any CPU
		{C91A428A-1F8B-4ABB-9E29-4CA65439F0CA}.Release|Any CPU.Build.0 = Release|Any CPU
		{259CB6A1-44E0-4874-85E8-39213EE97A17}.Debug|Any CPU.ActiveCfg = Debug|Any CPU
		{259CB6A1-44E0-4874-85E8-39213EE97A17}.Debug|Any CPU.Build.0 = Debug|Any CPU
		{259CB6A1-44E0-4874-85E8-39213EE97A17}.Release|Any CPU.ActiveCfg = Release|Any CPU
		{259CB6A1-44E0-4874-85E8-39213EE97A17}.Release|Any CPU.Build.0 = Release|Any CPU
		{B550D76A-05D3-4BF3-AE8A-0469CDE319E3}.Debug|Any CPU.ActiveCfg = Debug|Any CPU
		{B550D76A-05D3-4BF3-AE8A-0469CDE319E3}.Debug|Any CPU.Build.0 = Debug|Any CPU
		{B550D76A-05D3-4BF3-AE8A-0469CDE319E3}.Release|Any CPU.ActiveCfg = Release|Any CPU
		{B550D76A-05D3-4BF3-AE8A-0469CDE319E3}.Release|Any CPU.Build.0 = Release|Any CPU
		{861C034D-7611-404D-88ED-1A083994095D}.Debug|Any CPU.ActiveCfg = Debug|Any CPU
		{861C034D-7611-404D-88ED-1A083994095D}.Debug|Any CPU.Build.0 = Debug|Any CPU
		{861C034D-7611-404D-88ED-1A083994095D}.Release|Any CPU.ActiveCfg = Release|Any CPU
		{861C034D-7611-404D-88ED-1A083994095D}.Release|Any CPU.Build.0 = Release|Any CPU
		{0D6CCC0A-57F8-489E-AC01-2E426B5DED12}.Debug|Any CPU.ActiveCfg = Debug|Any CPU
		{0D6CCC0A-57F8-489E-AC01-2E426B5DED12}.Debug|Any CPU.Build.0 = Debug|Any CPU
		{0D6CCC0A-57F8-489E-AC01-2E426B5DED12}.Release|Any CPU.ActiveCfg = Release|Any CPU
		{0D6CCC0A-57F8-489E-AC01-2E426B5DED12}.Release|Any CPU.Build.0 = Release|Any CPU
		{440C204D-FFE8-408F-88C0-40CBD6761B0C}.Debug|Any CPU.ActiveCfg = Debug|Any CPU
		{440C204D-FFE8-408F-88C0-40CBD6761B0C}.Debug|Any CPU.Build.0 = Debug|Any CPU
		{440C204D-FFE8-408F-88C0-40CBD6761B0C}.Release|Any CPU.ActiveCfg = Release|Any CPU
		{440C204D-FFE8-408F-88C0-40CBD6761B0C}.Release|Any CPU.Build.0 = Release|Any CPU
		{690F4578-FACB-4001-BF1F-36DCC0F84EC2}.Debug|Any CPU.ActiveCfg = Debug|Any CPU
		{690F4578-FACB-4001-BF1F-36DCC0F84EC2}.Debug|Any CPU.Build.0 = Debug|Any CPU
		{690F4578-FACB-4001-BF1F-36DCC0F84EC2}.Release|Any CPU.ActiveCfg = Release|Any CPU
		{690F4578-FACB-4001-BF1F-36DCC0F84EC2}.Release|Any CPU.Build.0 = Release|Any CPU
		{B5EAF809-09D2-45CA-9E2F-DE6FDA5B041B}.Debug|Any CPU.ActiveCfg = Debug|Any CPU
		{B5EAF809-09D2-45CA-9E2F-DE6FDA5B041B}.Debug|Any CPU.Build.0 = Debug|Any CPU
		{B5EAF809-09D2-45CA-9E2F-DE6FDA5B041B}.Release|Any CPU.ActiveCfg = Release|Any CPU
		{B5EAF809-09D2-45CA-9E2F-DE6FDA5B041B}.Release|Any CPU.Build.0 = Release|Any CPU
		{32E6D3A5-78D8-4DEA-8723-C29024A28D50}.Debug|Any CPU.ActiveCfg = Debug|Any CPU
		{32E6D3A5-78D8-4DEA-8723-C29024A28D50}.Debug|Any CPU.Build.0 = Debug|Any CPU
		{32E6D3A5-78D8-4DEA-8723-C29024A28D50}.Release|Any CPU.ActiveCfg = Release|Any CPU
		{32E6D3A5-78D8-4DEA-8723-C29024A28D50}.Release|Any CPU.Build.0 = Release|Any CPU
		{57EBA938-434A-42A9-ADD1-8F8F8A80D0A2}.Debug|Any CPU.ActiveCfg = Debug|Any CPU
		{57EBA938-434A-42A9-ADD1-8F8F8A80D0A2}.Debug|Any CPU.Build.0 = Debug|Any CPU
		{57EBA938-434A-42A9-ADD1-8F8F8A80D0A2}.Release|Any CPU.ActiveCfg = Release|Any CPU
		{57EBA938-434A-42A9-ADD1-8F8F8A80D0A2}.Release|Any CPU.Build.0 = Release|Any CPU
		{C85ED399-9C60-48DC-8416-C7FA4A402593}.Debug|Any CPU.ActiveCfg = Debug|Any CPU
		{C85ED399-9C60-48DC-8416-C7FA4A402593}.Debug|Any CPU.Build.0 = Debug|Any CPU
		{C85ED399-9C60-48DC-8416-C7FA4A402593}.Release|Any CPU.ActiveCfg = Release|Any CPU
		{C85ED399-9C60-48DC-8416-C7FA4A402593}.Release|Any CPU.Build.0 = Release|Any CPU
		{FD4461BA-8098-40E7-8CAD-F33A4103CA03}.Debug|Any CPU.ActiveCfg = Debug|Any CPU
		{FD4461BA-8098-40E7-8CAD-F33A4103CA03}.Debug|Any CPU.Build.0 = Debug|Any CPU
		{FD4461BA-8098-40E7-8CAD-F33A4103CA03}.Release|Any CPU.ActiveCfg = Release|Any CPU
		{FD4461BA-8098-40E7-8CAD-F33A4103CA03}.Release|Any CPU.Build.0 = Release|Any CPU
		{0A8086FB-D875-4178-ADA9-9F1477D3F0E5}.Debug|Any CPU.ActiveCfg = Debug|Any CPU
		{0A8086FB-D875-4178-ADA9-9F1477D3F0E5}.Debug|Any CPU.Build.0 = Debug|Any CPU
		{0A8086FB-D875-4178-ADA9-9F1477D3F0E5}.Release|Any CPU.ActiveCfg = Release|Any CPU
		{0A8086FB-D875-4178-ADA9-9F1477D3F0E5}.Release|Any CPU.Build.0 = Release|Any CPU
		{B477D6C3-19EA-4638-A9A3-98C2D8EDBAFA}.Debug|Any CPU.ActiveCfg = Debug|Any CPU
		{B477D6C3-19EA-4638-A9A3-98C2D8EDBAFA}.Debug|Any CPU.Build.0 = Debug|Any CPU
		{B477D6C3-19EA-4638-A9A3-98C2D8EDBAFA}.Release|Any CPU.ActiveCfg = Release|Any CPU
		{B477D6C3-19EA-4638-A9A3-98C2D8EDBAFA}.Release|Any CPU.Build.0 = Release|Any CPU
		{85E96D14-AF54-4F0D-9E23-41BA6A40382B}.Debug|Any CPU.ActiveCfg = Debug|Any CPU
		{85E96D14-AF54-4F0D-9E23-41BA6A40382B}.Debug|Any CPU.Build.0 = Debug|Any CPU
		{85E96D14-AF54-4F0D-9E23-41BA6A40382B}.Release|Any CPU.ActiveCfg = Release|Any CPU
		{85E96D14-AF54-4F0D-9E23-41BA6A40382B}.Release|Any CPU.Build.0 = Release|Any CPU
		{175A565F-A2BD-45A5-9116-15DBC32E9B77}.Debug|Any CPU.ActiveCfg = Debug|Any CPU
		{175A565F-A2BD-45A5-9116-15DBC32E9B77}.Debug|Any CPU.Build.0 = Debug|Any CPU
		{175A565F-A2BD-45A5-9116-15DBC32E9B77}.Release|Any CPU.ActiveCfg = Release|Any CPU
		{175A565F-A2BD-45A5-9116-15DBC32E9B77}.Release|Any CPU.Build.0 = Release|Any CPU
		{D8245D83-1B6D-4B32-A25B-011A10CB2523}.Debug|Any CPU.ActiveCfg = Debug|Any CPU
		{D8245D83-1B6D-4B32-A25B-011A10CB2523}.Debug|Any CPU.Build.0 = Debug|Any CPU
		{D8245D83-1B6D-4B32-A25B-011A10CB2523}.Release|Any CPU.ActiveCfg = Release|Any CPU
		{D8245D83-1B6D-4B32-A25B-011A10CB2523}.Release|Any CPU.Build.0 = Release|Any CPU
		{57933511-A8C1-4653-BBD6-9BD40AF69D40}.Debug|Any CPU.ActiveCfg = Debug|Any CPU
		{57933511-A8C1-4653-BBD6-9BD40AF69D40}.Debug|Any CPU.Build.0 = Debug|Any CPU
		{57933511-A8C1-4653-BBD6-9BD40AF69D40}.Release|Any CPU.ActiveCfg = Release|Any CPU
		{57933511-A8C1-4653-BBD6-9BD40AF69D40}.Release|Any CPU.Build.0 = Release|Any CPU
		{F4553BCF-DF07-4F30-8B8D-33296B82A648}.Debug|Any CPU.ActiveCfg = Debug|Any CPU
		{F4553BCF-DF07-4F30-8B8D-33296B82A648}.Debug|Any CPU.Build.0 = Debug|Any CPU
		{F4553BCF-DF07-4F30-8B8D-33296B82A648}.Release|Any CPU.ActiveCfg = Release|Any CPU
		{F4553BCF-DF07-4F30-8B8D-33296B82A648}.Release|Any CPU.Build.0 = Release|Any CPU
		{DB7D352E-0FBA-4C46-B971-E67306C95DD9}.Debug|Any CPU.ActiveCfg = Debug|Any CPU
		{DB7D352E-0FBA-4C46-B971-E67306C95DD9}.Debug|Any CPU.Build.0 = Debug|Any CPU
		{DB7D352E-0FBA-4C46-B971-E67306C95DD9}.Release|Any CPU.ActiveCfg = Release|Any CPU
		{DB7D352E-0FBA-4C46-B971-E67306C95DD9}.Release|Any CPU.Build.0 = Release|Any CPU
		{D0CE565D-C1A8-4AA5-961F-7251E9279157}.Debug|Any CPU.ActiveCfg = Debug|Any CPU
		{D0CE565D-C1A8-4AA5-961F-7251E9279157}.Debug|Any CPU.Build.0 = Debug|Any CPU
		{D0CE565D-C1A8-4AA5-961F-7251E9279157}.Release|Any CPU.ActiveCfg = Release|Any CPU
		{D0CE565D-C1A8-4AA5-961F-7251E9279157}.Release|Any CPU.Build.0 = Release|Any CPU
		{30923877-37EC-424D-BF53-8E3221D45974}.Debug|Any CPU.ActiveCfg = Debug|Any CPU
		{30923877-37EC-424D-BF53-8E3221D45974}.Debug|Any CPU.Build.0 = Debug|Any CPU
		{30923877-37EC-424D-BF53-8E3221D45974}.Release|Any CPU.ActiveCfg = Release|Any CPU
		{30923877-37EC-424D-BF53-8E3221D45974}.Release|Any CPU.Build.0 = Release|Any CPU
		{8B1B4CC7-4343-4450-A031-A77098FD122B}.Debug|Any CPU.ActiveCfg = Debug|Any CPU
		{8B1B4CC7-4343-4450-A031-A77098FD122B}.Debug|Any CPU.Build.0 = Debug|Any CPU
		{8B1B4CC7-4343-4450-A031-A77098FD122B}.Release|Any CPU.ActiveCfg = Release|Any CPU
		{8B1B4CC7-4343-4450-A031-A77098FD122B}.Release|Any CPU.Build.0 = Release|Any CPU
		{7FF1B7C3-572B-4A01-8AED-861EA32D32CC}.Debug|Any CPU.ActiveCfg = Debug|Any CPU
		{7FF1B7C3-572B-4A01-8AED-861EA32D32CC}.Debug|Any CPU.Build.0 = Debug|Any CPU
		{7FF1B7C3-572B-4A01-8AED-861EA32D32CC}.Release|Any CPU.ActiveCfg = Release|Any CPU
		{7FF1B7C3-572B-4A01-8AED-861EA32D32CC}.Release|Any CPU.Build.0 = Release|Any CPU
		{35C74488-D32E-432F-9487-E4B7C977A77A}.Debug|Any CPU.ActiveCfg = Debug|Any CPU
		{35C74488-D32E-432F-9487-E4B7C977A77A}.Debug|Any CPU.Build.0 = Debug|Any CPU
		{35C74488-D32E-432F-9487-E4B7C977A77A}.Release|Any CPU.ActiveCfg = Release|Any CPU
		{35C74488-D32E-432F-9487-E4B7C977A77A}.Release|Any CPU.Build.0 = Release|Any CPU
		{99734B1A-0F6E-4956-ABAF-282E2DC52599}.Debug|Any CPU.ActiveCfg = Debug|Any CPU
		{99734B1A-0F6E-4956-ABAF-282E2DC52599}.Debug|Any CPU.Build.0 = Debug|Any CPU
		{99734B1A-0F6E-4956-ABAF-282E2DC52599}.Release|Any CPU.ActiveCfg = Release|Any CPU
		{99734B1A-0F6E-4956-ABAF-282E2DC52599}.Release|Any CPU.Build.0 = Release|Any CPU
		{40DCEB18-71BC-49BE-BA76-47716558D6B2}.Debug|Any CPU.ActiveCfg = Debug|Any CPU
		{40DCEB18-71BC-49BE-BA76-47716558D6B2}.Debug|Any CPU.Build.0 = Debug|Any CPU
		{40DCEB18-71BC-49BE-BA76-47716558D6B2}.Release|Any CPU.ActiveCfg = Release|Any CPU
		{40DCEB18-71BC-49BE-BA76-47716558D6B2}.Release|Any CPU.Build.0 = Release|Any CPU
	EndGlobalSection
	GlobalSection(SolutionProperties) = preSolution
		HideSolutionNode = FALSE
	EndGlobalSection
	GlobalSection(NestedProjects) = preSolution
		{DD63F3C1-588A-4E40-999F-12852487A2FF} = {182E6477-F5DC-454F-916F-AE3189C06E0B}
		{182E6477-F5DC-454F-916F-AE3189C06E0B} = {EFACFEB8-26E0-48D4-A204-48FF72E06899}
		{5B1652C3-E64E-4A7A-9DF8-AA6A11E2283D} = {182E6477-F5DC-454F-916F-AE3189C06E0B}
		{F263B2A6-6BA5-4ADB-9D09-2CB71C3BBD5C} = {EFACFEB8-26E0-48D4-A204-48FF72E06899}
		{13D62A5F-4ED0-4D2E-8346-F5421B4FD211} = {EFACFEB8-26E0-48D4-A204-48FF72E06899}
		{C5F3DA86-0D8D-448A-A0B1-8354B85C2021} = {EFACFEB8-26E0-48D4-A204-48FF72E06899}
		{BD01FC00-594E-493C-BFDB-016754AA479D} = {EFACFEB8-26E0-48D4-A204-48FF72E06899}
		{4AAAB4BC-D5D2-4186-A5CB-BBC62ADAADCF} = {EFACFEB8-26E0-48D4-A204-48FF72E06899}
		{5DD7F3C7-5D68-42CC-82A9-0B5814C39FE6} = {EFACFEB8-26E0-48D4-A204-48FF72E06899}
		{6F795FD8-6ECC-427B-BFA0-5334C5D43509} = {EFACFEB8-26E0-48D4-A204-48FF72E06899}
		{EBB39D4A-DE6E-483B-AAAC-E2470CC2EEBF} = {EFACFEB8-26E0-48D4-A204-48FF72E06899}
		{AE032C42-A0C1-49F5-86C4-18184986A352} = {EFACFEB8-26E0-48D4-A204-48FF72E06899}
		{6B1E14D0-431E-4898-82CE-D9B10DBD36AF} = {EFACFEB8-26E0-48D4-A204-48FF72E06899}
		{041CD519-5128-495C-A25D-9E5A2F2915E0} = {F263B2A6-6BA5-4ADB-9D09-2CB71C3BBD5C}
		{34FAA101-4B32-460E-A66C-7131BCBA280F} = {F263B2A6-6BA5-4ADB-9D09-2CB71C3BBD5C}
		{99B41DD5-CC9C-4396-B7FA-D5C92E4E566B} = {13D62A5F-4ED0-4D2E-8346-F5421B4FD211}
		{69CFAFE9-3013-466A-9F4D-49E70E590062} = {13D62A5F-4ED0-4D2E-8346-F5421B4FD211}
		{7097D9FA-7B23-4040-8D6D-ABCA62E90817} = {C5F3DA86-0D8D-448A-A0B1-8354B85C2021}
		{C91A428A-1F8B-4ABB-9E29-4CA65439F0CA} = {C5F3DA86-0D8D-448A-A0B1-8354B85C2021}
		{259CB6A1-44E0-4874-85E8-39213EE97A17} = {BD01FC00-594E-493C-BFDB-016754AA479D}
		{B550D76A-05D3-4BF3-AE8A-0469CDE319E3} = {BD01FC00-594E-493C-BFDB-016754AA479D}
		{861C034D-7611-404D-88ED-1A083994095D} = {4AAAB4BC-D5D2-4186-A5CB-BBC62ADAADCF}
		{0D6CCC0A-57F8-489E-AC01-2E426B5DED12} = {4AAAB4BC-D5D2-4186-A5CB-BBC62ADAADCF}
		{440C204D-FFE8-408F-88C0-40CBD6761B0C} = {5DD7F3C7-5D68-42CC-82A9-0B5814C39FE6}
		{690F4578-FACB-4001-BF1F-36DCC0F84EC2} = {5DD7F3C7-5D68-42CC-82A9-0B5814C39FE6}
		{B5EAF809-09D2-45CA-9E2F-DE6FDA5B041B} = {6F795FD8-6ECC-427B-BFA0-5334C5D43509}
		{32E6D3A5-78D8-4DEA-8723-C29024A28D50} = {6F795FD8-6ECC-427B-BFA0-5334C5D43509}
		{57EBA938-434A-42A9-ADD1-8F8F8A80D0A2} = {EBB39D4A-DE6E-483B-AAAC-E2470CC2EEBF}
		{C85ED399-9C60-48DC-8416-C7FA4A402593} = {EBB39D4A-DE6E-483B-AAAC-E2470CC2EEBF}
		{FD4461BA-8098-40E7-8CAD-F33A4103CA03} = {AE032C42-A0C1-49F5-86C4-18184986A352}
		{0A8086FB-D875-4178-ADA9-9F1477D3F0E5} = {AE032C42-A0C1-49F5-86C4-18184986A352}
		{B477D6C3-19EA-4638-A9A3-98C2D8EDBAFA} = {6B1E14D0-431E-4898-82CE-D9B10DBD36AF}
		{85E96D14-AF54-4F0D-9E23-41BA6A40382B} = {6B1E14D0-431E-4898-82CE-D9B10DBD36AF}
		{4E05717B-44C5-4911-95A5-9AC600E684B5} = {EFACFEB8-26E0-48D4-A204-48FF72E06899}
		{175A565F-A2BD-45A5-9116-15DBC32E9B77} = {4E05717B-44C5-4911-95A5-9AC600E684B5}
		{D8245D83-1B6D-4B32-A25B-011A10CB2523} = {4E05717B-44C5-4911-95A5-9AC600E684B5}
		{70293D83-4F4A-4C2E-A48E-8BBAA58B5731} = {2015961E-11BD-458C-AB4D-548C2A825F5B}
		{31A193A0-FFBC-43B9-8636-1A8C1956648C} = {2015961E-11BD-458C-AB4D-548C2A825F5B}
		{4DAFC834-68BA-4D92-875E-9EB86364A4AD} = {2015961E-11BD-458C-AB4D-548C2A825F5B}
		{37D0113E-8B98-4716-A172-5509934C1797} = {2015961E-11BD-458C-AB4D-548C2A825F5B}
		{57933511-A8C1-4653-BBD6-9BD40AF69D40} = {11058527-481F-46E8-85C0-2AEB24B05936}
		{11058527-481F-46E8-85C0-2AEB24B05936} = {70293D83-4F4A-4C2E-A48E-8BBAA58B5731}
		{F4553BCF-DF07-4F30-8B8D-33296B82A648} = {11058527-481F-46E8-85C0-2AEB24B05936}
		{FA8A2ED4-1696-4510-B333-A47E9FF563CB} = {70293D83-4F4A-4C2E-A48E-8BBAA58B5731}
		{FF7D4488-A9BD-4E74-87E4-A4E7758F6D03} = {70293D83-4F4A-4C2E-A48E-8BBAA58B5731}
		{D35E8A94-D779-4CC5-BCC0-0CFCBAA25689} = {31A193A0-FFBC-43B9-8636-1A8C1956648C}
		{334475E5-FD12-460A-BF6D-A91E978626F9} = {4DAFC834-68BA-4D92-875E-9EB86364A4AD}
		{BAED15DB-DD63-47C5-9FFA-7F230D9232DE} = {4DAFC834-68BA-4D92-875E-9EB86364A4AD}
		{DB7D352E-0FBA-4C46-B971-E67306C95DD9} = {D35E8A94-D779-4CC5-BCC0-0CFCBAA25689}
		{D0CE565D-C1A8-4AA5-961F-7251E9279157} = {D35E8A94-D779-4CC5-BCC0-0CFCBAA25689}
		{C5C403CA-23FE-4240-916E-858B4047F553} = {37D0113E-8B98-4716-A172-5509934C1797}
		{30923877-37EC-424D-BF53-8E3221D45974} = {C5C403CA-23FE-4240-916E-858B4047F553}
		{8B1B4CC7-4343-4450-A031-A77098FD122B} = {C5C403CA-23FE-4240-916E-858B4047F553}
		{7FF1B7C3-572B-4A01-8AED-861EA32D32CC} = {334475E5-FD12-460A-BF6D-A91E978626F9}
		{35C74488-D32E-432F-9487-E4B7C977A77A} = {334475E5-FD12-460A-BF6D-A91E978626F9}
		{99734B1A-0F6E-4956-ABAF-282E2DC52599} = {BAED15DB-DD63-47C5-9FFA-7F230D9232DE}
		{40DCEB18-71BC-49BE-BA76-47716558D6B2} = {BAED15DB-DD63-47C5-9FFA-7F230D9232DE}
	EndGlobalSection
	GlobalSection(ExtensibilityGlobals) = postSolution
		SolutionGuid = {7914DFB9-9EE0-47AA-AA5C-24984FEF0557}
	EndGlobalSection
EndGlobal
