
Microsoft Visual Studio Solution File, Format Version 12.00
# Visual Studio 15
VisualStudioVersion = 15.0.26730.3
MinimumVisualStudioVersion = 10.0.40219.1
Project("{2150E333-8FDC-42A3-9474-1A3956D46DE8}") = "Core", "Core", "{B073C7ED-7837-4958-8E95-90AC27E12AD4}"
EndProject
Project("{2150E333-8FDC-42A3-9474-1A3956D46DE8}") = "Stacks", "Stacks", "{3E790F8C-1156-449A-AB1D-C23CB47347EA}"
EndProject
Project("{2150E333-8FDC-42A3-9474-1A3956D46DE8}") = "Domains", "Domains", "{77CFB84C-2199-46F9-B65E-0E0DF24CD4E2}"
EndProject
Project("{2150E333-8FDC-42A3-9474-1A3956D46DE8}") = "Samples", "Samples", "{593DBE15-EEAC-4D60-8C38-CAFA5E7FDA62}"
EndProject
Project("{9A19103F-16F7-4668-BE54-9A1E7A4F7556}") = "NWheels.Kernel", "NWheels.Kernel\NWheels.Kernel.csproj", "{37DB51B8-039F-477B-9586-52064D126C42}"
EndProject
Project("{2150E333-8FDC-42A3-9474-1A3956D46DE8}") = "Kernel", "Kernel", "{1CB1833A-44B8-4415-8762-FF0267D9FB9B}"
EndProject
Project("{9A19103F-16F7-4668-BE54-9A1E7A4F7556}") = "NWheels.Kernel.UnitTests", "NWheels.Kernel.UnitTests\NWheels.Kernel.UnitTests.csproj", "{7EFA7648-9F55-4B7E-BFE9-078AFCCC1709}"
EndProject
Project("{2150E333-8FDC-42A3-9474-1A3956D46DE8}") = "Compilation", "Compilation", "{D8C4CDD3-E706-4F38-BBA2-31E8DCF7B7C4}"
EndProject
Project("{2150E333-8FDC-42A3-9474-1A3956D46DE8}") = "Microservices", "Microservices", "{8ED5EE87-F865-442F-845C-678D717DD3B2}"
EndProject
Project("{2150E333-8FDC-42A3-9474-1A3956D46DE8}") = "MetaObjects", "MetaObjects", "{F481A6EE-D70E-4440-AE61-C0ACED1B5DCB}"
EndProject
Project("{2150E333-8FDC-42A3-9474-1A3956D46DE8}") = "Logging", "Logging", "{9B7F7420-4A51-4300-B23F-C64EE36F4FF4}"
EndProject
Project("{2150E333-8FDC-42A3-9474-1A3956D46DE8}") = "Configuration", "Configuration", "{E4AA78B9-23A8-4C2B-A99B-47F8B45D890F}"
EndProject
Project("{2150E333-8FDC-42A3-9474-1A3956D46DE8}") = "Transactions", "Transactions", "{93D0A691-59D4-4362-97EB-C5C179592520}"
EndProject
Project("{2150E333-8FDC-42A3-9474-1A3956D46DE8}") = "RestApi", "RestApi", "{55C3E9DC-C664-423C-AB69-A5BF68A0FC24}"
EndProject
Project("{2150E333-8FDC-42A3-9474-1A3956D46DE8}") = "DB", "DB", "{F4A9AE69-5C9C-41B7-B25E-56EDBFCB51EC}"
EndProject
Project("{2150E333-8FDC-42A3-9474-1A3956D46DE8}") = "Ddd", "Ddd", "{0DF2F4E9-1EA6-4648-9B16-58D78952BC53}"
EndProject
Project("{2150E333-8FDC-42A3-9474-1A3956D46DE8}") = "UI", "UI", "{F5C88D8C-B480-4ED1-9207-B9F5D299AB1A}"
EndProject
Project("{9A19103F-16F7-4668-BE54-9A1E7A4F7556}") = "NWheels.Compilation", "NWheels.Compilation\NWheels.Compilation.csproj", "{A554D2A8-7D36-4724-975F-5BE6E01ADCDF}"
EndProject
Project("{9A19103F-16F7-4668-BE54-9A1E7A4F7556}") = "NWheels.Compilation.UnitTests", "NWheels.Compilation.UnitTests\NWheels.Compilation.UnitTests.csproj", "{2F3D672D-17EA-4C98-81DF-B2D1ABFE8016}"
EndProject
Project("{9A19103F-16F7-4668-BE54-9A1E7A4F7556}") = "NWheels.MetaObjects", "NWheels.MetaObjects\NWheels.MetaObjects.csproj", "{4C930FE4-4B74-4304-99CD-5D6D9098CDD4}"
EndProject
Project("{9A19103F-16F7-4668-BE54-9A1E7A4F7556}") = "NWheels.MetaObjects.UnitTests", "NWheels.MetaObjects.UnitTests\NWheels.MetaObjects.UnitTests.csproj", "{5BC6D01A-70D1-4F99-93E2-ECA7D52D2E9D}"
EndProject
Project("{9A19103F-16F7-4668-BE54-9A1E7A4F7556}") = "NWheels.Microservices", "NWheels.Microservices\NWheels.Microservices.csproj", "{94D8741B-B81A-4E5A-AF15-2B6E395403FA}"
EndProject
Project("{9A19103F-16F7-4668-BE54-9A1E7A4F7556}") = "NWheels.Microservices.UnitTests", "NWheels.Microservices.UnitTests\NWheels.Microservices.UnitTests.csproj", "{D0EA42F5-72EF-4911-BFF6-88BEBFB4D683}"
EndProject
Project("{9A19103F-16F7-4668-BE54-9A1E7A4F7556}") = "NWheels.Logging", "NWheels.Logging\NWheels.Logging.csproj", "{4FA65EBB-A5DF-4DEA-B943-722121CA8A0E}"
EndProject
Project("{9A19103F-16F7-4668-BE54-9A1E7A4F7556}") = "NWheels.Logging.UnitTests", "NWheels.Logging.UnitTests\NWheels.Logging.UnitTests.csproj", "{B2CEF596-38D6-4B00-A700-10F6FB937EF1}"
EndProject
Project("{9A19103F-16F7-4668-BE54-9A1E7A4F7556}") = "NWheels.Configuration", "NWheels.Configuration\NWheels.Configuration.csproj", "{122208CA-0A4E-4BDF-8FCD-983C1D0C1276}"
EndProject
Project("{9A19103F-16F7-4668-BE54-9A1E7A4F7556}") = "NWheels.Configuration.UnitTests", "NWheels.Configuration.UnitTests\NWheels.Configuration.UnitTests.csproj", "{D150C4A0-A840-4003-A8ED-2C3D1410A95F}"
EndProject
Project("{9A19103F-16F7-4668-BE54-9A1E7A4F7556}") = "NWheels.Transactions", "NWheels.Transactions\NWheels.Transactions.csproj", "{0BEDD7BA-0533-4185-831E-3563BBC16999}"
EndProject
Project("{2150E333-8FDC-42A3-9474-1A3956D46DE8}") = "Communication", "Communication", "{55C55E0F-43AA-4E1B-83CD-32B151C528EA}"
EndProject
Project("{9A19103F-16F7-4668-BE54-9A1E7A4F7556}") = "NWheels.Communication", "NWheels.Communication\NWheels.Communication.csproj", "{BC9A3D90-1F04-409A-B8E1-AB9DF3371DEF}"
EndProject
Project("{9A19103F-16F7-4668-BE54-9A1E7A4F7556}") = "NWheels.RestApi", "NWheels.RestApi\NWheels.RestApi.csproj", "{73EB2147-792D-4A8D-BB36-B00FC381EE6E}"
EndProject
Project("{9A19103F-16F7-4668-BE54-9A1E7A4F7556}") = "NWheels.DB", "NWheels.DB\NWheels.DB.csproj", "{0BA9CB27-8090-460D-9EA3-15D90309C4E1}"
EndProject
Project("{9A19103F-16F7-4668-BE54-9A1E7A4F7556}") = "NWheels.UI", "NWheels.UI\NWheels.UI.csproj", "{A85FEE5B-79CB-45EC-9343-4DA0D9A2CD7F}"
EndProject
Project("{9A19103F-16F7-4668-BE54-9A1E7A4F7556}") = "NWheels.Ddd", "NWheels.Ddd\NWheels.Ddd.csproj", "{CC6063CD-9771-4E1C-B387-D543106C197E}"
EndProject
Project("{2150E333-8FDC-42A3-9474-1A3956D46DE8}") = "HelloWorld", "HelloWorld", "{BF4ECDAD-E547-4AF3-B652-79AE3AA3EB41}"
EndProject
Project("{9A19103F-16F7-4668-BE54-9A1E7A4F7556}") = "NWheels.Samples.HelloWorld.HelloService", "NWheels.Samples.HelloWorld.HelloService\NWheels.Samples.HelloWorld.HelloService.csproj", "{1FE605C7-988B-4409-BBFF-59D9C6FC00F2}"
EndProject
Project("{2150E333-8FDC-42A3-9474-1A3956D46DE8}") = "UI.Adapters.Angular", "UI.Adapters.Angular", "{7CC29D7B-BA19-4FAB-B04D-58339ECDD5B0}"
EndProject
Project("{2150E333-8FDC-42A3-9474-1A3956D46DE8}") = "UI.Adapters.React", "UI.Adapters.React", "{C3D8733E-0ED3-4CAD-9D17-68EA6B11E34B}"
EndProject
Project("{2150E333-8FDC-42A3-9474-1A3956D46DE8}") = "Communication.Adapters.AspNetCore", "Communication.Adapters.AspNetCore", "{FD729212-3CD0-4549-BA08-B00DB1B87C15}"
EndProject
Project("{2150E333-8FDC-42A3-9474-1A3956D46DE8}") = "RestApi.Adapters.AspNetCore", "RestApi.Adapters.AspNetCore", "{60E803D8-ED74-4F4A-803D-3A564481FDB5}"
EndProject
Project("{2150E333-8FDC-42A3-9474-1A3956D46DE8}") = "Microservices.Adapters.Docker", "Microservices.Adapters.Docker", "{A9DC9A9F-2E37-4BFB-9424-D7D9217B9FA3}"
EndProject
Project("{2150E333-8FDC-42A3-9474-1A3956D46DE8}") = "DB.Adapters.EFCore", "DB.Adapters.EFCore", "{DA361E38-A1B7-4E5F-BA2D-7D1587BE698F}"
EndProject
Project("{2150E333-8FDC-42A3-9474-1A3956D46DE8}") = "DB.Adapters.Mongo", "DB.Adapters.Mongo", "{D7BDA225-532A-4063-B4F7-125666E81BE1}"
EndProject
Project("{2150E333-8FDC-42A3-9474-1A3956D46DE8}") = "UI.Adapters.ReactNative", "UI.Adapters.ReactNative", "{3BF6C990-6381-4D23-9D4E-410E29533E71}"
EndProject
Project("{9A19103F-16F7-4668-BE54-9A1E7A4F7556}") = "NWheels.Communication.UnitTests", "NWheels.Communication.UnitTests\NWheels.Communication.UnitTests.csproj", "{60E74180-E873-4A2F-AEA5-56CC6CC58F1B}"
EndProject
Project("{9A19103F-16F7-4668-BE54-9A1E7A4F7556}") = "NWheels.DB.UnitTests", "NWheels.DB.UnitTests\NWheels.DB.UnitTests.csproj", "{B1FE231C-06F8-48B8-BFE3-A5A5B990F758}"
EndProject
Project("{9A19103F-16F7-4668-BE54-9A1E7A4F7556}") = "NWheels.Ddd.UnitTests", "NWheels.Ddd.UnitTests\NWheels.Ddd.UnitTests.csproj", "{3092B433-8154-48B5-9001-870A4D9E4780}"
EndProject
Project("{9A19103F-16F7-4668-BE54-9A1E7A4F7556}") = "NWheels.RestApi.UnitTests", "NWheels.RestApi.UnitTests\NWheels.RestApi.UnitTests.csproj", "{25472AAB-EF6E-44F8-9184-FB0D1577FE95}"
EndProject
Project("{9A19103F-16F7-4668-BE54-9A1E7A4F7556}") = "NWheels.Transactions.UnitTests", "NWheels.Transactions.UnitTests\NWheels.Transactions.UnitTests.csproj", "{39303480-9B4D-43D2-8285-F5FEA7A27303}"
EndProject
Project("{9A19103F-16F7-4668-BE54-9A1E7A4F7556}") = "NWheels.UI.UnitTests", "NWheels.UI.UnitTests\NWheels.UI.UnitTests.csproj", "{743E0263-8C0E-4656-AC3A-8A9A3D5E7008}"
EndProject
Project("{9A19103F-16F7-4668-BE54-9A1E7A4F7556}") = "NWheels.Samples.HelloWorld.Tests", "NWheels.Samples.HelloWorld.Tests\NWheels.Samples.HelloWorld.Tests.csproj", "{832A8F09-76FE-43D5-871F-28466258C38D}"
EndProject
Project("{9A19103F-16F7-4668-BE54-9A1E7A4F7556}") = "NWheels.Communication.Adapters.AspNetCore", "NWheels.Communication.Adapters.AspNetCore\NWheels.Communication.Adapters.AspNetCore.csproj", "{A2B3B326-431F-48EF-9E41-523CD24E39DF}"
EndProject
Project("{9A19103F-16F7-4668-BE54-9A1E7A4F7556}") = "NWheels.Communication.Adapters.AspNetCore.Tests", "NWheels.Communication.Adapters.AspNetCore.Tests\NWheels.Communication.Adapters.AspNetCore.Tests.csproj", "{857B117D-192A-401A-8597-18D5648C71CC}"
EndProject
Project("{FAE04EC0-301F-11D3-BF4B-00C04F79EFBC}") = "NWheels.UI.Adapters.React", "NWheels.UI.Adapters.React\NWheels.UI.Adapters.React.csproj", "{F9AEB74E-CC3B-43D8-95E1-982E46B137E0}"
EndProject
Project("{FAE04EC0-301F-11D3-BF4B-00C04F79EFBC}") = "NWheels.UI.Adapters.React.Tests", "NWheels.UI.Adapters.React.Tests\NWheels.UI.Adapters.React.Tests.csproj", "{2442DC03-ADBC-4893-9B4F-2FA6B6862B8C}"
EndProject
Global
	GlobalSection(SolutionConfigurationPlatforms) = preSolution
		Debug|Any CPU = Debug|Any CPU
		Release|Any CPU = Release|Any CPU
	EndGlobalSection
	GlobalSection(ProjectConfigurationPlatforms) = postSolution
		{37DB51B8-039F-477B-9586-52064D126C42}.Debug|Any CPU.ActiveCfg = Debug|Any CPU
		{37DB51B8-039F-477B-9586-52064D126C42}.Debug|Any CPU.Build.0 = Debug|Any CPU
		{37DB51B8-039F-477B-9586-52064D126C42}.Release|Any CPU.ActiveCfg = Release|Any CPU
		{37DB51B8-039F-477B-9586-52064D126C42}.Release|Any CPU.Build.0 = Release|Any CPU
		{7EFA7648-9F55-4B7E-BFE9-078AFCCC1709}.Debug|Any CPU.ActiveCfg = Debug|Any CPU
		{7EFA7648-9F55-4B7E-BFE9-078AFCCC1709}.Debug|Any CPU.Build.0 = Debug|Any CPU
		{7EFA7648-9F55-4B7E-BFE9-078AFCCC1709}.Release|Any CPU.ActiveCfg = Release|Any CPU
		{7EFA7648-9F55-4B7E-BFE9-078AFCCC1709}.Release|Any CPU.Build.0 = Release|Any CPU
		{A554D2A8-7D36-4724-975F-5BE6E01ADCDF}.Debug|Any CPU.ActiveCfg = Debug|Any CPU
		{A554D2A8-7D36-4724-975F-5BE6E01ADCDF}.Debug|Any CPU.Build.0 = Debug|Any CPU
		{A554D2A8-7D36-4724-975F-5BE6E01ADCDF}.Release|Any CPU.ActiveCfg = Release|Any CPU
		{A554D2A8-7D36-4724-975F-5BE6E01ADCDF}.Release|Any CPU.Build.0 = Release|Any CPU
		{2F3D672D-17EA-4C98-81DF-B2D1ABFE8016}.Debug|Any CPU.ActiveCfg = Debug|Any CPU
		{2F3D672D-17EA-4C98-81DF-B2D1ABFE8016}.Debug|Any CPU.Build.0 = Debug|Any CPU
		{2F3D672D-17EA-4C98-81DF-B2D1ABFE8016}.Release|Any CPU.ActiveCfg = Release|Any CPU
		{2F3D672D-17EA-4C98-81DF-B2D1ABFE8016}.Release|Any CPU.Build.0 = Release|Any CPU
		{4C930FE4-4B74-4304-99CD-5D6D9098CDD4}.Debug|Any CPU.ActiveCfg = Debug|Any CPU
		{4C930FE4-4B74-4304-99CD-5D6D9098CDD4}.Debug|Any CPU.Build.0 = Debug|Any CPU
		{4C930FE4-4B74-4304-99CD-5D6D9098CDD4}.Release|Any CPU.ActiveCfg = Release|Any CPU
		{4C930FE4-4B74-4304-99CD-5D6D9098CDD4}.Release|Any CPU.Build.0 = Release|Any CPU
		{5BC6D01A-70D1-4F99-93E2-ECA7D52D2E9D}.Debug|Any CPU.ActiveCfg = Debug|Any CPU
		{5BC6D01A-70D1-4F99-93E2-ECA7D52D2E9D}.Debug|Any CPU.Build.0 = Debug|Any CPU
		{5BC6D01A-70D1-4F99-93E2-ECA7D52D2E9D}.Release|Any CPU.ActiveCfg = Release|Any CPU
		{5BC6D01A-70D1-4F99-93E2-ECA7D52D2E9D}.Release|Any CPU.Build.0 = Release|Any CPU
		{94D8741B-B81A-4E5A-AF15-2B6E395403FA}.Debug|Any CPU.ActiveCfg = Debug|Any CPU
		{94D8741B-B81A-4E5A-AF15-2B6E395403FA}.Debug|Any CPU.Build.0 = Debug|Any CPU
		{94D8741B-B81A-4E5A-AF15-2B6E395403FA}.Release|Any CPU.ActiveCfg = Release|Any CPU
		{94D8741B-B81A-4E5A-AF15-2B6E395403FA}.Release|Any CPU.Build.0 = Release|Any CPU
		{D0EA42F5-72EF-4911-BFF6-88BEBFB4D683}.Debug|Any CPU.ActiveCfg = Debug|Any CPU
		{D0EA42F5-72EF-4911-BFF6-88BEBFB4D683}.Debug|Any CPU.Build.0 = Debug|Any CPU
		{D0EA42F5-72EF-4911-BFF6-88BEBFB4D683}.Release|Any CPU.ActiveCfg = Release|Any CPU
		{D0EA42F5-72EF-4911-BFF6-88BEBFB4D683}.Release|Any CPU.Build.0 = Release|Any CPU
		{4FA65EBB-A5DF-4DEA-B943-722121CA8A0E}.Debug|Any CPU.ActiveCfg = Debug|Any CPU
		{4FA65EBB-A5DF-4DEA-B943-722121CA8A0E}.Debug|Any CPU.Build.0 = Debug|Any CPU
		{4FA65EBB-A5DF-4DEA-B943-722121CA8A0E}.Release|Any CPU.ActiveCfg = Release|Any CPU
		{4FA65EBB-A5DF-4DEA-B943-722121CA8A0E}.Release|Any CPU.Build.0 = Release|Any CPU
		{B2CEF596-38D6-4B00-A700-10F6FB937EF1}.Debug|Any CPU.ActiveCfg = Debug|Any CPU
		{B2CEF596-38D6-4B00-A700-10F6FB937EF1}.Debug|Any CPU.Build.0 = Debug|Any CPU
		{B2CEF596-38D6-4B00-A700-10F6FB937EF1}.Release|Any CPU.ActiveCfg = Release|Any CPU
		{B2CEF596-38D6-4B00-A700-10F6FB937EF1}.Release|Any CPU.Build.0 = Release|Any CPU
		{122208CA-0A4E-4BDF-8FCD-983C1D0C1276}.Debug|Any CPU.ActiveCfg = Debug|Any CPU
		{122208CA-0A4E-4BDF-8FCD-983C1D0C1276}.Debug|Any CPU.Build.0 = Debug|Any CPU
		{122208CA-0A4E-4BDF-8FCD-983C1D0C1276}.Release|Any CPU.ActiveCfg = Release|Any CPU
		{122208CA-0A4E-4BDF-8FCD-983C1D0C1276}.Release|Any CPU.Build.0 = Release|Any CPU
		{D150C4A0-A840-4003-A8ED-2C3D1410A95F}.Debug|Any CPU.ActiveCfg = Debug|Any CPU
		{D150C4A0-A840-4003-A8ED-2C3D1410A95F}.Debug|Any CPU.Build.0 = Debug|Any CPU
		{D150C4A0-A840-4003-A8ED-2C3D1410A95F}.Release|Any CPU.ActiveCfg = Release|Any CPU
		{D150C4A0-A840-4003-A8ED-2C3D1410A95F}.Release|Any CPU.Build.0 = Release|Any CPU
		{0BEDD7BA-0533-4185-831E-3563BBC16999}.Debug|Any CPU.ActiveCfg = Debug|Any CPU
		{0BEDD7BA-0533-4185-831E-3563BBC16999}.Debug|Any CPU.Build.0 = Debug|Any CPU
		{0BEDD7BA-0533-4185-831E-3563BBC16999}.Release|Any CPU.ActiveCfg = Release|Any CPU
		{0BEDD7BA-0533-4185-831E-3563BBC16999}.Release|Any CPU.Build.0 = Release|Any CPU
		{BC9A3D90-1F04-409A-B8E1-AB9DF3371DEF}.Debug|Any CPU.ActiveCfg = Debug|Any CPU
		{BC9A3D90-1F04-409A-B8E1-AB9DF3371DEF}.Debug|Any CPU.Build.0 = Debug|Any CPU
		{BC9A3D90-1F04-409A-B8E1-AB9DF3371DEF}.Release|Any CPU.ActiveCfg = Release|Any CPU
		{BC9A3D90-1F04-409A-B8E1-AB9DF3371DEF}.Release|Any CPU.Build.0 = Release|Any CPU
		{73EB2147-792D-4A8D-BB36-B00FC381EE6E}.Debug|Any CPU.ActiveCfg = Debug|Any CPU
		{73EB2147-792D-4A8D-BB36-B00FC381EE6E}.Debug|Any CPU.Build.0 = Debug|Any CPU
		{73EB2147-792D-4A8D-BB36-B00FC381EE6E}.Release|Any CPU.ActiveCfg = Release|Any CPU
		{73EB2147-792D-4A8D-BB36-B00FC381EE6E}.Release|Any CPU.Build.0 = Release|Any CPU
		{0BA9CB27-8090-460D-9EA3-15D90309C4E1}.Debug|Any CPU.ActiveCfg = Debug|Any CPU
		{0BA9CB27-8090-460D-9EA3-15D90309C4E1}.Debug|Any CPU.Build.0 = Debug|Any CPU
		{0BA9CB27-8090-460D-9EA3-15D90309C4E1}.Release|Any CPU.ActiveCfg = Release|Any CPU
		{0BA9CB27-8090-460D-9EA3-15D90309C4E1}.Release|Any CPU.Build.0 = Release|Any CPU
		{A85FEE5B-79CB-45EC-9343-4DA0D9A2CD7F}.Debug|Any CPU.ActiveCfg = Debug|Any CPU
		{A85FEE5B-79CB-45EC-9343-4DA0D9A2CD7F}.Debug|Any CPU.Build.0 = Debug|Any CPU
		{A85FEE5B-79CB-45EC-9343-4DA0D9A2CD7F}.Release|Any CPU.ActiveCfg = Release|Any CPU
		{A85FEE5B-79CB-45EC-9343-4DA0D9A2CD7F}.Release|Any CPU.Build.0 = Release|Any CPU
		{CC6063CD-9771-4E1C-B387-D543106C197E}.Debug|Any CPU.ActiveCfg = Debug|Any CPU
		{CC6063CD-9771-4E1C-B387-D543106C197E}.Debug|Any CPU.Build.0 = Debug|Any CPU
		{CC6063CD-9771-4E1C-B387-D543106C197E}.Release|Any CPU.ActiveCfg = Release|Any CPU
		{CC6063CD-9771-4E1C-B387-D543106C197E}.Release|Any CPU.Build.0 = Release|Any CPU
		{1FE605C7-988B-4409-BBFF-59D9C6FC00F2}.Debug|Any CPU.ActiveCfg = Debug|Any CPU
		{1FE605C7-988B-4409-BBFF-59D9C6FC00F2}.Debug|Any CPU.Build.0 = Debug|Any CPU
		{1FE605C7-988B-4409-BBFF-59D9C6FC00F2}.Release|Any CPU.ActiveCfg = Release|Any CPU
		{1FE605C7-988B-4409-BBFF-59D9C6FC00F2}.Release|Any CPU.Build.0 = Release|Any CPU
		{60E74180-E873-4A2F-AEA5-56CC6CC58F1B}.Debug|Any CPU.ActiveCfg = Debug|Any CPU
		{60E74180-E873-4A2F-AEA5-56CC6CC58F1B}.Debug|Any CPU.Build.0 = Debug|Any CPU
		{60E74180-E873-4A2F-AEA5-56CC6CC58F1B}.Release|Any CPU.ActiveCfg = Release|Any CPU
		{60E74180-E873-4A2F-AEA5-56CC6CC58F1B}.Release|Any CPU.Build.0 = Release|Any CPU
		{B1FE231C-06F8-48B8-BFE3-A5A5B990F758}.Debug|Any CPU.ActiveCfg = Debug|Any CPU
		{B1FE231C-06F8-48B8-BFE3-A5A5B990F758}.Debug|Any CPU.Build.0 = Debug|Any CPU
		{B1FE231C-06F8-48B8-BFE3-A5A5B990F758}.Release|Any CPU.ActiveCfg = Release|Any CPU
		{B1FE231C-06F8-48B8-BFE3-A5A5B990F758}.Release|Any CPU.Build.0 = Release|Any CPU
		{3092B433-8154-48B5-9001-870A4D9E4780}.Debug|Any CPU.ActiveCfg = Debug|Any CPU
		{3092B433-8154-48B5-9001-870A4D9E4780}.Debug|Any CPU.Build.0 = Debug|Any CPU
		{3092B433-8154-48B5-9001-870A4D9E4780}.Release|Any CPU.ActiveCfg = Release|Any CPU
		{3092B433-8154-48B5-9001-870A4D9E4780}.Release|Any CPU.Build.0 = Release|Any CPU
		{25472AAB-EF6E-44F8-9184-FB0D1577FE95}.Debug|Any CPU.ActiveCfg = Debug|Any CPU
		{25472AAB-EF6E-44F8-9184-FB0D1577FE95}.Debug|Any CPU.Build.0 = Debug|Any CPU
		{25472AAB-EF6E-44F8-9184-FB0D1577FE95}.Release|Any CPU.ActiveCfg = Release|Any CPU
		{25472AAB-EF6E-44F8-9184-FB0D1577FE95}.Release|Any CPU.Build.0 = Release|Any CPU
		{39303480-9B4D-43D2-8285-F5FEA7A27303}.Debug|Any CPU.ActiveCfg = Debug|Any CPU
		{39303480-9B4D-43D2-8285-F5FEA7A27303}.Debug|Any CPU.Build.0 = Debug|Any CPU
		{39303480-9B4D-43D2-8285-F5FEA7A27303}.Release|Any CPU.ActiveCfg = Release|Any CPU
		{39303480-9B4D-43D2-8285-F5FEA7A27303}.Release|Any CPU.Build.0 = Release|Any CPU
		{743E0263-8C0E-4656-AC3A-8A9A3D5E7008}.Debug|Any CPU.ActiveCfg = Debug|Any CPU
		{743E0263-8C0E-4656-AC3A-8A9A3D5E7008}.Debug|Any CPU.Build.0 = Debug|Any CPU
		{743E0263-8C0E-4656-AC3A-8A9A3D5E7008}.Release|Any CPU.ActiveCfg = Release|Any CPU
		{743E0263-8C0E-4656-AC3A-8A9A3D5E7008}.Release|Any CPU.Build.0 = Release|Any CPU
		{832A8F09-76FE-43D5-871F-28466258C38D}.Debug|Any CPU.ActiveCfg = Debug|Any CPU
		{832A8F09-76FE-43D5-871F-28466258C38D}.Debug|Any CPU.Build.0 = Debug|Any CPU
		{832A8F09-76FE-43D5-871F-28466258C38D}.Release|Any CPU.ActiveCfg = Release|Any CPU
		{832A8F09-76FE-43D5-871F-28466258C38D}.Release|Any CPU.Build.0 = Release|Any CPU
		{A2B3B326-431F-48EF-9E41-523CD24E39DF}.Debug|Any CPU.ActiveCfg = Debug|Any CPU
		{A2B3B326-431F-48EF-9E41-523CD24E39DF}.Debug|Any CPU.Build.0 = Debug|Any CPU
		{A2B3B326-431F-48EF-9E41-523CD24E39DF}.Release|Any CPU.ActiveCfg = Release|Any CPU
		{A2B3B326-431F-48EF-9E41-523CD24E39DF}.Release|Any CPU.Build.0 = Release|Any CPU
		{857B117D-192A-401A-8597-18D5648C71CC}.Debug|Any CPU.ActiveCfg = Debug|Any CPU
		{857B117D-192A-401A-8597-18D5648C71CC}.Debug|Any CPU.Build.0 = Debug|Any CPU
		{857B117D-192A-401A-8597-18D5648C71CC}.Release|Any CPU.ActiveCfg = Release|Any CPU
		{857B117D-192A-401A-8597-18D5648C71CC}.Release|Any CPU.Build.0 = Release|Any CPU
		{F9AEB74E-CC3B-43D8-95E1-982E46B137E0}.Debug|Any CPU.ActiveCfg = Debug|Any CPU
		{F9AEB74E-CC3B-43D8-95E1-982E46B137E0}.Debug|Any CPU.Build.0 = Debug|Any CPU
		{F9AEB74E-CC3B-43D8-95E1-982E46B137E0}.Release|Any CPU.ActiveCfg = Release|Any CPU
		{F9AEB74E-CC3B-43D8-95E1-982E46B137E0}.Release|Any CPU.Build.0 = Release|Any CPU
		{2442DC03-ADBC-4893-9B4F-2FA6B6862B8C}.Debug|Any CPU.ActiveCfg = Debug|Any CPU
		{2442DC03-ADBC-4893-9B4F-2FA6B6862B8C}.Debug|Any CPU.Build.0 = Debug|Any CPU
		{2442DC03-ADBC-4893-9B4F-2FA6B6862B8C}.Release|Any CPU.ActiveCfg = Release|Any CPU
		{2442DC03-ADBC-4893-9B4F-2FA6B6862B8C}.Release|Any CPU.Build.0 = Release|Any CPU
	EndGlobalSection
	GlobalSection(SolutionProperties) = preSolution
		HideSolutionNode = FALSE
	EndGlobalSection
	GlobalSection(NestedProjects) = preSolution
		{37DB51B8-039F-477B-9586-52064D126C42} = {1CB1833A-44B8-4415-8762-FF0267D9FB9B}
		{1CB1833A-44B8-4415-8762-FF0267D9FB9B} = {B073C7ED-7837-4958-8E95-90AC27E12AD4}
		{7EFA7648-9F55-4B7E-BFE9-078AFCCC1709} = {1CB1833A-44B8-4415-8762-FF0267D9FB9B}
		{D8C4CDD3-E706-4F38-BBA2-31E8DCF7B7C4} = {B073C7ED-7837-4958-8E95-90AC27E12AD4}
		{8ED5EE87-F865-442F-845C-678D717DD3B2} = {B073C7ED-7837-4958-8E95-90AC27E12AD4}
		{F481A6EE-D70E-4440-AE61-C0ACED1B5DCB} = {B073C7ED-7837-4958-8E95-90AC27E12AD4}
		{9B7F7420-4A51-4300-B23F-C64EE36F4FF4} = {B073C7ED-7837-4958-8E95-90AC27E12AD4}
		{E4AA78B9-23A8-4C2B-A99B-47F8B45D890F} = {B073C7ED-7837-4958-8E95-90AC27E12AD4}
		{93D0A691-59D4-4362-97EB-C5C179592520} = {B073C7ED-7837-4958-8E95-90AC27E12AD4}
		{55C3E9DC-C664-423C-AB69-A5BF68A0FC24} = {B073C7ED-7837-4958-8E95-90AC27E12AD4}
		{F4A9AE69-5C9C-41B7-B25E-56EDBFCB51EC} = {B073C7ED-7837-4958-8E95-90AC27E12AD4}
		{0DF2F4E9-1EA6-4648-9B16-58D78952BC53} = {B073C7ED-7837-4958-8E95-90AC27E12AD4}
		{F5C88D8C-B480-4ED1-9207-B9F5D299AB1A} = {B073C7ED-7837-4958-8E95-90AC27E12AD4}
		{A554D2A8-7D36-4724-975F-5BE6E01ADCDF} = {D8C4CDD3-E706-4F38-BBA2-31E8DCF7B7C4}
		{2F3D672D-17EA-4C98-81DF-B2D1ABFE8016} = {D8C4CDD3-E706-4F38-BBA2-31E8DCF7B7C4}
		{4C930FE4-4B74-4304-99CD-5D6D9098CDD4} = {F481A6EE-D70E-4440-AE61-C0ACED1B5DCB}
		{5BC6D01A-70D1-4F99-93E2-ECA7D52D2E9D} = {F481A6EE-D70E-4440-AE61-C0ACED1B5DCB}
		{94D8741B-B81A-4E5A-AF15-2B6E395403FA} = {8ED5EE87-F865-442F-845C-678D717DD3B2}
		{D0EA42F5-72EF-4911-BFF6-88BEBFB4D683} = {8ED5EE87-F865-442F-845C-678D717DD3B2}
		{4FA65EBB-A5DF-4DEA-B943-722121CA8A0E} = {9B7F7420-4A51-4300-B23F-C64EE36F4FF4}
		{B2CEF596-38D6-4B00-A700-10F6FB937EF1} = {9B7F7420-4A51-4300-B23F-C64EE36F4FF4}
		{122208CA-0A4E-4BDF-8FCD-983C1D0C1276} = {E4AA78B9-23A8-4C2B-A99B-47F8B45D890F}
		{D150C4A0-A840-4003-A8ED-2C3D1410A95F} = {E4AA78B9-23A8-4C2B-A99B-47F8B45D890F}
		{0BEDD7BA-0533-4185-831E-3563BBC16999} = {93D0A691-59D4-4362-97EB-C5C179592520}
		{55C55E0F-43AA-4E1B-83CD-32B151C528EA} = {B073C7ED-7837-4958-8E95-90AC27E12AD4}
		{BC9A3D90-1F04-409A-B8E1-AB9DF3371DEF} = {55C55E0F-43AA-4E1B-83CD-32B151C528EA}
		{73EB2147-792D-4A8D-BB36-B00FC381EE6E} = {55C3E9DC-C664-423C-AB69-A5BF68A0FC24}
		{0BA9CB27-8090-460D-9EA3-15D90309C4E1} = {F4A9AE69-5C9C-41B7-B25E-56EDBFCB51EC}
		{A85FEE5B-79CB-45EC-9343-4DA0D9A2CD7F} = {F5C88D8C-B480-4ED1-9207-B9F5D299AB1A}
		{CC6063CD-9771-4E1C-B387-D543106C197E} = {0DF2F4E9-1EA6-4648-9B16-58D78952BC53}
		{BF4ECDAD-E547-4AF3-B652-79AE3AA3EB41} = {593DBE15-EEAC-4D60-8C38-CAFA5E7FDA62}
		{1FE605C7-988B-4409-BBFF-59D9C6FC00F2} = {BF4ECDAD-E547-4AF3-B652-79AE3AA3EB41}
		{7CC29D7B-BA19-4FAB-B04D-58339ECDD5B0} = {3E790F8C-1156-449A-AB1D-C23CB47347EA}
		{C3D8733E-0ED3-4CAD-9D17-68EA6B11E34B} = {3E790F8C-1156-449A-AB1D-C23CB47347EA}
		{FD729212-3CD0-4549-BA08-B00DB1B87C15} = {3E790F8C-1156-449A-AB1D-C23CB47347EA}
		{60E803D8-ED74-4F4A-803D-3A564481FDB5} = {3E790F8C-1156-449A-AB1D-C23CB47347EA}
		{A9DC9A9F-2E37-4BFB-9424-D7D9217B9FA3} = {3E790F8C-1156-449A-AB1D-C23CB47347EA}
		{DA361E38-A1B7-4E5F-BA2D-7D1587BE698F} = {3E790F8C-1156-449A-AB1D-C23CB47347EA}
		{D7BDA225-532A-4063-B4F7-125666E81BE1} = {3E790F8C-1156-449A-AB1D-C23CB47347EA}
		{3BF6C990-6381-4D23-9D4E-410E29533E71} = {3E790F8C-1156-449A-AB1D-C23CB47347EA}
		{60E74180-E873-4A2F-AEA5-56CC6CC58F1B} = {55C55E0F-43AA-4E1B-83CD-32B151C528EA}
		{B1FE231C-06F8-48B8-BFE3-A5A5B990F758} = {F4A9AE69-5C9C-41B7-B25E-56EDBFCB51EC}
		{3092B433-8154-48B5-9001-870A4D9E4780} = {0DF2F4E9-1EA6-4648-9B16-58D78952BC53}
		{25472AAB-EF6E-44F8-9184-FB0D1577FE95} = {55C3E9DC-C664-423C-AB69-A5BF68A0FC24}
		{39303480-9B4D-43D2-8285-F5FEA7A27303} = {93D0A691-59D4-4362-97EB-C5C179592520}
		{743E0263-8C0E-4656-AC3A-8A9A3D5E7008} = {F5C88D8C-B480-4ED1-9207-B9F5D299AB1A}
		{832A8F09-76FE-43D5-871F-28466258C38D} = {BF4ECDAD-E547-4AF3-B652-79AE3AA3EB41}
		{A2B3B326-431F-48EF-9E41-523CD24E39DF} = {FD729212-3CD0-4549-BA08-B00DB1B87C15}
		{857B117D-192A-401A-8597-18D5648C71CC} = {FD729212-3CD0-4549-BA08-B00DB1B87C15}
		{F9AEB74E-CC3B-43D8-95E1-982E46B137E0} = {C3D8733E-0ED3-4CAD-9D17-68EA6B11E34B}
		{2442DC03-ADBC-4893-9B4F-2FA6B6862B8C} = {C3D8733E-0ED3-4CAD-9D17-68EA6B11E34B}
	EndGlobalSection
	GlobalSection(ExtensibilityGlobals) = postSolution
		SolutionGuid = {AAE969B0-37BA-44DA-973C-56AF9EC0AD94}
	EndGlobalSection
EndGlobal
