
Microsoft Visual Studio Solution File, Format Version 12.00
# Visual Studio 15
VisualStudioVersion = 15.0.26730.3
MinimumVisualStudioVersion = 10.0.40219.1
Project("{9A19103F-16F7-4668-BE54-9A1E7A4F7556}") = "NWheels.Kernel", "Core\Kernel\NWheels.Kernel\NWheels.Kernel.csproj", "{DD63F3C1-588A-4E40-999F-12852487A2FF}"
EndProject
Project("{2150E333-8FDC-42A3-9474-1A3956D46DE8}") = "Core", "Core", "{EFACFEB8-26E0-48D4-A204-48FF72E06899}"
EndProject
Project("{2150E333-8FDC-42A3-9474-1A3956D46DE8}") = "Kernel", "Kernel", "{182E6477-F5DC-454F-916F-AE3189C06E0B}"
EndProject
Project("{9A19103F-16F7-4668-BE54-9A1E7A4F7556}") = "NWheels.Kernel.UnitTests", "Core\Kernel\NWheels.Kernel.UnitTests\NWheels.Kernel.UnitTests.csproj", "{5B1652C3-E64E-4A7A-9DF8-AA6A11E2283D}"
EndProject
Project("{2150E333-8FDC-42A3-9474-1A3956D46DE8}") = "Communication", "Communication", "{F263B2A6-6BA5-4ADB-9D09-2CB71C3BBD5C}"
EndProject
Project("{2150E333-8FDC-42A3-9474-1A3956D46DE8}") = "Compilation", "Compilation", "{13D62A5F-4ED0-4D2E-8346-F5421B4FD211}"
EndProject
Project("{2150E333-8FDC-42A3-9474-1A3956D46DE8}") = "Confiugration", "Confiugration", "{C5F3DA86-0D8D-448A-A0B1-8354B85C2021}"
EndProject
Project("{2150E333-8FDC-42A3-9474-1A3956D46DE8}") = "DB", "DB", "{BD01FC00-594E-493C-BFDB-016754AA479D}"
EndProject
Project("{2150E333-8FDC-42A3-9474-1A3956D46DE8}") = "Ddd", "Ddd", "{4AAAB4BC-D5D2-4186-A5CB-BBC62ADAADCF}"
EndProject
Project("{2150E333-8FDC-42A3-9474-1A3956D46DE8}") = "Logging", "Logging", "{5DD7F3C7-5D68-42CC-82A9-0B5814C39FE6}"
EndProject
Project("{2150E333-8FDC-42A3-9474-1A3956D46DE8}") = "MetaObjects", "MetaObjects", "{6F795FD8-6ECC-427B-BFA0-5334C5D43509}"
EndProject
Project("{2150E333-8FDC-42A3-9474-1A3956D46DE8}") = "Microservices", "Microservices", "{EBB39D4A-DE6E-483B-AAAC-E2470CC2EEBF}"
EndProject
Project("{2150E333-8FDC-42A3-9474-1A3956D46DE8}") = "RestApi", "RestApi", "{AE032C42-A0C1-49F5-86C4-18184986A352}"
EndProject
Project("{2150E333-8FDC-42A3-9474-1A3956D46DE8}") = "Transactions", "Transactions", "{6B1E14D0-431E-4898-82CE-D9B10DBD36AF}"
EndProject
Project("{9A19103F-16F7-4668-BE54-9A1E7A4F7556}") = "NWheels.Communication", "Core\Communication\NWheels.Communication\NWheels.Communication.csproj", "{041CD519-5128-495C-A25D-9E5A2F2915E0}"
EndProject
Project("{9A19103F-16F7-4668-BE54-9A1E7A4F7556}") = "NWheels.Communication.UnitTests", "Core\Communication\NWheels.Communication.UnitTests\NWheels.Communication.UnitTests.csproj", "{34FAA101-4B32-460E-A66C-7131BCBA280F}"
EndProject
Project("{9A19103F-16F7-4668-BE54-9A1E7A4F7556}") = "NWheels.Compilation", "Core\Compilation\NWheels.Compilation\NWheels.Compilation.csproj", "{99B41DD5-CC9C-4396-B7FA-D5C92E4E566B}"
EndProject
Project("{9A19103F-16F7-4668-BE54-9A1E7A4F7556}") = "NWheels.Compilation.UnitTests", "Core\Compilation\NWheels.Compilation.UnitTests\NWheels.Compilation.UnitTests.csproj", "{69CFAFE9-3013-466A-9F4D-49E70E590062}"
EndProject
Project("{9A19103F-16F7-4668-BE54-9A1E7A4F7556}") = "NWheels.Configuration", "Core\Configuration\NWheels.Configuration\NWheels.Configuration.csproj", "{7097D9FA-7B23-4040-8D6D-ABCA62E90817}"
EndProject
Project("{9A19103F-16F7-4668-BE54-9A1E7A4F7556}") = "NWheels.Configuration.UnitTests", "Core\Configuration\NWheels.Configuration.UnitTests\NWheels.Configuration.UnitTests.csproj", "{C91A428A-1F8B-4ABB-9E29-4CA65439F0CA}"
EndProject
Project("{9A19103F-16F7-4668-BE54-9A1E7A4F7556}") = "NWheels.DB", "Core\DB\NWheels.DB\NWheels.DB.csproj", "{259CB6A1-44E0-4874-85E8-39213EE97A17}"
EndProject
Project("{9A19103F-16F7-4668-BE54-9A1E7A4F7556}") = "NWheels.DB.UnitTests", "Core\DB\NWheels.DB.UnitTests\NWheels.DB.UnitTests.csproj", "{B550D76A-05D3-4BF3-AE8A-0469CDE319E3}"
EndProject
Project("{9A19103F-16F7-4668-BE54-9A1E7A4F7556}") = "NWheels.Ddd", "Core\Ddd\NWheels.Ddd\NWheels.Ddd.csproj", "{861C034D-7611-404D-88ED-1A083994095D}"
EndProject
Project("{9A19103F-16F7-4668-BE54-9A1E7A4F7556}") = "NWheels.Ddd.UnitTests", "Core\Ddd\NWheels.Ddd.UnitTests\NWheels.Ddd.UnitTests.csproj", "{0D6CCC0A-57F8-489E-AC01-2E426B5DED12}"
EndProject
Project("{9A19103F-16F7-4668-BE54-9A1E7A4F7556}") = "NWheels.Logging", "Core\Logging\NWheels.Logging\NWheels.Logging.csproj", "{440C204D-FFE8-408F-88C0-40CBD6761B0C}"
EndProject
Project("{9A19103F-16F7-4668-BE54-9A1E7A4F7556}") = "NWheels.Logging.UnitTests", "Core\Logging\NWheels.Logging.UnitTests\NWheels.Logging.UnitTests.csproj", "{690F4578-FACB-4001-BF1F-36DCC0F84EC2}"
EndProject
Project("{9A19103F-16F7-4668-BE54-9A1E7A4F7556}") = "NWheels.MetaObjects", "Core\MetaObjects\NWheels.MetaObjects\NWheels.MetaObjects.csproj", "{B5EAF809-09D2-45CA-9E2F-DE6FDA5B041B}"
EndProject
Project("{9A19103F-16F7-4668-BE54-9A1E7A4F7556}") = "NWheels.MetaObjects.UnitTests", "Core\MetaObjects\NWheels.MetaObjects.UnitTests\NWheels.MetaObjects.UnitTests.csproj", "{32E6D3A5-78D8-4DEA-8723-C29024A28D50}"
EndProject
Project("{9A19103F-16F7-4668-BE54-9A1E7A4F7556}") = "NWheels.Microservices", "Core\Microservices\NWheels.Microservices\NWheels.Microservices.csproj", "{57EBA938-434A-42A9-ADD1-8F8F8A80D0A2}"
EndProject
Project("{9A19103F-16F7-4668-BE54-9A1E7A4F7556}") = "NWheels.Microservices.UnitTests", "Core\Microservices\NWheels.Microservices.UnitTests\NWheels.Microservices.UnitTests.csproj", "{C85ED399-9C60-48DC-8416-C7FA4A402593}"
EndProject
Project("{9A19103F-16F7-4668-BE54-9A1E7A4F7556}") = "NWheels.RestApi", "Core\RestApi\NWheels.RestApi\NWheels.RestApi.csproj", "{FD4461BA-8098-40E7-8CAD-F33A4103CA03}"
EndProject
Project("{9A19103F-16F7-4668-BE54-9A1E7A4F7556}") = "NWheels.RestApi.UnitTests", "Core\RestApi\NWheels.RestApi.UnitTests\NWheels.RestApi.UnitTests.csproj", "{0A8086FB-D875-4178-ADA9-9F1477D3F0E5}"
EndProject
Project("{9A19103F-16F7-4668-BE54-9A1E7A4F7556}") = "NWheels.Transactions", "Core\Transactions\NWheels.Transactions\NWheels.Transactions.csproj", "{B477D6C3-19EA-4638-A9A3-98C2D8EDBAFA}"
EndProject
Project("{9A19103F-16F7-4668-BE54-9A1E7A4F7556}") = "NWheels.Transactions.UnitTests", "Core\Transactions\NWheels.Transactions.UnitTests\NWheels.Transactions.UnitTests.csproj", "{85E96D14-AF54-4F0D-9E23-41BA6A40382B}"
EndProject
Project("{2150E333-8FDC-42A3-9474-1A3956D46DE8}") = "UI", "UI", "{4E05717B-44C5-4911-95A5-9AC600E684B5}"
EndProject
Project("{9A19103F-16F7-4668-BE54-9A1E7A4F7556}") = "NWheels.UI", "Core\UI\NWheels.UI\NWheels.UI.csproj", "{175A565F-A2BD-45A5-9116-15DBC32E9B77}"
EndProject
Project("{9A19103F-16F7-4668-BE54-9A1E7A4F7556}") = "NWheels.UI.UnitTests", "Core\UI\NWheels.UI.UnitTests\NWheels.UI.UnitTests.csproj", "{D8245D83-1B6D-4B32-A25B-011A10CB2523}"
EndProject
Project("{2150E333-8FDC-42A3-9474-1A3956D46DE8}") = "Stacks", "Stacks", "{2015961E-11BD-458C-AB4D-548C2A825F5B}"
EndProject
Project("{2150E333-8FDC-42A3-9474-1A3956D46DE8}") = "Domains", "Domains", "{36782BC6-C1E1-4423-A445-F60A017DDC3C}"
EndProject
Project("{2150E333-8FDC-42A3-9474-1A3956D46DE8}") = "Samples", "Samples", "{0B59126D-6745-45E9-8AC7-ACA2596ACB5F}"
EndProject
Project("{2150E333-8FDC-42A3-9474-1A3956D46DE8}") = "UI", "UI", "{70293D83-4F4A-4C2E-A48E-8BBAA58B5731}"
EndProject
Project("{2150E333-8FDC-42A3-9474-1A3956D46DE8}") = "Communication", "Communication", "{31A193A0-FFBC-43B9-8636-1A8C1956648C}"
EndProject
Project("{2150E333-8FDC-42A3-9474-1A3956D46DE8}") = "DB", "DB", "{4DAFC834-68BA-4D92-875E-9EB86364A4AD}"
EndProject
Project("{2150E333-8FDC-42A3-9474-1A3956D46DE8}") = "RestApi", "RestApi", "{37D0113E-8B98-4716-A172-5509934C1797}"
EndProject
Project("{9A19103F-16F7-4668-BE54-9A1E7A4F7556}") = "NWheels.UI.Adapters.React", "Stacks\UI\React\NWheels.UI.Adapters.React\NWheels.UI.Adapters.React.csproj", "{57933511-A8C1-4653-BBD6-9BD40AF69D40}"
EndProject
Project("{2150E333-8FDC-42A3-9474-1A3956D46DE8}") = "React", "React", "{11058527-481F-46E8-85C0-2AEB24B05936}"
EndProject
Project("{9A19103F-16F7-4668-BE54-9A1E7A4F7556}") = "NWheels.UI.Adapters.React.Tests", "Stacks\UI\React\NWheels.UI.Adapters.React.Tests\NWheels.UI.Adapters.React.Tests.csproj", "{F4553BCF-DF07-4F30-8B8D-33296B82A648}"
EndProject
Project("{2150E333-8FDC-42A3-9474-1A3956D46DE8}") = "ReactNative", "ReactNative", "{FA8A2ED4-1696-4510-B333-A47E9FF563CB}"
EndProject
Project("{2150E333-8FDC-42A3-9474-1A3956D46DE8}") = "ElectronReact", "ElectronReact", "{FF7D4488-A9BD-4E74-87E4-A4E7758F6D03}"
EndProject
Project("{2150E333-8FDC-42A3-9474-1A3956D46DE8}") = "AspNetCore", "AspNetCore", "{D35E8A94-D779-4CC5-BCC0-0CFCBAA25689}"
EndProject
Project("{2150E333-8FDC-42A3-9474-1A3956D46DE8}") = "EFCore", "EFCore", "{334475E5-FD12-460A-BF6D-A91E978626F9}"
EndProject
Project("{2150E333-8FDC-42A3-9474-1A3956D46DE8}") = "Mongo", "Mongo", "{BAED15DB-DD63-47C5-9FFA-7F230D9232DE}"
EndProject
Project("{9A19103F-16F7-4668-BE54-9A1E7A4F7556}") = "NWheels.Communication.Adapters.AspNetCore", "Stacks\Communication\AspNetCore\NWheels.Communication.Adapters.AspNetCore\NWheels.Communication.Adapters.AspNetCore.csproj", "{DB7D352E-0FBA-4C46-B971-E67306C95DD9}"
EndProject
Project("{9A19103F-16F7-4668-BE54-9A1E7A4F7556}") = "NWheels.Communication.Adapters.AspNetCore.Tests", "Stacks\Communication\AspNetCore\NWheels.Communication.Adapters.AspNetCore.Tests\NWheels.Communication.Adapters.AspNetCore.Tests.csproj", "{D0CE565D-C1A8-4AA5-961F-7251E9279157}"
EndProject
Project("{2150E333-8FDC-42A3-9474-1A3956D46DE8}") = "AspNetCore", "AspNetCore", "{C5C403CA-23FE-4240-916E-858B4047F553}"
EndProject
Project("{9A19103F-16F7-4668-BE54-9A1E7A4F7556}") = "NWheels.RestApi.Adapters.AspNetCore", "Stacks\RestApi\AspNetCore\NWheels.RestApi.Adapters.AspNetCore\NWheels.RestApi.Adapters.AspNetCore.csproj", "{30923877-37EC-424D-BF53-8E3221D45974}"
EndProject
Project("{9A19103F-16F7-4668-BE54-9A1E7A4F7556}") = "NWheels.RestApi.Adapters.AspNetCore.Tests", "Stacks\RestApi\AspNetCore\NWheels.RestApi.Adapters.AspNetCore.Tests\NWheels.RestApi.Adapters.AspNetCore.Tests.csproj", "{8B1B4CC7-4343-4450-A031-A77098FD122B}"
EndProject
Project("{9A19103F-16F7-4668-BE54-9A1E7A4F7556}") = "NWheels.DB.Adapters.EFCore", "Stacks\DB\EFCore\NWheels.DB.Adapters.EFCore\NWheels.DB.Adapters.EFCore.csproj", "{7FF1B7C3-572B-4A01-8AED-861EA32D32CC}"
EndProject
Project("{9A19103F-16F7-4668-BE54-9A1E7A4F7556}") = "NWheels.DB.Adapters.EFCore.Tests", "Stacks\DB\EFCore\NWheels.DB.Adapters.EFCore.Tests\NWheels.DB.Adapters.EFCore.Tests.csproj", "{35C74488-D32E-432F-9487-E4B7C977A77A}"
EndProject
Project("{9A19103F-16F7-4668-BE54-9A1E7A4F7556}") = "NWheels.DB.Adapters.Mongo", "Stacks\DB\Mongo\NWheels.DB.Adapters.Mongo\NWheels.DB.Adapters.Mongo.csproj", "{99734B1A-0F6E-4956-ABAF-282E2DC52599}"
EndProject
Project("{9A19103F-16F7-4668-BE54-9A1E7A4F7556}") = "NWheels.DB.Adapters.Mongo.Tests", "Stacks\DB\Mongo\NWheels.DB.Adapters.Mongo.Tests\NWheels.DB.Adapters.Mongo.Tests.csproj", "{40DCEB18-71BC-49BE-BA76-47716558D6B2}"
EndProject
Project("{2150E333-8FDC-42A3-9474-1A3956D46DE8}") = "Scalability", "Scalability", "{12E5E292-38D1-46FE-AD3C-0DBFF837099E}"
EndProject
Project("{9A19103F-16F7-4668-BE54-9A1E7A4F7556}") = "NWheels.Scalability", "Core\Scalability\NWheels.Scalability\NWheels.Scalability.csproj", "{72CACB27-6016-4465-8B48-0DD1F9DF9C8D}"
EndProject
Project("{9A19103F-16F7-4668-BE54-9A1E7A4F7556}") = "NWheels.Scalability.UnitTests", "Core\Scalability\NWheels.Scalability.UnitTests\NWheels.Scalability.UnitTests.csproj", "{433D25B9-F14D-4F11-BAB7-F923E2E36D02}"
EndProject
Project("{2150E333-8FDC-42A3-9474-1A3956D46DE8}") = "Compilation", "Compilation", "{8C750B8F-2EA4-4923-8112-9D8C34172F7A}"
EndProject
Project("{2150E333-8FDC-42A3-9474-1A3956D46DE8}") = "Roslyn", "Roslyn", "{A230A4BA-B5D2-4648-999E-EF331D3B19AB}"
EndProject
Project("{2150E333-8FDC-42A3-9474-1A3956D46DE8}") = "ReflectionEmit", "ReflectionEmit", "{562BCE22-1E47-4DAE-A949-737EE5855ABE}"
EndProject
Project("{9A19103F-16F7-4668-BE54-9A1E7A4F7556}") = "NWheels.Compilation.Adapters.Roslyn.Tests", "Stacks\Compilation\Roslyn\NWheels.Compilation.Adapters.Roslyn.Tests\NWheels.Compilation.Adapters.Roslyn.Tests.csproj", "{A5EECC95-EE49-4130-A2BB-61F43C25D29F}"
EndProject
Project("{9A19103F-16F7-4668-BE54-9A1E7A4F7556}") = "NWheels.Compilation.Adapters.Roslyn", "Stacks\Compilation\Roslyn\NWheels.Compilation.Adapters.Roslyn\NWheels.Compilation.Adapters.Roslyn.csproj", "{6FAD0A24-2E7D-4387-9B2C-94A676A6D138}"
EndProject
Project("{9A19103F-16F7-4668-BE54-9A1E7A4F7556}") = "NWheels.Compilation.Adapters.ReflectionEmit", "Stacks\Compilation\ReflectionEmit\NWheels.Compilation.Adapters.ReflectionEmit\NWheels.Compilation.Adapters.ReflectionEmit.csproj", "{8BA1C2A4-16B8-4675-9967-380114F8D159}"
EndProject
Project("{9A19103F-16F7-4668-BE54-9A1E7A4F7556}") = "NWheels.Compilation.Adapters.ReflectionEmit.Tests", "Stacks\Compilation\ReflectionEmit\NWheels.Compilation.Adapters.ReflectionEmit.Tests\NWheels.Compilation.Adapters.ReflectionEmit.Tests.csproj", "{7CAD2B50-B2C5-4904-AD42-C5D6E0D7926D}"
EndProject
Project("{2150E333-8FDC-42A3-9474-1A3956D46DE8}") = "Logging", "Logging", "{CFE46C8B-7015-4C8E-A3D3-23A467ED1130}"
EndProject
Project("{2150E333-8FDC-42A3-9474-1A3956D46DE8}") = "Elk", "Elk", "{BD462636-0DA9-42ED-BA7B-E994EEAE1173}"
EndProject
Project("{9A19103F-16F7-4668-BE54-9A1E7A4F7556}") = "NWheels.Logging.Adapters.Elk", "Stacks\Logging\Elk\NWheels.Logging.Adapters.Elk\NWheels.Logging.Adapters.Elk.csproj", "{1F8CAA39-1032-4A03-9136-3B6903C95B5D}"
EndProject
Project("{9A19103F-16F7-4668-BE54-9A1E7A4F7556}") = "NWheels.Logging.Adapters.Elk.Tests", "Stacks\Logging\Elk\NWheels.Logging.Adapters.Elk.Tests\NWheels.Logging.Adapters.Elk.Tests.csproj", "{72BEE7E9-97F7-44FB-BAF3-1FFF535DFB0E}"
EndProject
Project("{2150E333-8FDC-42A3-9474-1A3956D46DE8}") = "Microservices", "Microservices", "{681CA899-E76C-476B-85F8-6641DDC042A8}"
EndProject
Project("{2150E333-8FDC-42A3-9474-1A3956D46DE8}") = "Docker", "Docker", "{25CED58D-FAC3-4BDA-B709-6684A9BBAEE8}"
EndProject
Project("{9A19103F-16F7-4668-BE54-9A1E7A4F7556}") = "NWheels.Microservices.Adapters.Docker", "Stacks\Microservices\Docker\NWheels.Microservices.Adapters.Docker\NWheels.Microservices.Adapters.Docker.csproj", "{EF81A93C-1D9C-4BFD-918F-441D446CF44B}"
EndProject
Project("{9A19103F-16F7-4668-BE54-9A1E7A4F7556}") = "NWheels.Microservices.Adapters.Docker.Tests", "Stacks\Microservices\Docker\NWheels.Microservices.Adapters.Docker.Tests\NWheels.Microservices.Adapters.Docker.Tests.csproj", "{FA1E7E86-08B0-430D-8CF1-EF10F7D7C20F}"
EndProject
Project("{2150E333-8FDC-42A3-9474-1A3956D46DE8}") = "Angular", "Angular", "{07922097-7065-4AA5-BB86-CE0C9D961173}"
EndProject
Project("{9A19103F-16F7-4668-BE54-9A1E7A4F7556}") = "NWheels.UI.Adapters.Angular", "Stacks\UI\Angular\NWheels.UI.Adapters.Angular\NWheels.UI.Adapters.Angular.csproj", "{AE90DE8B-FDBD-4573-88E1-952D116CDD93}"
EndProject
Project("{9A19103F-16F7-4668-BE54-9A1E7A4F7556}") = "NWheels.UI.Adapters.Angular.Tests", "Stacks\UI\Angular\NWheels.UI.Adapters.Angular.Tests\NWheels.UI.Adapters.Angular.Tests.csproj", "{5C21AA43-6778-4EE6-8298-4DFAFE5A37F9}"
EndProject
Project("{9A19103F-16F7-4668-BE54-9A1E7A4F7556}") = "NWheels.UI.Adapters.ElectronReact", "Stacks\UI\ElectronReact\NWheels.UI.Adapters.ElectronReact\NWheels.UI.Adapters.ElectronReact.csproj", "{151A4EA1-18D1-475A-BB99-69769D3A3B3F}"
EndProject
Project("{9A19103F-16F7-4668-BE54-9A1E7A4F7556}") = "NWheels.UI.Adapters.ElectronReact.Tests", "Stacks\UI\ElectronReact\NWheels.UI.Adapters.ElectronReact.Tests\NWheels.UI.Adapters.ElectronReact.Tests.csproj", "{4F8064E7-9579-45EF-8212-C3B5201C7D43}"
EndProject
Project("{9A19103F-16F7-4668-BE54-9A1E7A4F7556}") = "NWheels.UI.Adapters.ReactNative", "Stacks\UI\ReactNative\NWheels.UI.Adapters.ReactNative\NWheels.UI.Adapters.ReactNative.csproj", "{AE3C93C8-280D-4998-8F6A-863BD814741D}"
EndProject
Project("{9A19103F-16F7-4668-BE54-9A1E7A4F7556}") = "NWheels.UI.Adapters.ReactNative.Tests", "Stacks\UI\ReactNative\NWheels.UI.Adapters.ReactNative.Tests\NWheels.UI.Adapters.ReactNative.Tests.csproj", "{B38D8AFA-E208-4FDB-AFE5-39D52751FD07}"
EndProject
Project("{2150E333-8FDC-42A3-9474-1A3956D46DE8}") = "Scalability", "Scalability", "{942636CC-00E8-4CE8-9EE5-70BEED3AD409}"
EndProject
Project("{2150E333-8FDC-42A3-9474-1A3956D46DE8}") = "Kubernetes", "Kubernetes", "{83E5C6D8-29C5-4591-B405-1CBACCA03D98}"
EndProject
Project("{9A19103F-16F7-4668-BE54-9A1E7A4F7556}") = "NWheels.Scalability.Adapters.Kubernetes", "Stacks\Scalability\Kubernetes\NWheels.Scalability.Adapters.Kubernetes\NWheels.Scalability.Adapters.Kubernetes.csproj", "{3F40EB5A-C47A-4DB6-A6B4-5592352B2824}"
EndProject
Project("{9A19103F-16F7-4668-BE54-9A1E7A4F7556}") = "NWheels.Scalability.Adapters.Kubernetes.Tests", "Stacks\Scalability\Kubernetes\NWheels.Scalability.Adapters.Kubernetes.Tests\NWheels.Scalability.Adapters.Kubernetes.Tests.csproj", "{EFE42987-E0FC-41E3-8160-B8FC90903BD6}"
EndProject
Project("{2150E333-8FDC-42A3-9474-1A3956D46DE8}") = "HelloWorld", "HelloWorld", "{F5B4FA09-551C-4392-9CA8-EEB0A530E983}"
EndProject
Project("{9A19103F-16F7-4668-BE54-9A1E7A4F7556}") = "NWheels.Samples.HelloWorld.HelloService", "Samples\HelloWorld\NWheels.Samples.HelloWorld.HelloService\NWheels.Samples.HelloWorld.HelloService.csproj", "{17E152BD-9ECD-4861-80FE-D0E43D4E2890}"
EndProject
Project("{9A19103F-16F7-4668-BE54-9A1E7A4F7556}") = "NWheels.Samples.HelloWorld.Tests", "Samples\HelloWorld\NWheels.Samples.HelloWorld.Tests\NWheels.Samples.HelloWorld.Tests.csproj", "{E3280A42-AF65-495B-BFF4-88CF9938C598}"
EndProject
Project("{2150E333-8FDC-42A3-9474-1A3956D46DE8}") = "ApplicationSecurity", "ApplicationSecurity", "{0CEA7ABC-E601-45F2-B6B7-B1DAD9B21F23}"
EndProject
Project("{2150E333-8FDC-42A3-9474-1A3956D46DE8}") = "Crm", "Crm", "{4D23C142-849E-4D7D-B854-8124D25CE868}"
EndProject
Project("{2150E333-8FDC-42A3-9474-1A3956D46DE8}") = "Merchant", "Merchant", "{14B91C2F-D386-4F0B-BE0A-9CB6AC914816}"
EndProject
Project("{9A19103F-16F7-4668-BE54-9A1E7A4F7556}") = "NWheels.Domains.ApplicationSecurity", "Domains\ApplicationSecurity\NWheels.Domains.ApplicationSecurity\NWheels.Domains.ApplicationSecurity.csproj", "{1C6E9F4F-0A80-477D-9323-0166CCF7147B}"
EndProject
Project("{9A19103F-16F7-4668-BE54-9A1E7A4F7556}") = "NWheels.Domains.ApplicationSecurity.UnitTests", "Domains\ApplicationSecurity\NWheels.Domains.ApplicationSecurity.UnitTests\NWheels.Domains.ApplicationSecurity.UnitTests.csproj", "{1CD6ECCF-FCFC-4A98-AD60-1F6F7D902055}"
EndProject
Project("{9A19103F-16F7-4668-BE54-9A1E7A4F7556}") = "NWheels.Domains.Crm", "Domains\Crm\NWheels.Domains.Crm\NWheels.Domains.Crm.csproj", "{4F7E5ED3-4F6E-46D2-B3C5-08BA1EE75A1F}"
EndProject
Project("{9A19103F-16F7-4668-BE54-9A1E7A4F7556}") = "NWheels.Domains.Crm.UnitTests", "Domains\Crm\NWheels.Domains.Crm.UnitTests\NWheels.Domains.Crm.UnitTests.csproj", "{8EEA6F9A-7162-425C-8F7B-3EEA42745D58}"
EndProject
Project("{9A19103F-16F7-4668-BE54-9A1E7A4F7556}") = "NWheels.Domains.Merchant", "Domains\Merchant\NWheels.Domains.Merchant\NWheels.Domains.Merchant.csproj", "{47D9DB1E-F015-4637-8587-F91FCBD6E227}"
EndProject
Project("{9A19103F-16F7-4668-BE54-9A1E7A4F7556}") = "NWheels.Domains.Merchant.UnitTests", "Domains\Merchant\NWheels.Domains.Merchant.UnitTests\NWheels.Domains.Merchant.UnitTests.csproj", "{E06E787F-97AC-4CF9-9A7F-40CA193235E8}"
EndProject
Global
	GlobalSection(SolutionConfigurationPlatforms) = preSolution
		Debug|Any CPU = Debug|Any CPU
		Release|Any CPU = Release|Any CPU
	EndGlobalSection
	GlobalSection(ProjectConfigurationPlatforms) = postSolution
		{DD63F3C1-588A-4E40-999F-12852487A2FF}.Debug|Any CPU.ActiveCfg = Debug|Any CPU
		{DD63F3C1-588A-4E40-999F-12852487A2FF}.Debug|Any CPU.Build.0 = Debug|Any CPU
		{DD63F3C1-588A-4E40-999F-12852487A2FF}.Release|Any CPU.ActiveCfg = Release|Any CPU
		{DD63F3C1-588A-4E40-999F-12852487A2FF}.Release|Any CPU.Build.0 = Release|Any CPU
		{5B1652C3-E64E-4A7A-9DF8-AA6A11E2283D}.Debug|Any CPU.ActiveCfg = Debug|Any CPU
		{5B1652C3-E64E-4A7A-9DF8-AA6A11E2283D}.Debug|Any CPU.Build.0 = Debug|Any CPU
		{5B1652C3-E64E-4A7A-9DF8-AA6A11E2283D}.Release|Any CPU.ActiveCfg = Release|Any CPU
		{5B1652C3-E64E-4A7A-9DF8-AA6A11E2283D}.Release|Any CPU.Build.0 = Release|Any CPU
		{041CD519-5128-495C-A25D-9E5A2F2915E0}.Debug|Any CPU.ActiveCfg = Debug|Any CPU
		{041CD519-5128-495C-A25D-9E5A2F2915E0}.Debug|Any CPU.Build.0 = Debug|Any CPU
		{041CD519-5128-495C-A25D-9E5A2F2915E0}.Release|Any CPU.ActiveCfg = Release|Any CPU
		{041CD519-5128-495C-A25D-9E5A2F2915E0}.Release|Any CPU.Build.0 = Release|Any CPU
		{34FAA101-4B32-460E-A66C-7131BCBA280F}.Debug|Any CPU.ActiveCfg = Debug|Any CPU
		{34FAA101-4B32-460E-A66C-7131BCBA280F}.Debug|Any CPU.Build.0 = Debug|Any CPU
		{34FAA101-4B32-460E-A66C-7131BCBA280F}.Release|Any CPU.ActiveCfg = Release|Any CPU
		{34FAA101-4B32-460E-A66C-7131BCBA280F}.Release|Any CPU.Build.0 = Release|Any CPU
		{99B41DD5-CC9C-4396-B7FA-D5C92E4E566B}.Debug|Any CPU.ActiveCfg = Debug|Any CPU
		{99B41DD5-CC9C-4396-B7FA-D5C92E4E566B}.Debug|Any CPU.Build.0 = Debug|Any CPU
		{99B41DD5-CC9C-4396-B7FA-D5C92E4E566B}.Release|Any CPU.ActiveCfg = Release|Any CPU
		{99B41DD5-CC9C-4396-B7FA-D5C92E4E566B}.Release|Any CPU.Build.0 = Release|Any CPU
		{69CFAFE9-3013-466A-9F4D-49E70E590062}.Debug|Any CPU.ActiveCfg = Debug|Any CPU
		{69CFAFE9-3013-466A-9F4D-49E70E590062}.Debug|Any CPU.Build.0 = Debug|Any CPU
		{69CFAFE9-3013-466A-9F4D-49E70E590062}.Release|Any CPU.ActiveCfg = Release|Any CPU
		{69CFAFE9-3013-466A-9F4D-49E70E590062}.Release|Any CPU.Build.0 = Release|Any CPU
		{7097D9FA-7B23-4040-8D6D-ABCA62E90817}.Debug|Any CPU.ActiveCfg = Debug|Any CPU
		{7097D9FA-7B23-4040-8D6D-ABCA62E90817}.Debug|Any CPU.Build.0 = Debug|Any CPU
		{7097D9FA-7B23-4040-8D6D-ABCA62E90817}.Release|Any CPU.ActiveCfg = Release|Any CPU
		{7097D9FA-7B23-4040-8D6D-ABCA62E90817}.Release|Any CPU.Build.0 = Release|Any CPU
		{C91A428A-1F8B-4ABB-9E29-4CA65439F0CA}.Debug|Any CPU.ActiveCfg = Debug|Any CPU
		{C91A428A-1F8B-4ABB-9E29-4CA65439F0CA}.Debug|Any CPU.Build.0 = Debug|Any CPU
		{C91A428A-1F8B-4ABB-9E29-4CA65439F0CA}.Release|Any CPU.ActiveCfg = Release|Any CPU
		{C91A428A-1F8B-4ABB-9E29-4CA65439F0CA}.Release|Any CPU.Build.0 = Release|Any CPU
		{259CB6A1-44E0-4874-85E8-39213EE97A17}.Debug|Any CPU.ActiveCfg = Debug|Any CPU
		{259CB6A1-44E0-4874-85E8-39213EE97A17}.Debug|Any CPU.Build.0 = Debug|Any CPU
		{259CB6A1-44E0-4874-85E8-39213EE97A17}.Release|Any CPU.ActiveCfg = Release|Any CPU
		{259CB6A1-44E0-4874-85E8-39213EE97A17}.Release|Any CPU.Build.0 = Release|Any CPU
		{B550D76A-05D3-4BF3-AE8A-0469CDE319E3}.Debug|Any CPU.ActiveCfg = Debug|Any CPU
		{B550D76A-05D3-4BF3-AE8A-0469CDE319E3}.Debug|Any CPU.Build.0 = Debug|Any CPU
		{B550D76A-05D3-4BF3-AE8A-0469CDE319E3}.Release|Any CPU.ActiveCfg = Release|Any CPU
		{B550D76A-05D3-4BF3-AE8A-0469CDE319E3}.Release|Any CPU.Build.0 = Release|Any CPU
		{861C034D-7611-404D-88ED-1A083994095D}.Debug|Any CPU.ActiveCfg = Debug|Any CPU
		{861C034D-7611-404D-88ED-1A083994095D}.Debug|Any CPU.Build.0 = Debug|Any CPU
		{861C034D-7611-404D-88ED-1A083994095D}.Release|Any CPU.ActiveCfg = Release|Any CPU
		{861C034D-7611-404D-88ED-1A083994095D}.Release|Any CPU.Build.0 = Release|Any CPU
		{0D6CCC0A-57F8-489E-AC01-2E426B5DED12}.Debug|Any CPU.ActiveCfg = Debug|Any CPU
		{0D6CCC0A-57F8-489E-AC01-2E426B5DED12}.Debug|Any CPU.Build.0 = Debug|Any CPU
		{0D6CCC0A-57F8-489E-AC01-2E426B5DED12}.Release|Any CPU.ActiveCfg = Release|Any CPU
		{0D6CCC0A-57F8-489E-AC01-2E426B5DED12}.Release|Any CPU.Build.0 = Release|Any CPU
		{440C204D-FFE8-408F-88C0-40CBD6761B0C}.Debug|Any CPU.ActiveCfg = Debug|Any CPU
		{440C204D-FFE8-408F-88C0-40CBD6761B0C}.Debug|Any CPU.Build.0 = Debug|Any CPU
		{440C204D-FFE8-408F-88C0-40CBD6761B0C}.Release|Any CPU.ActiveCfg = Release|Any CPU
		{440C204D-FFE8-408F-88C0-40CBD6761B0C}.Release|Any CPU.Build.0 = Release|Any CPU
		{690F4578-FACB-4001-BF1F-36DCC0F84EC2}.Debug|Any CPU.ActiveCfg = Debug|Any CPU
		{690F4578-FACB-4001-BF1F-36DCC0F84EC2}.Debug|Any CPU.Build.0 = Debug|Any CPU
		{690F4578-FACB-4001-BF1F-36DCC0F84EC2}.Release|Any CPU.ActiveCfg = Release|Any CPU
		{690F4578-FACB-4001-BF1F-36DCC0F84EC2}.Release|Any CPU.Build.0 = Release|Any CPU
		{B5EAF809-09D2-45CA-9E2F-DE6FDA5B041B}.Debug|Any CPU.ActiveCfg = Debug|Any CPU
		{B5EAF809-09D2-45CA-9E2F-DE6FDA5B041B}.Debug|Any CPU.Build.0 = Debug|Any CPU
		{B5EAF809-09D2-45CA-9E2F-DE6FDA5B041B}.Release|Any CPU.ActiveCfg = Release|Any CPU
		{B5EAF809-09D2-45CA-9E2F-DE6FDA5B041B}.Release|Any CPU.Build.0 = Release|Any CPU
		{32E6D3A5-78D8-4DEA-8723-C29024A28D50}.Debug|Any CPU.ActiveCfg = Debug|Any CPU
		{32E6D3A5-78D8-4DEA-8723-C29024A28D50}.Debug|Any CPU.Build.0 = Debug|Any CPU
		{32E6D3A5-78D8-4DEA-8723-C29024A28D50}.Release|Any CPU.ActiveCfg = Release|Any CPU
		{32E6D3A5-78D8-4DEA-8723-C29024A28D50}.Release|Any CPU.Build.0 = Release|Any CPU
		{57EBA938-434A-42A9-ADD1-8F8F8A80D0A2}.Debug|Any CPU.ActiveCfg = Debug|Any CPU
		{57EBA938-434A-42A9-ADD1-8F8F8A80D0A2}.Debug|Any CPU.Build.0 = Debug|Any CPU
		{57EBA938-434A-42A9-ADD1-8F8F8A80D0A2}.Release|Any CPU.ActiveCfg = Release|Any CPU
		{57EBA938-434A-42A9-ADD1-8F8F8A80D0A2}.Release|Any CPU.Build.0 = Release|Any CPU
		{C85ED399-9C60-48DC-8416-C7FA4A402593}.Debug|Any CPU.ActiveCfg = Debug|Any CPU
		{C85ED399-9C60-48DC-8416-C7FA4A402593}.Debug|Any CPU.Build.0 = Debug|Any CPU
		{C85ED399-9C60-48DC-8416-C7FA4A402593}.Release|Any CPU.ActiveCfg = Release|Any CPU
		{C85ED399-9C60-48DC-8416-C7FA4A402593}.Release|Any CPU.Build.0 = Release|Any CPU
		{FD4461BA-8098-40E7-8CAD-F33A4103CA03}.Debug|Any CPU.ActiveCfg = Debug|Any CPU
		{FD4461BA-8098-40E7-8CAD-F33A4103CA03}.Debug|Any CPU.Build.0 = Debug|Any CPU
		{FD4461BA-8098-40E7-8CAD-F33A4103CA03}.Release|Any CPU.ActiveCfg = Release|Any CPU
		{FD4461BA-8098-40E7-8CAD-F33A4103CA03}.Release|Any CPU.Build.0 = Release|Any CPU
		{0A8086FB-D875-4178-ADA9-9F1477D3F0E5}.Debug|Any CPU.ActiveCfg = Debug|Any CPU
		{0A8086FB-D875-4178-ADA9-9F1477D3F0E5}.Debug|Any CPU.Build.0 = Debug|Any CPU
		{0A8086FB-D875-4178-ADA9-9F1477D3F0E5}.Release|Any CPU.ActiveCfg = Release|Any CPU
		{0A8086FB-D875-4178-ADA9-9F1477D3F0E5}.Release|Any CPU.Build.0 = Release|Any CPU
		{B477D6C3-19EA-4638-A9A3-98C2D8EDBAFA}.Debug|Any CPU.ActiveCfg = Debug|Any CPU
		{B477D6C3-19EA-4638-A9A3-98C2D8EDBAFA}.Debug|Any CPU.Build.0 = Debug|Any CPU
		{B477D6C3-19EA-4638-A9A3-98C2D8EDBAFA}.Release|Any CPU.ActiveCfg = Release|Any CPU
		{B477D6C3-19EA-4638-A9A3-98C2D8EDBAFA}.Release|Any CPU.Build.0 = Release|Any CPU
		{85E96D14-AF54-4F0D-9E23-41BA6A40382B}.Debug|Any CPU.ActiveCfg = Debug|Any CPU
		{85E96D14-AF54-4F0D-9E23-41BA6A40382B}.Debug|Any CPU.Build.0 = Debug|Any CPU
		{85E96D14-AF54-4F0D-9E23-41BA6A40382B}.Release|Any CPU.ActiveCfg = Release|Any CPU
		{85E96D14-AF54-4F0D-9E23-41BA6A40382B}.Release|Any CPU.Build.0 = Release|Any CPU
		{175A565F-A2BD-45A5-9116-15DBC32E9B77}.Debug|Any CPU.ActiveCfg = Debug|Any CPU
		{175A565F-A2BD-45A5-9116-15DBC32E9B77}.Debug|Any CPU.Build.0 = Debug|Any CPU
		{175A565F-A2BD-45A5-9116-15DBC32E9B77}.Release|Any CPU.ActiveCfg = Release|Any CPU
		{175A565F-A2BD-45A5-9116-15DBC32E9B77}.Release|Any CPU.Build.0 = Release|Any CPU
		{D8245D83-1B6D-4B32-A25B-011A10CB2523}.Debug|Any CPU.ActiveCfg = Debug|Any CPU
		{D8245D83-1B6D-4B32-A25B-011A10CB2523}.Debug|Any CPU.Build.0 = Debug|Any CPU
		{D8245D83-1B6D-4B32-A25B-011A10CB2523}.Release|Any CPU.ActiveCfg = Release|Any CPU
		{D8245D83-1B6D-4B32-A25B-011A10CB2523}.Release|Any CPU.Build.0 = Release|Any CPU
		{57933511-A8C1-4653-BBD6-9BD40AF69D40}.Debug|Any CPU.ActiveCfg = Debug|Any CPU
		{57933511-A8C1-4653-BBD6-9BD40AF69D40}.Debug|Any CPU.Build.0 = Debug|Any CPU
		{57933511-A8C1-4653-BBD6-9BD40AF69D40}.Release|Any CPU.ActiveCfg = Release|Any CPU
		{57933511-A8C1-4653-BBD6-9BD40AF69D40}.Release|Any CPU.Build.0 = Release|Any CPU
		{F4553BCF-DF07-4F30-8B8D-33296B82A648}.Debug|Any CPU.ActiveCfg = Debug|Any CPU
		{F4553BCF-DF07-4F30-8B8D-33296B82A648}.Debug|Any CPU.Build.0 = Debug|Any CPU
		{F4553BCF-DF07-4F30-8B8D-33296B82A648}.Release|Any CPU.ActiveCfg = Release|Any CPU
		{F4553BCF-DF07-4F30-8B8D-33296B82A648}.Release|Any CPU.Build.0 = Release|Any CPU
		{DB7D352E-0FBA-4C46-B971-E67306C95DD9}.Debug|Any CPU.ActiveCfg = Debug|Any CPU
		{DB7D352E-0FBA-4C46-B971-E67306C95DD9}.Debug|Any CPU.Build.0 = Debug|Any CPU
		{DB7D352E-0FBA-4C46-B971-E67306C95DD9}.Release|Any CPU.ActiveCfg = Release|Any CPU
		{DB7D352E-0FBA-4C46-B971-E67306C95DD9}.Release|Any CPU.Build.0 = Release|Any CPU
		{D0CE565D-C1A8-4AA5-961F-7251E9279157}.Debug|Any CPU.ActiveCfg = Debug|Any CPU
		{D0CE565D-C1A8-4AA5-961F-7251E9279157}.Debug|Any CPU.Build.0 = Debug|Any CPU
		{D0CE565D-C1A8-4AA5-961F-7251E9279157}.Release|Any CPU.ActiveCfg = Release|Any CPU
		{D0CE565D-C1A8-4AA5-961F-7251E9279157}.Release|Any CPU.Build.0 = Release|Any CPU
		{30923877-37EC-424D-BF53-8E3221D45974}.Debug|Any CPU.ActiveCfg = Debug|Any CPU
		{30923877-37EC-424D-BF53-8E3221D45974}.Debug|Any CPU.Build.0 = Debug|Any CPU
		{30923877-37EC-424D-BF53-8E3221D45974}.Release|Any CPU.ActiveCfg = Release|Any CPU
		{30923877-37EC-424D-BF53-8E3221D45974}.Release|Any CPU.Build.0 = Release|Any CPU
		{8B1B4CC7-4343-4450-A031-A77098FD122B}.Debug|Any CPU.ActiveCfg = Debug|Any CPU
		{8B1B4CC7-4343-4450-A031-A77098FD122B}.Debug|Any CPU.Build.0 = Debug|Any CPU
		{8B1B4CC7-4343-4450-A031-A77098FD122B}.Release|Any CPU.ActiveCfg = Release|Any CPU
		{8B1B4CC7-4343-4450-A031-A77098FD122B}.Release|Any CPU.Build.0 = Release|Any CPU
		{7FF1B7C3-572B-4A01-8AED-861EA32D32CC}.Debug|Any CPU.ActiveCfg = Debug|Any CPU
		{7FF1B7C3-572B-4A01-8AED-861EA32D32CC}.Debug|Any CPU.Build.0 = Debug|Any CPU
		{7FF1B7C3-572B-4A01-8AED-861EA32D32CC}.Release|Any CPU.ActiveCfg = Release|Any CPU
		{7FF1B7C3-572B-4A01-8AED-861EA32D32CC}.Release|Any CPU.Build.0 = Release|Any CPU
		{35C74488-D32E-432F-9487-E4B7C977A77A}.Debug|Any CPU.ActiveCfg = Debug|Any CPU
		{35C74488-D32E-432F-9487-E4B7C977A77A}.Debug|Any CPU.Build.0 = Debug|Any CPU
		{35C74488-D32E-432F-9487-E4B7C977A77A}.Release|Any CPU.ActiveCfg = Release|Any CPU
		{35C74488-D32E-432F-9487-E4B7C977A77A}.Release|Any CPU.Build.0 = Release|Any CPU
		{99734B1A-0F6E-4956-ABAF-282E2DC52599}.Debug|Any CPU.ActiveCfg = Debug|Any CPU
		{99734B1A-0F6E-4956-ABAF-282E2DC52599}.Debug|Any CPU.Build.0 = Debug|Any CPU
		{99734B1A-0F6E-4956-ABAF-282E2DC52599}.Release|Any CPU.ActiveCfg = Release|Any CPU
		{99734B1A-0F6E-4956-ABAF-282E2DC52599}.Release|Any CPU.Build.0 = Release|Any CPU
		{40DCEB18-71BC-49BE-BA76-47716558D6B2}.Debug|Any CPU.ActiveCfg = Debug|Any CPU
		{40DCEB18-71BC-49BE-BA76-47716558D6B2}.Debug|Any CPU.Build.0 = Debug|Any CPU
		{40DCEB18-71BC-49BE-BA76-47716558D6B2}.Release|Any CPU.ActiveCfg = Release|Any CPU
		{40DCEB18-71BC-49BE-BA76-47716558D6B2}.Release|Any CPU.Build.0 = Release|Any CPU
		{72CACB27-6016-4465-8B48-0DD1F9DF9C8D}.Debug|Any CPU.ActiveCfg = Debug|Any CPU
		{72CACB27-6016-4465-8B48-0DD1F9DF9C8D}.Debug|Any CPU.Build.0 = Debug|Any CPU
		{72CACB27-6016-4465-8B48-0DD1F9DF9C8D}.Release|Any CPU.ActiveCfg = Release|Any CPU
		{72CACB27-6016-4465-8B48-0DD1F9DF9C8D}.Release|Any CPU.Build.0 = Release|Any CPU
		{433D25B9-F14D-4F11-BAB7-F923E2E36D02}.Debug|Any CPU.ActiveCfg = Debug|Any CPU
		{433D25B9-F14D-4F11-BAB7-F923E2E36D02}.Debug|Any CPU.Build.0 = Debug|Any CPU
		{433D25B9-F14D-4F11-BAB7-F923E2E36D02}.Release|Any CPU.ActiveCfg = Release|Any CPU
		{433D25B9-F14D-4F11-BAB7-F923E2E36D02}.Release|Any CPU.Build.0 = Release|Any CPU
		{A5EECC95-EE49-4130-A2BB-61F43C25D29F}.Debug|Any CPU.ActiveCfg = Debug|Any CPU
		{A5EECC95-EE49-4130-A2BB-61F43C25D29F}.Debug|Any CPU.Build.0 = Debug|Any CPU
		{A5EECC95-EE49-4130-A2BB-61F43C25D29F}.Release|Any CPU.ActiveCfg = Release|Any CPU
		{A5EECC95-EE49-4130-A2BB-61F43C25D29F}.Release|Any CPU.Build.0 = Release|Any CPU
		{6FAD0A24-2E7D-4387-9B2C-94A676A6D138}.Debug|Any CPU.ActiveCfg = Debug|Any CPU
		{6FAD0A24-2E7D-4387-9B2C-94A676A6D138}.Debug|Any CPU.Build.0 = Debug|Any CPU
		{6FAD0A24-2E7D-4387-9B2C-94A676A6D138}.Release|Any CPU.ActiveCfg = Release|Any CPU
		{6FAD0A24-2E7D-4387-9B2C-94A676A6D138}.Release|Any CPU.Build.0 = Release|Any CPU
		{8BA1C2A4-16B8-4675-9967-380114F8D159}.Debug|Any CPU.ActiveCfg = Debug|Any CPU
		{8BA1C2A4-16B8-4675-9967-380114F8D159}.Debug|Any CPU.Build.0 = Debug|Any CPU
		{8BA1C2A4-16B8-4675-9967-380114F8D159}.Release|Any CPU.ActiveCfg = Release|Any CPU
		{8BA1C2A4-16B8-4675-9967-380114F8D159}.Release|Any CPU.Build.0 = Release|Any CPU
		{7CAD2B50-B2C5-4904-AD42-C5D6E0D7926D}.Debug|Any CPU.ActiveCfg = Debug|Any CPU
		{7CAD2B50-B2C5-4904-AD42-C5D6E0D7926D}.Debug|Any CPU.Build.0 = Debug|Any CPU
		{7CAD2B50-B2C5-4904-AD42-C5D6E0D7926D}.Release|Any CPU.ActiveCfg = Release|Any CPU
		{7CAD2B50-B2C5-4904-AD42-C5D6E0D7926D}.Release|Any CPU.Build.0 = Release|Any CPU
		{1F8CAA39-1032-4A03-9136-3B6903C95B5D}.Debug|Any CPU.ActiveCfg = Debug|Any CPU
		{1F8CAA39-1032-4A03-9136-3B6903C95B5D}.Debug|Any CPU.Build.0 = Debug|Any CPU
		{1F8CAA39-1032-4A03-9136-3B6903C95B5D}.Release|Any CPU.ActiveCfg = Release|Any CPU
		{1F8CAA39-1032-4A03-9136-3B6903C95B5D}.Release|Any CPU.Build.0 = Release|Any CPU
		{72BEE7E9-97F7-44FB-BAF3-1FFF535DFB0E}.Debug|Any CPU.ActiveCfg = Debug|Any CPU
		{72BEE7E9-97F7-44FB-BAF3-1FFF535DFB0E}.Debug|Any CPU.Build.0 = Debug|Any CPU
		{72BEE7E9-97F7-44FB-BAF3-1FFF535DFB0E}.Release|Any CPU.ActiveCfg = Release|Any CPU
		{72BEE7E9-97F7-44FB-BAF3-1FFF535DFB0E}.Release|Any CPU.Build.0 = Release|Any CPU
		{EF81A93C-1D9C-4BFD-918F-441D446CF44B}.Debug|Any CPU.ActiveCfg = Debug|Any CPU
		{EF81A93C-1D9C-4BFD-918F-441D446CF44B}.Debug|Any CPU.Build.0 = Debug|Any CPU
		{EF81A93C-1D9C-4BFD-918F-441D446CF44B}.Release|Any CPU.ActiveCfg = Release|Any CPU
		{EF81A93C-1D9C-4BFD-918F-441D446CF44B}.Release|Any CPU.Build.0 = Release|Any CPU
		{FA1E7E86-08B0-430D-8CF1-EF10F7D7C20F}.Debug|Any CPU.ActiveCfg = Debug|Any CPU
		{FA1E7E86-08B0-430D-8CF1-EF10F7D7C20F}.Debug|Any CPU.Build.0 = Debug|Any CPU
		{FA1E7E86-08B0-430D-8CF1-EF10F7D7C20F}.Release|Any CPU.ActiveCfg = Release|Any CPU
		{FA1E7E86-08B0-430D-8CF1-EF10F7D7C20F}.Release|Any CPU.Build.0 = Release|Any CPU
		{AE90DE8B-FDBD-4573-88E1-952D116CDD93}.Debug|Any CPU.ActiveCfg = Debug|Any CPU
		{AE90DE8B-FDBD-4573-88E1-952D116CDD93}.Debug|Any CPU.Build.0 = Debug|Any CPU
		{AE90DE8B-FDBD-4573-88E1-952D116CDD93}.Release|Any CPU.ActiveCfg = Release|Any CPU
		{AE90DE8B-FDBD-4573-88E1-952D116CDD93}.Release|Any CPU.Build.0 = Release|Any CPU
		{5C21AA43-6778-4EE6-8298-4DFAFE5A37F9}.Debug|Any CPU.ActiveCfg = Debug|Any CPU
		{5C21AA43-6778-4EE6-8298-4DFAFE5A37F9}.Debug|Any CPU.Build.0 = Debug|Any CPU
		{5C21AA43-6778-4EE6-8298-4DFAFE5A37F9}.Release|Any CPU.ActiveCfg = Release|Any CPU
		{5C21AA43-6778-4EE6-8298-4DFAFE5A37F9}.Release|Any CPU.Build.0 = Release|Any CPU
		{151A4EA1-18D1-475A-BB99-69769D3A3B3F}.Debug|Any CPU.ActiveCfg = Debug|Any CPU
		{151A4EA1-18D1-475A-BB99-69769D3A3B3F}.Debug|Any CPU.Build.0 = Debug|Any CPU
		{151A4EA1-18D1-475A-BB99-69769D3A3B3F}.Release|Any CPU.ActiveCfg = Release|Any CPU
		{151A4EA1-18D1-475A-BB99-69769D3A3B3F}.Release|Any CPU.Build.0 = Release|Any CPU
		{4F8064E7-9579-45EF-8212-C3B5201C7D43}.Debug|Any CPU.ActiveCfg = Debug|Any CPU
		{4F8064E7-9579-45EF-8212-C3B5201C7D43}.Debug|Any CPU.Build.0 = Debug|Any CPU
		{4F8064E7-9579-45EF-8212-C3B5201C7D43}.Release|Any CPU.ActiveCfg = Release|Any CPU
		{4F8064E7-9579-45EF-8212-C3B5201C7D43}.Release|Any CPU.Build.0 = Release|Any CPU
		{AE3C93C8-280D-4998-8F6A-863BD814741D}.Debug|Any CPU.ActiveCfg = Debug|Any CPU
		{AE3C93C8-280D-4998-8F6A-863BD814741D}.Debug|Any CPU.Build.0 = Debug|Any CPU
		{AE3C93C8-280D-4998-8F6A-863BD814741D}.Release|Any CPU.ActiveCfg = Release|Any CPU
		{AE3C93C8-280D-4998-8F6A-863BD814741D}.Release|Any CPU.Build.0 = Release|Any CPU
		{B38D8AFA-E208-4FDB-AFE5-39D52751FD07}.Debug|Any CPU.ActiveCfg = Debug|Any CPU
		{B38D8AFA-E208-4FDB-AFE5-39D52751FD07}.Debug|Any CPU.Build.0 = Debug|Any CPU
		{B38D8AFA-E208-4FDB-AFE5-39D52751FD07}.Release|Any CPU.ActiveCfg = Release|Any CPU
		{B38D8AFA-E208-4FDB-AFE5-39D52751FD07}.Release|Any CPU.Build.0 = Release|Any CPU
		{3F40EB5A-C47A-4DB6-A6B4-5592352B2824}.Debug|Any CPU.ActiveCfg = Debug|Any CPU
		{3F40EB5A-C47A-4DB6-A6B4-5592352B2824}.Debug|Any CPU.Build.0 = Debug|Any CPU
		{3F40EB5A-C47A-4DB6-A6B4-5592352B2824}.Release|Any CPU.ActiveCfg = Release|Any CPU
		{3F40EB5A-C47A-4DB6-A6B4-5592352B2824}.Release|Any CPU.Build.0 = Release|Any CPU
		{EFE42987-E0FC-41E3-8160-B8FC90903BD6}.Debug|Any CPU.ActiveCfg = Debug|Any CPU
		{EFE42987-E0FC-41E3-8160-B8FC90903BD6}.Debug|Any CPU.Build.0 = Debug|Any CPU
		{EFE42987-E0FC-41E3-8160-B8FC90903BD6}.Release|Any CPU.ActiveCfg = Release|Any CPU
		{EFE42987-E0FC-41E3-8160-B8FC90903BD6}.Release|Any CPU.Build.0 = Release|Any CPU
		{17E152BD-9ECD-4861-80FE-D0E43D4E2890}.Debug|Any CPU.ActiveCfg = Debug|Any CPU
		{17E152BD-9ECD-4861-80FE-D0E43D4E2890}.Debug|Any CPU.Build.0 = Debug|Any CPU
		{17E152BD-9ECD-4861-80FE-D0E43D4E2890}.Release|Any CPU.ActiveCfg = Release|Any CPU
		{17E152BD-9ECD-4861-80FE-D0E43D4E2890}.Release|Any CPU.Build.0 = Release|Any CPU
		{E3280A42-AF65-495B-BFF4-88CF9938C598}.Debug|Any CPU.ActiveCfg = Debug|Any CPU
		{E3280A42-AF65-495B-BFF4-88CF9938C598}.Debug|Any CPU.Build.0 = Debug|Any CPU
		{E3280A42-AF65-495B-BFF4-88CF9938C598}.Release|Any CPU.ActiveCfg = Release|Any CPU
		{E3280A42-AF65-495B-BFF4-88CF9938C598}.Release|Any CPU.Build.0 = Release|Any CPU
		{1C6E9F4F-0A80-477D-9323-0166CCF7147B}.Debug|Any CPU.ActiveCfg = Debug|Any CPU
		{1C6E9F4F-0A80-477D-9323-0166CCF7147B}.Debug|Any CPU.Build.0 = Debug|Any CPU
		{1C6E9F4F-0A80-477D-9323-0166CCF7147B}.Release|Any CPU.ActiveCfg = Release|Any CPU
		{1C6E9F4F-0A80-477D-9323-0166CCF7147B}.Release|Any CPU.Build.0 = Release|Any CPU
		{1CD6ECCF-FCFC-4A98-AD60-1F6F7D902055}.Debug|Any CPU.ActiveCfg = Debug|Any CPU
		{1CD6ECCF-FCFC-4A98-AD60-1F6F7D902055}.Debug|Any CPU.Build.0 = Debug|Any CPU
		{1CD6ECCF-FCFC-4A98-AD60-1F6F7D902055}.Release|Any CPU.ActiveCfg = Release|Any CPU
		{1CD6ECCF-FCFC-4A98-AD60-1F6F7D902055}.Release|Any CPU.Build.0 = Release|Any CPU
		{4F7E5ED3-4F6E-46D2-B3C5-08BA1EE75A1F}.Debug|Any CPU.ActiveCfg = Debug|Any CPU
		{4F7E5ED3-4F6E-46D2-B3C5-08BA1EE75A1F}.Debug|Any CPU.Build.0 = Debug|Any CPU
		{4F7E5ED3-4F6E-46D2-B3C5-08BA1EE75A1F}.Release|Any CPU.ActiveCfg = Release|Any CPU
		{4F7E5ED3-4F6E-46D2-B3C5-08BA1EE75A1F}.Release|Any CPU.Build.0 = Release|Any CPU
		{8EEA6F9A-7162-425C-8F7B-3EEA42745D58}.Debug|Any CPU.ActiveCfg = Debug|Any CPU
		{8EEA6F9A-7162-425C-8F7B-3EEA42745D58}.Debug|Any CPU.Build.0 = Debug|Any CPU
		{8EEA6F9A-7162-425C-8F7B-3EEA42745D58}.Release|Any CPU.ActiveCfg = Release|Any CPU
		{8EEA6F9A-7162-425C-8F7B-3EEA42745D58}.Release|Any CPU.Build.0 = Release|Any CPU
		{47D9DB1E-F015-4637-8587-F91FCBD6E227}.Debug|Any CPU.ActiveCfg = Debug|Any CPU
		{47D9DB1E-F015-4637-8587-F91FCBD6E227}.Debug|Any CPU.Build.0 = Debug|Any CPU
		{47D9DB1E-F015-4637-8587-F91FCBD6E227}.Release|Any CPU.ActiveCfg = Release|Any CPU
		{47D9DB1E-F015-4637-8587-F91FCBD6E227}.Release|Any CPU.Build.0 = Release|Any CPU
		{E06E787F-97AC-4CF9-9A7F-40CA193235E8}.Debug|Any CPU.ActiveCfg = Debug|Any CPU
		{E06E787F-97AC-4CF9-9A7F-40CA193235E8}.Debug|Any CPU.Build.0 = Debug|Any CPU
		{E06E787F-97AC-4CF9-9A7F-40CA193235E8}.Release|Any CPU.ActiveCfg = Release|Any CPU
		{E06E787F-97AC-4CF9-9A7F-40CA193235E8}.Release|Any CPU.Build.0 = Release|Any CPU
	EndGlobalSection
	GlobalSection(SolutionProperties) = preSolution
		HideSolutionNode = FALSE
	EndGlobalSection
	GlobalSection(NestedProjects) = preSolution
		{DD63F3C1-588A-4E40-999F-12852487A2FF} = {182E6477-F5DC-454F-916F-AE3189C06E0B}
		{182E6477-F5DC-454F-916F-AE3189C06E0B} = {EFACFEB8-26E0-48D4-A204-48FF72E06899}
		{5B1652C3-E64E-4A7A-9DF8-AA6A11E2283D} = {182E6477-F5DC-454F-916F-AE3189C06E0B}
		{F263B2A6-6BA5-4ADB-9D09-2CB71C3BBD5C} = {EFACFEB8-26E0-48D4-A204-48FF72E06899}
		{13D62A5F-4ED0-4D2E-8346-F5421B4FD211} = {EFACFEB8-26E0-48D4-A204-48FF72E06899}
		{C5F3DA86-0D8D-448A-A0B1-8354B85C2021} = {EFACFEB8-26E0-48D4-A204-48FF72E06899}
		{BD01FC00-594E-493C-BFDB-016754AA479D} = {EFACFEB8-26E0-48D4-A204-48FF72E06899}
		{4AAAB4BC-D5D2-4186-A5CB-BBC62ADAADCF} = {EFACFEB8-26E0-48D4-A204-48FF72E06899}
		{5DD7F3C7-5D68-42CC-82A9-0B5814C39FE6} = {EFACFEB8-26E0-48D4-A204-48FF72E06899}
		{6F795FD8-6ECC-427B-BFA0-5334C5D43509} = {EFACFEB8-26E0-48D4-A204-48FF72E06899}
		{EBB39D4A-DE6E-483B-AAAC-E2470CC2EEBF} = {EFACFEB8-26E0-48D4-A204-48FF72E06899}
		{AE032C42-A0C1-49F5-86C4-18184986A352} = {EFACFEB8-26E0-48D4-A204-48FF72E06899}
		{6B1E14D0-431E-4898-82CE-D9B10DBD36AF} = {EFACFEB8-26E0-48D4-A204-48FF72E06899}
		{041CD519-5128-495C-A25D-9E5A2F2915E0} = {F263B2A6-6BA5-4ADB-9D09-2CB71C3BBD5C}
		{34FAA101-4B32-460E-A66C-7131BCBA280F} = {F263B2A6-6BA5-4ADB-9D09-2CB71C3BBD5C}
		{99B41DD5-CC9C-4396-B7FA-D5C92E4E566B} = {13D62A5F-4ED0-4D2E-8346-F5421B4FD211}
		{69CFAFE9-3013-466A-9F4D-49E70E590062} = {13D62A5F-4ED0-4D2E-8346-F5421B4FD211}
		{7097D9FA-7B23-4040-8D6D-ABCA62E90817} = {C5F3DA86-0D8D-448A-A0B1-8354B85C2021}
		{C91A428A-1F8B-4ABB-9E29-4CA65439F0CA} = {C5F3DA86-0D8D-448A-A0B1-8354B85C2021}
		{259CB6A1-44E0-4874-85E8-39213EE97A17} = {BD01FC00-594E-493C-BFDB-016754AA479D}
		{B550D76A-05D3-4BF3-AE8A-0469CDE319E3} = {BD01FC00-594E-493C-BFDB-016754AA479D}
		{861C034D-7611-404D-88ED-1A083994095D} = {4AAAB4BC-D5D2-4186-A5CB-BBC62ADAADCF}
		{0D6CCC0A-57F8-489E-AC01-2E426B5DED12} = {4AAAB4BC-D5D2-4186-A5CB-BBC62ADAADCF}
		{440C204D-FFE8-408F-88C0-40CBD6761B0C} = {5DD7F3C7-5D68-42CC-82A9-0B5814C39FE6}
		{690F4578-FACB-4001-BF1F-36DCC0F84EC2} = {5DD7F3C7-5D68-42CC-82A9-0B5814C39FE6}
		{B5EAF809-09D2-45CA-9E2F-DE6FDA5B041B} = {6F795FD8-6ECC-427B-BFA0-5334C5D43509}
		{32E6D3A5-78D8-4DEA-8723-C29024A28D50} = {6F795FD8-6ECC-427B-BFA0-5334C5D43509}
		{57EBA938-434A-42A9-ADD1-8F8F8A80D0A2} = {EBB39D4A-DE6E-483B-AAAC-E2470CC2EEBF}
		{C85ED399-9C60-48DC-8416-C7FA4A402593} = {EBB39D4A-DE6E-483B-AAAC-E2470CC2EEBF}
		{FD4461BA-8098-40E7-8CAD-F33A4103CA03} = {AE032C42-A0C1-49F5-86C4-18184986A352}
		{0A8086FB-D875-4178-ADA9-9F1477D3F0E5} = {AE032C42-A0C1-49F5-86C4-18184986A352}
		{B477D6C3-19EA-4638-A9A3-98C2D8EDBAFA} = {6B1E14D0-431E-4898-82CE-D9B10DBD36AF}
		{85E96D14-AF54-4F0D-9E23-41BA6A40382B} = {6B1E14D0-431E-4898-82CE-D9B10DBD36AF}
		{4E05717B-44C5-4911-95A5-9AC600E684B5} = {EFACFEB8-26E0-48D4-A204-48FF72E06899}
		{175A565F-A2BD-45A5-9116-15DBC32E9B77} = {4E05717B-44C5-4911-95A5-9AC600E684B5}
		{D8245D83-1B6D-4B32-A25B-011A10CB2523} = {4E05717B-44C5-4911-95A5-9AC600E684B5}
		{70293D83-4F4A-4C2E-A48E-8BBAA58B5731} = {2015961E-11BD-458C-AB4D-548C2A825F5B}
		{31A193A0-FFBC-43B9-8636-1A8C1956648C} = {2015961E-11BD-458C-AB4D-548C2A825F5B}
		{4DAFC834-68BA-4D92-875E-9EB86364A4AD} = {2015961E-11BD-458C-AB4D-548C2A825F5B}
		{37D0113E-8B98-4716-A172-5509934C1797} = {2015961E-11BD-458C-AB4D-548C2A825F5B}
		{57933511-A8C1-4653-BBD6-9BD40AF69D40} = {11058527-481F-46E8-85C0-2AEB24B05936}
		{11058527-481F-46E8-85C0-2AEB24B05936} = {70293D83-4F4A-4C2E-A48E-8BBAA58B5731}
		{F4553BCF-DF07-4F30-8B8D-33296B82A648} = {11058527-481F-46E8-85C0-2AEB24B05936}
		{FA8A2ED4-1696-4510-B333-A47E9FF563CB} = {70293D83-4F4A-4C2E-A48E-8BBAA58B5731}
		{FF7D4488-A9BD-4E74-87E4-A4E7758F6D03} = {70293D83-4F4A-4C2E-A48E-8BBAA58B5731}
		{D35E8A94-D779-4CC5-BCC0-0CFCBAA25689} = {31A193A0-FFBC-43B9-8636-1A8C1956648C}
		{334475E5-FD12-460A-BF6D-A91E978626F9} = {4DAFC834-68BA-4D92-875E-9EB86364A4AD}
		{BAED15DB-DD63-47C5-9FFA-7F230D9232DE} = {4DAFC834-68BA-4D92-875E-9EB86364A4AD}
		{DB7D352E-0FBA-4C46-B971-E67306C95DD9} = {D35E8A94-D779-4CC5-BCC0-0CFCBAA25689}
		{D0CE565D-C1A8-4AA5-961F-7251E9279157} = {D35E8A94-D779-4CC5-BCC0-0CFCBAA25689}
		{C5C403CA-23FE-4240-916E-858B4047F553} = {37D0113E-8B98-4716-A172-5509934C1797}
		{30923877-37EC-424D-BF53-8E3221D45974} = {C5C403CA-23FE-4240-916E-858B4047F553}
		{8B1B4CC7-4343-4450-A031-A77098FD122B} = {C5C403CA-23FE-4240-916E-858B4047F553}
		{7FF1B7C3-572B-4A01-8AED-861EA32D32CC} = {334475E5-FD12-460A-BF6D-A91E978626F9}
		{35C74488-D32E-432F-9487-E4B7C977A77A} = {334475E5-FD12-460A-BF6D-A91E978626F9}
		{99734B1A-0F6E-4956-ABAF-282E2DC52599} = {BAED15DB-DD63-47C5-9FFA-7F230D9232DE}
		{40DCEB18-71BC-49BE-BA76-47716558D6B2} = {BAED15DB-DD63-47C5-9FFA-7F230D9232DE}
		{12E5E292-38D1-46FE-AD3C-0DBFF837099E} = {EFACFEB8-26E0-48D4-A204-48FF72E06899}
		{72CACB27-6016-4465-8B48-0DD1F9DF9C8D} = {12E5E292-38D1-46FE-AD3C-0DBFF837099E}
		{433D25B9-F14D-4F11-BAB7-F923E2E36D02} = {12E5E292-38D1-46FE-AD3C-0DBFF837099E}
		{8C750B8F-2EA4-4923-8112-9D8C34172F7A} = {2015961E-11BD-458C-AB4D-548C2A825F5B}
		{A230A4BA-B5D2-4648-999E-EF331D3B19AB} = {8C750B8F-2EA4-4923-8112-9D8C34172F7A}
		{562BCE22-1E47-4DAE-A949-737EE5855ABE} = {8C750B8F-2EA4-4923-8112-9D8C34172F7A}
		{A5EECC95-EE49-4130-A2BB-61F43C25D29F} = {A230A4BA-B5D2-4648-999E-EF331D3B19AB}
		{6FAD0A24-2E7D-4387-9B2C-94A676A6D138} = {A230A4BA-B5D2-4648-999E-EF331D3B19AB}
		{8BA1C2A4-16B8-4675-9967-380114F8D159} = {562BCE22-1E47-4DAE-A949-737EE5855ABE}
		{7CAD2B50-B2C5-4904-AD42-C5D6E0D7926D} = {562BCE22-1E47-4DAE-A949-737EE5855ABE}
		{CFE46C8B-7015-4C8E-A3D3-23A467ED1130} = {2015961E-11BD-458C-AB4D-548C2A825F5B}
		{BD462636-0DA9-42ED-BA7B-E994EEAE1173} = {CFE46C8B-7015-4C8E-A3D3-23A467ED1130}
		{1F8CAA39-1032-4A03-9136-3B6903C95B5D} = {BD462636-0DA9-42ED-BA7B-E994EEAE1173}
		{72BEE7E9-97F7-44FB-BAF3-1FFF535DFB0E} = {BD462636-0DA9-42ED-BA7B-E994EEAE1173}
		{681CA899-E76C-476B-85F8-6641DDC042A8} = {2015961E-11BD-458C-AB4D-548C2A825F5B}
		{25CED58D-FAC3-4BDA-B709-6684A9BBAEE8} = {681CA899-E76C-476B-85F8-6641DDC042A8}
		{EF81A93C-1D9C-4BFD-918F-441D446CF44B} = {25CED58D-FAC3-4BDA-B709-6684A9BBAEE8}
		{FA1E7E86-08B0-430D-8CF1-EF10F7D7C20F} = {25CED58D-FAC3-4BDA-B709-6684A9BBAEE8}
		{07922097-7065-4AA5-BB86-CE0C9D961173} = {70293D83-4F4A-4C2E-A48E-8BBAA58B5731}
		{AE90DE8B-FDBD-4573-88E1-952D116CDD93} = {07922097-7065-4AA5-BB86-CE0C9D961173}
		{5C21AA43-6778-4EE6-8298-4DFAFE5A37F9} = {07922097-7065-4AA5-BB86-CE0C9D961173}
		{151A4EA1-18D1-475A-BB99-69769D3A3B3F} = {FF7D4488-A9BD-4E74-87E4-A4E7758F6D03}
		{4F8064E7-9579-45EF-8212-C3B5201C7D43} = {FF7D4488-A9BD-4E74-87E4-A4E7758F6D03}
		{AE3C93C8-280D-4998-8F6A-863BD814741D} = {FA8A2ED4-1696-4510-B333-A47E9FF563CB}
		{B38D8AFA-E208-4FDB-AFE5-39D52751FD07} = {FA8A2ED4-1696-4510-B333-A47E9FF563CB}
		{942636CC-00E8-4CE8-9EE5-70BEED3AD409} = {2015961E-11BD-458C-AB4D-548C2A825F5B}
		{83E5C6D8-29C5-4591-B405-1CBACCA03D98} = {942636CC-00E8-4CE8-9EE5-70BEED3AD409}
		{3F40EB5A-C47A-4DB6-A6B4-5592352B2824} = {83E5C6D8-29C5-4591-B405-1CBACCA03D98}
		{EFE42987-E0FC-41E3-8160-B8FC90903BD6} = {83E5C6D8-29C5-4591-B405-1CBACCA03D98}
		{F5B4FA09-551C-4392-9CA8-EEB0A530E983} = {0B59126D-6745-45E9-8AC7-ACA2596ACB5F}
		{17E152BD-9ECD-4861-80FE-D0E43D4E2890} = {F5B4FA09-551C-4392-9CA8-EEB0A530E983}
		{E3280A42-AF65-495B-BFF4-88CF9938C598} = {F5B4FA09-551C-4392-9CA8-EEB0A530E983}
		{0CEA7ABC-E601-45F2-B6B7-B1DAD9B21F23} = {36782BC6-C1E1-4423-A445-F60A017DDC3C}
		{4D23C142-849E-4D7D-B854-8124D25CE868} = {36782BC6-C1E1-4423-A445-F60A017DDC3C}
		{14B91C2F-D386-4F0B-BE0A-9CB6AC914816} = {36782BC6-C1E1-4423-A445-F60A017DDC3C}
		{1C6E9F4F-0A80-477D-9323-0166CCF7147B} = {0CEA7ABC-E601-45F2-B6B7-B1DAD9B21F23}
		{1CD6ECCF-FCFC-4A98-AD60-1F6F7D902055} = {0CEA7ABC-E601-45F2-B6B7-B1DAD9B21F23}
		{4F7E5ED3-4F6E-46D2-B3C5-08BA1EE75A1F} = {4D23C142-849E-4D7D-B854-8124D25CE868}
		{8EEA6F9A-7162-425C-8F7B-3EEA42745D58} = {4D23C142-849E-4D7D-B854-8124D25CE868}
		{47D9DB1E-F015-4637-8587-F91FCBD6E227} = {14B91C2F-D386-4F0B-BE0A-9CB6AC914816}
		{E06E787F-97AC-4CF9-9A7F-40CA193235E8} = {14B91C2F-D386-4F0B-BE0A-9CB6AC914816}
	EndGlobalSection
	GlobalSection(ExtensibilityGlobals) = postSolution
		SolutionGuid = {7914DFB9-9EE0-47AA-AA5C-24984FEF0557}
	EndGlobalSection
EndGlobal
