
Microsoft Visual Studio Solution File, Format Version 12.00
# Visual Studio 14
VisualStudioVersion = 14.0.25123.0
MinimumVisualStudioVersion = 10.0.40219.1
Project("{FAE04EC0-301F-11D3-BF4B-00C04F79EFBC}") = "BigTable", "BigTable\BigTable.csproj", "{05E4CD35-1C6E-451B-80A5-9C7BD967D241}"
EndProject
Global
	GlobalSection(SolutionConfigurationPlatforms) = preSolution
		Debug|Any CPU = Debug|Any CPU
		Release|Any CPU = Release|Any CPU
	EndGlobalSection
	GlobalSection(ProjectConfigurationPlatforms) = postSolution
		{05E4CD35-1C6E-451B-80A5-9C7BD967D241}.Debug|Any CPU.ActiveCfg = Debug|Any CPU
		{05E4CD35-1C6E-451B-80A5-9C7BD967D241}.Debug|Any CPU.Build.0 = Debug|Any CPU
		{05E4CD35-1C6E-451B-80A5-9C7BD967D241}.Release|Any CPU.ActiveCfg = Release|Any CPU
		{05E4CD35-1C6E-451B-80A5-9C7BD967D241}.Release|Any CPU.Build.0 = Release|Any CPU
	EndGlobalSection
	GlobalSection(SolutionProperties) = preSolution
		HideSolutionNode = FALSE
	EndGlobalSection
EndGlobal
