
Microsoft Visual Studio Solution File, Format Version 12.00
# Visual Studio 15
VisualStudioVersion = 15.0.25914.0
MinimumVisualStudioVersion = 10.0.40219.1
Project("{FAE04EC0-301F-11D3-BF4B-00C04F79EFBC}") = "NWheels.Api", "NWheels.Api\NWheels.Api.csproj", "{A560CBE6-C752-4CA7-AC23-AA6A2308880A}"
EndProject
Project("{FAE04EC0-301F-11D3-BF4B-00C04F79EFBC}") = "NWheels.Policy", "NWheels.Policy\NWheels.Policy.csproj", "{9A752FA3-C982-4FC3-A463-6EB61BEB51BE}"
EndProject
Project("{FAE04EC0-301F-11D3-BF4B-00C04F79EFBC}") = "NWheels.Mechanism", "NWheels.Mechanism\NWheels.Mechanism.csproj", "{85382587-A6D6-4FFA-85E7-D73978DA6D2A}"
EndProject
Project("{FAE04EC0-301F-11D3-BF4B-00C04F79EFBC}") = "NWheels.Stacks.IoC.Autofac", "NWheels.Stacks.IoC.Autofac\NWheels.Stacks.IoC.Autofac.csproj", "{D42E8A3C-1B2E-463E-966F-C30F95030C87}"
EndProject
Project("{2150E333-8FDC-42A3-9474-1A3956D46DE8}") = "API", "API", "{492CAA53-CEDE-4D00-8E7D-42D41BF19237}"
EndProject
Project("{2150E333-8FDC-42A3-9474-1A3956D46DE8}") = "Samples", "Samples", "{4503DC64-C165-4889-96B4-31F6677736A5}"
EndProject
Project("{2150E333-8FDC-42A3-9474-1A3956D46DE8}") = "Policy", "Policy", "{C1E4314A-0434-4192-B187-9782B6C5414F}"
EndProject
Project("{2150E333-8FDC-42A3-9474-1A3956D46DE8}") = "Mechanism", "Mechanism", "{1E770C80-2346-4FC4-BF64-D9FF43335056}"
EndProject
Project("{2150E333-8FDC-42A3-9474-1A3956D46DE8}") = "Stacks", "Stacks", "{EDFEB2B3-9FC0-4F91-8090-A01A91FA0E9A}"
EndProject
Project("{2150E333-8FDC-42A3-9474-1A3956D46DE8}") = "01-hello-world-console", "01-hello-world-console", "{57992274-C951-43D9-B72E-E38E32EE3F24}"
EndProject
Project("{FAE04EC0-301F-11D3-BF4B-00C04F79EFBC}") = "NWheels.Samples.ConsoleApp", "NWheels.Samples.ConsoleApp\NWheels.Samples.ConsoleApp.csproj", "{810475E0-3031-41D0-B24D-5DA7BF628D2B}"
EndProject
Global
	GlobalSection(SolutionConfigurationPlatforms) = preSolution
		Debug|Any CPU = Debug|Any CPU
		Debug|x64 = Debug|x64
		Debug|x86 = Debug|x86
		Release|Any CPU = Release|Any CPU
		Release|x64 = Release|x64
		Release|x86 = Release|x86
	EndGlobalSection
	GlobalSection(ProjectConfigurationPlatforms) = postSolution
		{A560CBE6-C752-4CA7-AC23-AA6A2308880A}.Debug|Any CPU.ActiveCfg = Debug|Any CPU
		{A560CBE6-C752-4CA7-AC23-AA6A2308880A}.Debug|Any CPU.Build.0 = Debug|Any CPU
		{A560CBE6-C752-4CA7-AC23-AA6A2308880A}.Debug|x64.ActiveCfg = Debug|x64
		{A560CBE6-C752-4CA7-AC23-AA6A2308880A}.Debug|x64.Build.0 = Debug|x64
		{A560CBE6-C752-4CA7-AC23-AA6A2308880A}.Debug|x86.ActiveCfg = Debug|x86
		{A560CBE6-C752-4CA7-AC23-AA6A2308880A}.Debug|x86.Build.0 = Debug|x86
		{A560CBE6-C752-4CA7-AC23-AA6A2308880A}.Release|Any CPU.ActiveCfg = Release|Any CPU
		{A560CBE6-C752-4CA7-AC23-AA6A2308880A}.Release|Any CPU.Build.0 = Release|Any CPU
		{A560CBE6-C752-4CA7-AC23-AA6A2308880A}.Release|x64.ActiveCfg = Release|x64
		{A560CBE6-C752-4CA7-AC23-AA6A2308880A}.Release|x64.Build.0 = Release|x64
		{A560CBE6-C752-4CA7-AC23-AA6A2308880A}.Release|x86.ActiveCfg = Release|x86
		{A560CBE6-C752-4CA7-AC23-AA6A2308880A}.Release|x86.Build.0 = Release|x86
		{9A752FA3-C982-4FC3-A463-6EB61BEB51BE}.Debug|Any CPU.ActiveCfg = Debug|Any CPU
		{9A752FA3-C982-4FC3-A463-6EB61BEB51BE}.Debug|Any CPU.Build.0 = Debug|Any CPU
		{9A752FA3-C982-4FC3-A463-6EB61BEB51BE}.Debug|x64.ActiveCfg = Debug|x64
		{9A752FA3-C982-4FC3-A463-6EB61BEB51BE}.Debug|x64.Build.0 = Debug|x64
		{9A752FA3-C982-4FC3-A463-6EB61BEB51BE}.Debug|x86.ActiveCfg = Debug|x86
		{9A752FA3-C982-4FC3-A463-6EB61BEB51BE}.Debug|x86.Build.0 = Debug|x86
		{9A752FA3-C982-4FC3-A463-6EB61BEB51BE}.Release|Any CPU.ActiveCfg = Release|Any CPU
		{9A752FA3-C982-4FC3-A463-6EB61BEB51BE}.Release|Any CPU.Build.0 = Release|Any CPU
		{9A752FA3-C982-4FC3-A463-6EB61BEB51BE}.Release|x64.ActiveCfg = Release|x64
		{9A752FA3-C982-4FC3-A463-6EB61BEB51BE}.Release|x64.Build.0 = Release|x64
		{9A752FA3-C982-4FC3-A463-6EB61BEB51BE}.Release|x86.ActiveCfg = Release|x86
		{9A752FA3-C982-4FC3-A463-6EB61BEB51BE}.Release|x86.Build.0 = Release|x86
		{85382587-A6D6-4FFA-85E7-D73978DA6D2A}.Debug|Any CPU.ActiveCfg = Debug|Any CPU
		{85382587-A6D6-4FFA-85E7-D73978DA6D2A}.Debug|Any CPU.Build.0 = Debug|Any CPU
		{85382587-A6D6-4FFA-85E7-D73978DA6D2A}.Debug|x64.ActiveCfg = Debug|x64
		{85382587-A6D6-4FFA-85E7-D73978DA6D2A}.Debug|x64.Build.0 = Debug|x64
		{85382587-A6D6-4FFA-85E7-D73978DA6D2A}.Debug|x86.ActiveCfg = Debug|x86
		{85382587-A6D6-4FFA-85E7-D73978DA6D2A}.Debug|x86.Build.0 = Debug|x86
		{85382587-A6D6-4FFA-85E7-D73978DA6D2A}.Release|Any CPU.ActiveCfg = Release|Any CPU
		{85382587-A6D6-4FFA-85E7-D73978DA6D2A}.Release|Any CPU.Build.0 = Release|Any CPU
		{85382587-A6D6-4FFA-85E7-D73978DA6D2A}.Release|x64.ActiveCfg = Release|x64
		{85382587-A6D6-4FFA-85E7-D73978DA6D2A}.Release|x64.Build.0 = Release|x64
		{85382587-A6D6-4FFA-85E7-D73978DA6D2A}.Release|x86.ActiveCfg = Release|x86
		{85382587-A6D6-4FFA-85E7-D73978DA6D2A}.Release|x86.Build.0 = Release|x86
		{D42E8A3C-1B2E-463E-966F-C30F95030C87}.Debug|Any CPU.ActiveCfg = Debug|Any CPU
		{D42E8A3C-1B2E-463E-966F-C30F95030C87}.Debug|Any CPU.Build.0 = Debug|Any CPU
		{D42E8A3C-1B2E-463E-966F-C30F95030C87}.Debug|x64.ActiveCfg = Debug|x64
		{D42E8A3C-1B2E-463E-966F-C30F95030C87}.Debug|x64.Build.0 = Debug|x64
		{D42E8A3C-1B2E-463E-966F-C30F95030C87}.Debug|x86.ActiveCfg = Debug|x86
		{D42E8A3C-1B2E-463E-966F-C30F95030C87}.Debug|x86.Build.0 = Debug|x86
		{D42E8A3C-1B2E-463E-966F-C30F95030C87}.Release|Any CPU.ActiveCfg = Release|Any CPU
		{D42E8A3C-1B2E-463E-966F-C30F95030C87}.Release|Any CPU.Build.0 = Release|Any CPU
		{D42E8A3C-1B2E-463E-966F-C30F95030C87}.Release|x64.ActiveCfg = Release|x64
		{D42E8A3C-1B2E-463E-966F-C30F95030C87}.Release|x64.Build.0 = Release|x64
		{D42E8A3C-1B2E-463E-966F-C30F95030C87}.Release|x86.ActiveCfg = Release|x86
		{D42E8A3C-1B2E-463E-966F-C30F95030C87}.Release|x86.Build.0 = Release|x86
		{810475E0-3031-41D0-B24D-5DA7BF628D2B}.Debug|Any CPU.ActiveCfg = Debug|Any CPU
		{810475E0-3031-41D0-B24D-5DA7BF628D2B}.Debug|Any CPU.Build.0 = Debug|Any CPU
		{810475E0-3031-41D0-B24D-5DA7BF628D2B}.Debug|x64.ActiveCfg = Debug|Any CPU
		{810475E0-3031-41D0-B24D-5DA7BF628D2B}.Debug|x64.Build.0 = Debug|Any CPU
		{810475E0-3031-41D0-B24D-5DA7BF628D2B}.Debug|x86.ActiveCfg = Debug|Any CPU
		{810475E0-3031-41D0-B24D-5DA7BF628D2B}.Debug|x86.Build.0 = Debug|Any CPU
		{810475E0-3031-41D0-B24D-5DA7BF628D2B}.Release|Any CPU.ActiveCfg = Release|Any CPU
		{810475E0-3031-41D0-B24D-5DA7BF628D2B}.Release|Any CPU.Build.0 = Release|Any CPU
		{810475E0-3031-41D0-B24D-5DA7BF628D2B}.Release|x64.ActiveCfg = Release|Any CPU
		{810475E0-3031-41D0-B24D-5DA7BF628D2B}.Release|x64.Build.0 = Release|Any CPU
		{810475E0-3031-41D0-B24D-5DA7BF628D2B}.Release|x86.ActiveCfg = Release|Any CPU
		{810475E0-3031-41D0-B24D-5DA7BF628D2B}.Release|x86.Build.0 = Release|Any CPU
	EndGlobalSection
	GlobalSection(SolutionProperties) = preSolution
		HideSolutionNode = FALSE
	EndGlobalSection
	GlobalSection(NestedProjects) = preSolution
		{A560CBE6-C752-4CA7-AC23-AA6A2308880A} = {492CAA53-CEDE-4D00-8E7D-42D41BF19237}
		{9A752FA3-C982-4FC3-A463-6EB61BEB51BE} = {C1E4314A-0434-4192-B187-9782B6C5414F}
		{85382587-A6D6-4FFA-85E7-D73978DA6D2A} = {1E770C80-2346-4FC4-BF64-D9FF43335056}
		{D42E8A3C-1B2E-463E-966F-C30F95030C87} = {EDFEB2B3-9FC0-4F91-8090-A01A91FA0E9A}
		{57992274-C951-43D9-B72E-E38E32EE3F24} = {4503DC64-C165-4889-96B4-31F6677736A5}
		{810475E0-3031-41D0-B24D-5DA7BF628D2B} = {57992274-C951-43D9-B72E-E38E32EE3F24}
	EndGlobalSection
EndGlobal
