
Microsoft Visual Studio Solution File, Format Version 12.00
# Visual Studio 15
VisualStudioVersion = 15.0.26020.0
MinimumVisualStudioVersion = 10.0.40219.1
Project("{FAE04EC0-301F-11D3-BF4B-00C04F79EFBC}") = "NWheels.Api", "NWheels.Api\NWheels.Api.csproj", "{2585169C-CCAE-4D0C-BDED-4BEEC4A8E011}"
EndProject
Project("{FAE04EC0-301F-11D3-BF4B-00C04F79EFBC}") = "NWheels.Core", "NWheels.Core\NWheels.Core.csproj", "{3313C738-1BDD-4541-A705-A5B4592854EB}"
EndProject
Project("{FAE04EC0-301F-11D3-BF4B-00C04F79EFBC}") = "NWheels.Core.UnitTests", "NWheels.Core.UnitTests\NWheels.Core.UnitTests.csproj", "{D85AC78D-17C5-486C-A8A5-13581EC85218}"
EndProject
Project("{FAE04EC0-301F-11D3-BF4B-00C04F79EFBC}") = "NWheels.Injection.Adapters.Autofac", "NWheels.Injection.Adapters.Autofac\NWheels.Injection.Adapters.Autofac.csproj", "{F2BC7898-360F-4980-9A5C-8976EB042A41}"
EndProject
Project("{2150E333-8FDC-42A3-9474-1A3956D46DE8}") = "1.Core", "1.Core", "{A91DD7A2-5101-4D21-BD68-BB03BC40C376}"
EndProject
Project("{2150E333-8FDC-42A3-9474-1A3956D46DE8}") = "1.Api", "1.Api", "{D9C73617-1E89-46C6-8966-351F17F9169E}"
EndProject
Project("{2150E333-8FDC-42A3-9474-1A3956D46DE8}") = "2.Core", "2.Core", "{739D98F2-A3A3-4C01-BF07-9A870B46C149}"
EndProject
Project("{2150E333-8FDC-42A3-9474-1A3956D46DE8}") = "3.Adapters", "3.Adapters", "{92751AE3-A21F-4162-AE95-F351386C561F}"
EndProject
Project("{2150E333-8FDC-42A3-9474-1A3956D46DE8}") = "2.Platform", "2.Platform", "{FE1401E1-6BD8-4C9F-9A80-7D56B69E0FB5}"
EndProject
Project("{2150E333-8FDC-42A3-9474-1A3956D46DE8}") = "3.Frameworks", "3.Frameworks", "{5A1FAC2E-4C48-436D-BA86-09A5D1D99471}"
EndProject
Project("{2150E333-8FDC-42A3-9474-1A3956D46DE8}") = "4.BuildingBlockDomains", "4.BuildingBlockDomains", "{525CA34B-4255-44BA-8E7E-434C61B37C0F}"
EndProject
Project("{2150E333-8FDC-42A3-9474-1A3956D46DE8}") = "5.Samples", "5.Samples", "{2ADBCFA7-F19D-4D46-A2B5-D8F7ADCEE7C8}"
EndProject
Global
	GlobalSection(SolutionConfigurationPlatforms) = preSolution
		Debug|Any CPU = Debug|Any CPU
		Debug|x64 = Debug|x64
		Debug|x86 = Debug|x86
		Release|Any CPU = Release|Any CPU
		Release|x64 = Release|x64
		Release|x86 = Release|x86
	EndGlobalSection
	GlobalSection(ProjectConfigurationPlatforms) = postSolution
		{2585169C-CCAE-4D0C-BDED-4BEEC4A8E011}.Debug|Any CPU.ActiveCfg = Debug|Any CPU
		{2585169C-CCAE-4D0C-BDED-4BEEC4A8E011}.Debug|Any CPU.Build.0 = Debug|Any CPU
		{2585169C-CCAE-4D0C-BDED-4BEEC4A8E011}.Debug|x64.ActiveCfg = Debug|x64
		{2585169C-CCAE-4D0C-BDED-4BEEC4A8E011}.Debug|x64.Build.0 = Debug|x64
		{2585169C-CCAE-4D0C-BDED-4BEEC4A8E011}.Debug|x86.ActiveCfg = Debug|x86
		{2585169C-CCAE-4D0C-BDED-4BEEC4A8E011}.Debug|x86.Build.0 = Debug|x86
		{2585169C-CCAE-4D0C-BDED-4BEEC4A8E011}.Release|Any CPU.ActiveCfg = Release|Any CPU
		{2585169C-CCAE-4D0C-BDED-4BEEC4A8E011}.Release|Any CPU.Build.0 = Release|Any CPU
		{2585169C-CCAE-4D0C-BDED-4BEEC4A8E011}.Release|x64.ActiveCfg = Release|x64
		{2585169C-CCAE-4D0C-BDED-4BEEC4A8E011}.Release|x64.Build.0 = Release|x64
		{2585169C-CCAE-4D0C-BDED-4BEEC4A8E011}.Release|x86.ActiveCfg = Release|x86
		{2585169C-CCAE-4D0C-BDED-4BEEC4A8E011}.Release|x86.Build.0 = Release|x86
		{3313C738-1BDD-4541-A705-A5B4592854EB}.Debug|Any CPU.ActiveCfg = Debug|Any CPU
		{3313C738-1BDD-4541-A705-A5B4592854EB}.Debug|Any CPU.Build.0 = Debug|Any CPU
		{3313C738-1BDD-4541-A705-A5B4592854EB}.Debug|x64.ActiveCfg = Debug|x64
		{3313C738-1BDD-4541-A705-A5B4592854EB}.Debug|x64.Build.0 = Debug|x64
		{3313C738-1BDD-4541-A705-A5B4592854EB}.Debug|x86.ActiveCfg = Debug|x86
		{3313C738-1BDD-4541-A705-A5B4592854EB}.Debug|x86.Build.0 = Debug|x86
		{3313C738-1BDD-4541-A705-A5B4592854EB}.Release|Any CPU.ActiveCfg = Release|Any CPU
		{3313C738-1BDD-4541-A705-A5B4592854EB}.Release|Any CPU.Build.0 = Release|Any CPU
		{3313C738-1BDD-4541-A705-A5B4592854EB}.Release|x64.ActiveCfg = Release|x64
		{3313C738-1BDD-4541-A705-A5B4592854EB}.Release|x64.Build.0 = Release|x64
		{3313C738-1BDD-4541-A705-A5B4592854EB}.Release|x86.ActiveCfg = Release|x86
		{3313C738-1BDD-4541-A705-A5B4592854EB}.Release|x86.Build.0 = Release|x86
		{D85AC78D-17C5-486C-A8A5-13581EC85218}.Debug|Any CPU.ActiveCfg = Debug|Any CPU
		{D85AC78D-17C5-486C-A8A5-13581EC85218}.Debug|Any CPU.Build.0 = Debug|Any CPU
		{D85AC78D-17C5-486C-A8A5-13581EC85218}.Debug|x64.ActiveCfg = Debug|x64
		{D85AC78D-17C5-486C-A8A5-13581EC85218}.Debug|x64.Build.0 = Debug|x64
		{D85AC78D-17C5-486C-A8A5-13581EC85218}.Debug|x86.ActiveCfg = Debug|x86
		{D85AC78D-17C5-486C-A8A5-13581EC85218}.Debug|x86.Build.0 = Debug|x86
		{D85AC78D-17C5-486C-A8A5-13581EC85218}.Release|Any CPU.ActiveCfg = Release|Any CPU
		{D85AC78D-17C5-486C-A8A5-13581EC85218}.Release|Any CPU.Build.0 = Release|Any CPU
		{D85AC78D-17C5-486C-A8A5-13581EC85218}.Release|x64.ActiveCfg = Release|x64
		{D85AC78D-17C5-486C-A8A5-13581EC85218}.Release|x64.Build.0 = Release|x64
		{D85AC78D-17C5-486C-A8A5-13581EC85218}.Release|x86.ActiveCfg = Release|x86
		{D85AC78D-17C5-486C-A8A5-13581EC85218}.Release|x86.Build.0 = Release|x86
		{F2BC7898-360F-4980-9A5C-8976EB042A41}.Debug|Any CPU.ActiveCfg = Debug|Any CPU
		{F2BC7898-360F-4980-9A5C-8976EB042A41}.Debug|Any CPU.Build.0 = Debug|Any CPU
		{F2BC7898-360F-4980-9A5C-8976EB042A41}.Debug|x64.ActiveCfg = Debug|x64
		{F2BC7898-360F-4980-9A5C-8976EB042A41}.Debug|x64.Build.0 = Debug|x64
		{F2BC7898-360F-4980-9A5C-8976EB042A41}.Debug|x86.ActiveCfg = Debug|x86
		{F2BC7898-360F-4980-9A5C-8976EB042A41}.Debug|x86.Build.0 = Debug|x86
		{F2BC7898-360F-4980-9A5C-8976EB042A41}.Release|Any CPU.ActiveCfg = Release|Any CPU
		{F2BC7898-360F-4980-9A5C-8976EB042A41}.Release|Any CPU.Build.0 = Release|Any CPU
		{F2BC7898-360F-4980-9A5C-8976EB042A41}.Release|x64.ActiveCfg = Release|x64
		{F2BC7898-360F-4980-9A5C-8976EB042A41}.Release|x64.Build.0 = Release|x64
		{F2BC7898-360F-4980-9A5C-8976EB042A41}.Release|x86.ActiveCfg = Release|x86
		{F2BC7898-360F-4980-9A5C-8976EB042A41}.Release|x86.Build.0 = Release|x86
	EndGlobalSection
	GlobalSection(SolutionProperties) = preSolution
		HideSolutionNode = FALSE
	EndGlobalSection
	GlobalSection(NestedProjects) = preSolution
		{2585169C-CCAE-4D0C-BDED-4BEEC4A8E011} = {D9C73617-1E89-46C6-8966-351F17F9169E}
		{3313C738-1BDD-4541-A705-A5B4592854EB} = {739D98F2-A3A3-4C01-BF07-9A870B46C149}
		{D85AC78D-17C5-486C-A8A5-13581EC85218} = {739D98F2-A3A3-4C01-BF07-9A870B46C149}
		{F2BC7898-360F-4980-9A5C-8976EB042A41} = {92751AE3-A21F-4162-AE95-F351386C561F}
		{D9C73617-1E89-46C6-8966-351F17F9169E} = {A91DD7A2-5101-4D21-BD68-BB03BC40C376}
		{739D98F2-A3A3-4C01-BF07-9A870B46C149} = {A91DD7A2-5101-4D21-BD68-BB03BC40C376}
		{92751AE3-A21F-4162-AE95-F351386C561F} = {A91DD7A2-5101-4D21-BD68-BB03BC40C376}
	EndGlobalSection
EndGlobal
