
Microsoft Visual Studio Solution File, Format Version 12.00
# Visual Studio 15
VisualStudioVersion = 15.0.26228.12
MinimumVisualStudioVersion = 10.0.40219.1
Project("{9A19103F-16F7-4668-BE54-9A1E7A4F7556}") = "NWheels.Api", "NWheels.Api\NWheels.Api.csproj", "{2585169C-CCAE-4D0C-BDED-4BEEC4A8E011}"
EndProject
Project("{9A19103F-16F7-4668-BE54-9A1E7A4F7556}") = "NWheels.Implementation", "NWheels.Implementation\NWheels.Implementation.csproj", "{3313C738-1BDD-4541-A705-A5B4592854EB}"
EndProject
Project("{9A19103F-16F7-4668-BE54-9A1E7A4F7556}") = "NWheels.Implementation.UnitTests", "NWheels.Implementation.UnitTests\NWheels.Implementation.UnitTests.csproj", "{D85AC78D-17C5-486C-A8A5-13581EC85218}"
EndProject
Project("{9A19103F-16F7-4668-BE54-9A1E7A4F7556}") = "NWheels.Injection.Adapters.Autofac", "NWheels.Injection.Adapters.Autofac\NWheels.Injection.Adapters.Autofac.csproj", "{F2BC7898-360F-4980-9A5C-8976EB042A41}"
EndProject
Project("{9A19103F-16F7-4668-BE54-9A1E7A4F7556}") = "NWheels.Compilation.Adapters.Roslyn", "NWheels.Compilation.Adapters.Roslyn\NWheels.Compilation.Adapters.Roslyn.csproj", "{AB747FE8-EFC5-443C-B6B8-04DC6E10F791}"
EndProject
Project("{9A19103F-16F7-4668-BE54-9A1E7A4F7556}") = "NWheels.Testability", "NWheels.Testability\NWheels.Testability.csproj", "{43E803D3-2CAA-4FD3-B371-26FAD0E64BB3}"
EndProject
Project("{9A19103F-16F7-4668-BE54-9A1E7A4F7556}") = "NWheels.Compilation.Adapters.Roslyn.UnitTests", "NWheels.Compilation.Adapters.Roslyn.UnitTests\NWheels.Compilation.Adapters.Roslyn.UnitTests.csproj", "{9D235DC6-B5AB-44D3-9EFF-9E9B773255A6}"
EndProject
Project("{2150E333-8FDC-42A3-9474-1A3956D46DE8}") = "Kernel", "Kernel", "{5828E8A7-E5C6-4683-B4BE-14BE49382BC3}"
EndProject
Project("{2150E333-8FDC-42A3-9474-1A3956D46DE8}") = "Adapters", "Adapters", "{6F6D68F7-2CA0-4588-A2EC-14484983FE85}"
EndProject
Project("{2150E333-8FDC-42A3-9474-1A3956D46DE8}") = "Api", "Api", "{71C4F900-D86E-4104-AA66-751C3700F8D8}"
EndProject
Project("{2150E333-8FDC-42A3-9474-1A3956D46DE8}") = "Implementation", "Implementation", "{8CE7D509-96D7-4DE9-B393-DE35B2660041}"
EndProject
Project("{2150E333-8FDC-42A3-9474-1A3956D46DE8}") = "Testability", "Testability", "{569EB67A-C599-48C6-BF0D-E57ED8112626}"
EndProject
Project("{2150E333-8FDC-42A3-9474-1A3956D46DE8}") = "Platform", "Platform", "{38BE8DB2-9808-46F9-8C8B-7450C74E8B65}"
EndProject
Project("{2150E333-8FDC-42A3-9474-1A3956D46DE8}") = "Framework", "Framework", "{2B1C997A-92AF-46F5-BCF6-68B3C1E54AF0}"
EndProject
Project("{2150E333-8FDC-42A3-9474-1A3956D46DE8}") = "Injection", "Injection", "{C624B5A7-3985-4C8F-8497-70AC825DC7CC}"
EndProject
Project("{2150E333-8FDC-42A3-9474-1A3956D46DE8}") = "Compilation", "Compilation", "{A6807515-A0DF-4D25-9C95-21E520ECAC2F}"
EndProject
Project("{2150E333-8FDC-42A3-9474-1A3956D46DE8}") = "Database", "Database", "{F42B5758-963A-4CB5-B8E8-AE401871B8D7}"
EndProject
Project("{2150E333-8FDC-42A3-9474-1A3956D46DE8}") = "Scalability", "Scalability", "{0646BE5C-DD2A-4B7C-BFC0-C14BDE829602}"
EndProject
Project("{2150E333-8FDC-42A3-9474-1A3956D46DE8}") = "Messaging", "Messaging", "{8CC4DEA7-567E-40A9-8CE8-51993E12AD51}"
EndProject
Project("{2150E333-8FDC-42A3-9474-1A3956D46DE8}") = "Caching", "Caching", "{7A86D2DA-F600-4DA4-A384-F7C8032E4F5B}"
EndProject
Project("{2150E333-8FDC-42A3-9474-1A3956D46DE8}") = "Actors", "Actors", "{064D9915-87D2-4392-8F0D-DD5F99889E8B}"
EndProject
Project("{2150E333-8FDC-42A3-9474-1A3956D46DE8}") = "Ddd", "Ddd", "{119D54A7-6570-4726-A407-E77172EF9219}"
EndProject
Project("{2150E333-8FDC-42A3-9474-1A3956D46DE8}") = "Uidl", "Uidl", "{7FE33921-D959-45FA-952B-BDB8CC97EB82}"
EndProject
Project("{2150E333-8FDC-42A3-9474-1A3956D46DE8}") = "BI", "BI", "{A165A1F5-3D0D-429D-9284-E38577BC1D63}"
EndProject
Project("{2150E333-8FDC-42A3-9474-1A3956D46DE8}") = "Rest", "Rest", "{FEDA5C4B-408D-40C6-AC47-159A10022373}"
EndProject
Project("{2150E333-8FDC-42A3-9474-1A3956D46DE8}") = "Rulebase", "Rulebase", "{BE978020-3856-4B07-BB58-9FFBDDCDE9E0}"
EndProject
Project("{2150E333-8FDC-42A3-9474-1A3956D46DE8}") = "Remoting", "Remoting", "{A67DB0C9-43C3-4CB5-BAF5-93489AF5C4B2}"
EndProject
Project("{2150E333-8FDC-42A3-9474-1A3956D46DE8}") = "Domains", "Domains", "{C6E05F87-B7B8-48C7-AF68-824737DC6FA8}"
EndProject
Project("{2150E333-8FDC-42A3-9474-1A3956D46DE8}") = "Samples", "Samples", "{FAEB6A4F-8763-4019-AF2A-286BFCDBA756}"
EndProject
Project("{2150E333-8FDC-42A3-9474-1A3956D46DE8}") = "FirstHappyPath", "FirstHappyPath", "{B340EE3D-8EFC-4906-AC98-F5B3EB6227AF}"
EndProject
Project("{9A19103F-16F7-4668-BE54-9A1E7A4F7556}") = "NWheels.Samples.FirstHappyPath", "NWheels.Samples.FirstHappyPath\NWheels.Samples.FirstHappyPath.csproj", "{320FD166-EA1C-4930-8951-DE0EEAAD082A}"
EndProject
Project("{9A19103F-16F7-4668-BE54-9A1E7A4F7556}") = "NWheels.Injection.Adapters.Autofac.UnitTests", "NWheels.Injection.Adapters.Autofac.UnitTests\NWheels.Injection.Adapters.Autofac.UnitTests.csproj", "{93EF4EFD-790E-4D7A-A7B7-A7B3597A2294}"
EndProject
Project("{9A19103F-16F7-4668-BE54-9A1E7A4F7556}") = "NWheels.Frameworks.Ddd.Api", "NWheels.Frameworks.Ddd.Api\NWheels.Frameworks.Ddd.Api.csproj", "{5D374005-B864-49A2-BF74-3B0E4E0B579B}"
EndProject
Project("{9A19103F-16F7-4668-BE54-9A1E7A4F7556}") = "NWheels.Frameworks.Ddd.Implementation", "NWheels.Frameworks.Ddd.Implementation\NWheels.Frameworks.Ddd.Implementation.csproj", "{40399BF5-1BBF-4B44-8DFE-2B81CA7B3DF6}"
EndProject
Project("{9A19103F-16F7-4668-BE54-9A1E7A4F7556}") = "NWheels.Frameworks.Ddd.Implementation.UnitTests", "NWheels.Frameworks.Ddd.Implementation.UnitTests\NWheels.Frameworks.Ddd.Implementation.UnitTests.csproj", "{9BFE319C-7E31-42E2-8011-09828E3A561C}"
EndProject
Project("{9A19103F-16F7-4668-BE54-9A1E7A4F7556}") = "NWheels.Platform.Rest.Api", "NWheels.Platform.Rest.Api\NWheels.Platform.Rest.Api.csproj", "{4E1FC7DA-FDD3-47DD-8394-5E5E50225C24}"
EndProject
Project("{9A19103F-16F7-4668-BE54-9A1E7A4F7556}") = "NWheels.Platform.Rest.Implementation", "NWheels.Platform.Rest.Implementation\NWheels.Platform.Rest.Implementation.csproj", "{9344F98B-8037-4F41-A2B7-823483C90F1D}"
EndProject
Project("{9A19103F-16F7-4668-BE54-9A1E7A4F7556}") = "NWheels.Platform.Rest.Implementation.UnitTests", "NWheels.Platform.Rest.Implementation.UnitTests\NWheels.Platform.Rest.Implementation.UnitTests.csproj", "{A1336622-8871-4611-A267-EC6F0D49EA87}"
EndProject
Project("{9A19103F-16F7-4668-BE54-9A1E7A4F7556}") = "NWheels.Platform.Messaging.Api", "NWheels.Platform.Messaging.Api\NWheels.Platform.Messaging.Api.csproj", "{CD1431FC-B633-4A20-8B06-EACE34A7D4D3}"
EndProject
Project("{9A19103F-16F7-4668-BE54-9A1E7A4F7556}") = "NWheels.Platform.Messaging.Implementation", "NWheels.Platform.Messaging.Implementation\NWheels.Platform.Messaging.Implementation.csproj", "{9C881998-3C26-48DE-B4E3-3716C299BDC4}"
EndProject
Project("{9A19103F-16F7-4668-BE54-9A1E7A4F7556}") = "NWheels.Platform.Messaging.UnitTests", "NWheels.Platform.Messaging.UnitTests\NWheels.Platform.Messaging.UnitTests.csproj", "{D5D42B6F-DDC2-48DA-BEE5-07138FB5175B}"
EndProject
Project("{2150E333-8FDC-42A3-9474-1A3956D46DE8}") = "SystemTests", "SystemTests", "{1691176C-88F7-4041-BD41-89F994600B49}"
EndProject
Project("{FAE04EC0-301F-11D3-BF4B-00C04F79EFBC}") = "NWheels.SystemTests", "NWheels.SystemTests\NWheels.SystemTests.csproj", "{BAB41834-4F57-430F-B2C2-A44A9FF6647E}"
EndProject
Project("{2150E333-8FDC-42A3-9474-1A3956D46DE8}") = "CLI", "CLI", "{51124E7A-D5AF-4C6C-9340-4078C99CABBA}"
EndProject
Project("{FAE04EC0-301F-11D3-BF4B-00C04F79EFBC}") = "NWheels.Cli", "NWheels.Cli\NWheels.Cli.csproj", "{C8799217-AF8A-46C0-841F-B63C56E413D8}"
EndProject
Project("{FAE04EC0-301F-11D3-BF4B-00C04F79EFBC}") = "NWheels.Samples.FirstHappyPath.CodeToGenerate", "NWheels.Samples.FirstHappyPath.CodeToGenerate\NWheels.Samples.FirstHappyPath.CodeToGenerate.csproj", "{6D4F2F0D-43B0-45BE-98D9-B5C62353FA7A}"
EndProject
Global
	GlobalSection(SolutionConfigurationPlatforms) = preSolution
		Debug|Any CPU = Debug|Any CPU
		Debug|x64 = Debug|x64
		Debug|x86 = Debug|x86
		Release|Any CPU = Release|Any CPU
		Release|x64 = Release|x64
		Release|x86 = Release|x86
	EndGlobalSection
	GlobalSection(ProjectConfigurationPlatforms) = postSolution
		{2585169C-CCAE-4D0C-BDED-4BEEC4A8E011}.Debug|Any CPU.ActiveCfg = Debug|Any CPU
		{2585169C-CCAE-4D0C-BDED-4BEEC4A8E011}.Debug|Any CPU.Build.0 = Debug|Any CPU
		{2585169C-CCAE-4D0C-BDED-4BEEC4A8E011}.Debug|x64.ActiveCfg = Debug|Any CPU
		{2585169C-CCAE-4D0C-BDED-4BEEC4A8E011}.Debug|x64.Build.0 = Debug|Any CPU
		{2585169C-CCAE-4D0C-BDED-4BEEC4A8E011}.Debug|x86.ActiveCfg = Debug|Any CPU
		{2585169C-CCAE-4D0C-BDED-4BEEC4A8E011}.Debug|x86.Build.0 = Debug|Any CPU
		{2585169C-CCAE-4D0C-BDED-4BEEC4A8E011}.Release|Any CPU.ActiveCfg = Release|Any CPU
		{2585169C-CCAE-4D0C-BDED-4BEEC4A8E011}.Release|Any CPU.Build.0 = Release|Any CPU
		{2585169C-CCAE-4D0C-BDED-4BEEC4A8E011}.Release|x64.ActiveCfg = Release|Any CPU
		{2585169C-CCAE-4D0C-BDED-4BEEC4A8E011}.Release|x64.Build.0 = Release|Any CPU
		{2585169C-CCAE-4D0C-BDED-4BEEC4A8E011}.Release|x86.ActiveCfg = Release|Any CPU
		{2585169C-CCAE-4D0C-BDED-4BEEC4A8E011}.Release|x86.Build.0 = Release|Any CPU
		{3313C738-1BDD-4541-A705-A5B4592854EB}.Debug|Any CPU.ActiveCfg = Debug|Any CPU
		{3313C738-1BDD-4541-A705-A5B4592854EB}.Debug|Any CPU.Build.0 = Debug|Any CPU
		{3313C738-1BDD-4541-A705-A5B4592854EB}.Debug|x64.ActiveCfg = Debug|Any CPU
		{3313C738-1BDD-4541-A705-A5B4592854EB}.Debug|x64.Build.0 = Debug|Any CPU
		{3313C738-1BDD-4541-A705-A5B4592854EB}.Debug|x86.ActiveCfg = Debug|Any CPU
		{3313C738-1BDD-4541-A705-A5B4592854EB}.Debug|x86.Build.0 = Debug|Any CPU
		{3313C738-1BDD-4541-A705-A5B4592854EB}.Release|Any CPU.ActiveCfg = Release|Any CPU
		{3313C738-1BDD-4541-A705-A5B4592854EB}.Release|Any CPU.Build.0 = Release|Any CPU
		{3313C738-1BDD-4541-A705-A5B4592854EB}.Release|x64.ActiveCfg = Release|Any CPU
		{3313C738-1BDD-4541-A705-A5B4592854EB}.Release|x64.Build.0 = Release|Any CPU
		{3313C738-1BDD-4541-A705-A5B4592854EB}.Release|x86.ActiveCfg = Release|Any CPU
		{3313C738-1BDD-4541-A705-A5B4592854EB}.Release|x86.Build.0 = Release|Any CPU
		{D85AC78D-17C5-486C-A8A5-13581EC85218}.Debug|Any CPU.ActiveCfg = Debug|Any CPU
		{D85AC78D-17C5-486C-A8A5-13581EC85218}.Debug|Any CPU.Build.0 = Debug|Any CPU
		{D85AC78D-17C5-486C-A8A5-13581EC85218}.Debug|x64.ActiveCfg = Debug|Any CPU
		{D85AC78D-17C5-486C-A8A5-13581EC85218}.Debug|x64.Build.0 = Debug|Any CPU
		{D85AC78D-17C5-486C-A8A5-13581EC85218}.Debug|x86.ActiveCfg = Debug|Any CPU
		{D85AC78D-17C5-486C-A8A5-13581EC85218}.Debug|x86.Build.0 = Debug|Any CPU
		{D85AC78D-17C5-486C-A8A5-13581EC85218}.Release|Any CPU.ActiveCfg = Release|Any CPU
		{D85AC78D-17C5-486C-A8A5-13581EC85218}.Release|Any CPU.Build.0 = Release|Any CPU
		{D85AC78D-17C5-486C-A8A5-13581EC85218}.Release|x64.ActiveCfg = Release|Any CPU
		{D85AC78D-17C5-486C-A8A5-13581EC85218}.Release|x64.Build.0 = Release|Any CPU
		{D85AC78D-17C5-486C-A8A5-13581EC85218}.Release|x86.ActiveCfg = Release|Any CPU
		{D85AC78D-17C5-486C-A8A5-13581EC85218}.Release|x86.Build.0 = Release|Any CPU
		{F2BC7898-360F-4980-9A5C-8976EB042A41}.Debug|Any CPU.ActiveCfg = Debug|Any CPU
		{F2BC7898-360F-4980-9A5C-8976EB042A41}.Debug|Any CPU.Build.0 = Debug|Any CPU
		{F2BC7898-360F-4980-9A5C-8976EB042A41}.Debug|x64.ActiveCfg = Debug|Any CPU
		{F2BC7898-360F-4980-9A5C-8976EB042A41}.Debug|x64.Build.0 = Debug|Any CPU
		{F2BC7898-360F-4980-9A5C-8976EB042A41}.Debug|x86.ActiveCfg = Debug|Any CPU
		{F2BC7898-360F-4980-9A5C-8976EB042A41}.Debug|x86.Build.0 = Debug|Any CPU
		{F2BC7898-360F-4980-9A5C-8976EB042A41}.Release|Any CPU.ActiveCfg = Release|Any CPU
		{F2BC7898-360F-4980-9A5C-8976EB042A41}.Release|Any CPU.Build.0 = Release|Any CPU
		{F2BC7898-360F-4980-9A5C-8976EB042A41}.Release|x64.ActiveCfg = Release|Any CPU
		{F2BC7898-360F-4980-9A5C-8976EB042A41}.Release|x64.Build.0 = Release|Any CPU
		{F2BC7898-360F-4980-9A5C-8976EB042A41}.Release|x86.ActiveCfg = Release|Any CPU
		{F2BC7898-360F-4980-9A5C-8976EB042A41}.Release|x86.Build.0 = Release|Any CPU
		{AB747FE8-EFC5-443C-B6B8-04DC6E10F791}.Debug|Any CPU.ActiveCfg = Debug|Any CPU
		{AB747FE8-EFC5-443C-B6B8-04DC6E10F791}.Debug|Any CPU.Build.0 = Debug|Any CPU
		{AB747FE8-EFC5-443C-B6B8-04DC6E10F791}.Debug|x64.ActiveCfg = Debug|Any CPU
		{AB747FE8-EFC5-443C-B6B8-04DC6E10F791}.Debug|x64.Build.0 = Debug|Any CPU
		{AB747FE8-EFC5-443C-B6B8-04DC6E10F791}.Debug|x86.ActiveCfg = Debug|Any CPU
		{AB747FE8-EFC5-443C-B6B8-04DC6E10F791}.Debug|x86.Build.0 = Debug|Any CPU
		{AB747FE8-EFC5-443C-B6B8-04DC6E10F791}.Release|Any CPU.ActiveCfg = Release|Any CPU
		{AB747FE8-EFC5-443C-B6B8-04DC6E10F791}.Release|Any CPU.Build.0 = Release|Any CPU
		{AB747FE8-EFC5-443C-B6B8-04DC6E10F791}.Release|x64.ActiveCfg = Release|Any CPU
		{AB747FE8-EFC5-443C-B6B8-04DC6E10F791}.Release|x64.Build.0 = Release|Any CPU
		{AB747FE8-EFC5-443C-B6B8-04DC6E10F791}.Release|x86.ActiveCfg = Release|Any CPU
		{AB747FE8-EFC5-443C-B6B8-04DC6E10F791}.Release|x86.Build.0 = Release|Any CPU
		{43E803D3-2CAA-4FD3-B371-26FAD0E64BB3}.Debug|Any CPU.ActiveCfg = Debug|Any CPU
		{43E803D3-2CAA-4FD3-B371-26FAD0E64BB3}.Debug|Any CPU.Build.0 = Debug|Any CPU
		{43E803D3-2CAA-4FD3-B371-26FAD0E64BB3}.Debug|x64.ActiveCfg = Debug|Any CPU
		{43E803D3-2CAA-4FD3-B371-26FAD0E64BB3}.Debug|x64.Build.0 = Debug|Any CPU
		{43E803D3-2CAA-4FD3-B371-26FAD0E64BB3}.Debug|x86.ActiveCfg = Debug|Any CPU
		{43E803D3-2CAA-4FD3-B371-26FAD0E64BB3}.Debug|x86.Build.0 = Debug|Any CPU
		{43E803D3-2CAA-4FD3-B371-26FAD0E64BB3}.Release|Any CPU.ActiveCfg = Release|Any CPU
		{43E803D3-2CAA-4FD3-B371-26FAD0E64BB3}.Release|Any CPU.Build.0 = Release|Any CPU
		{43E803D3-2CAA-4FD3-B371-26FAD0E64BB3}.Release|x64.ActiveCfg = Release|Any CPU
		{43E803D3-2CAA-4FD3-B371-26FAD0E64BB3}.Release|x64.Build.0 = Release|Any CPU
		{43E803D3-2CAA-4FD3-B371-26FAD0E64BB3}.Release|x86.ActiveCfg = Release|Any CPU
		{43E803D3-2CAA-4FD3-B371-26FAD0E64BB3}.Release|x86.Build.0 = Release|Any CPU
		{9D235DC6-B5AB-44D3-9EFF-9E9B773255A6}.Debug|Any CPU.ActiveCfg = Debug|Any CPU
		{9D235DC6-B5AB-44D3-9EFF-9E9B773255A6}.Debug|Any CPU.Build.0 = Debug|Any CPU
		{9D235DC6-B5AB-44D3-9EFF-9E9B773255A6}.Debug|x64.ActiveCfg = Debug|Any CPU
		{9D235DC6-B5AB-44D3-9EFF-9E9B773255A6}.Debug|x64.Build.0 = Debug|Any CPU
		{9D235DC6-B5AB-44D3-9EFF-9E9B773255A6}.Debug|x86.ActiveCfg = Debug|Any CPU
		{9D235DC6-B5AB-44D3-9EFF-9E9B773255A6}.Debug|x86.Build.0 = Debug|Any CPU
		{9D235DC6-B5AB-44D3-9EFF-9E9B773255A6}.Release|Any CPU.ActiveCfg = Release|Any CPU
		{9D235DC6-B5AB-44D3-9EFF-9E9B773255A6}.Release|Any CPU.Build.0 = Release|Any CPU
		{9D235DC6-B5AB-44D3-9EFF-9E9B773255A6}.Release|x64.ActiveCfg = Release|Any CPU
		{9D235DC6-B5AB-44D3-9EFF-9E9B773255A6}.Release|x64.Build.0 = Release|Any CPU
		{9D235DC6-B5AB-44D3-9EFF-9E9B773255A6}.Release|x86.ActiveCfg = Release|Any CPU
		{9D235DC6-B5AB-44D3-9EFF-9E9B773255A6}.Release|x86.Build.0 = Release|Any CPU
		{320FD166-EA1C-4930-8951-DE0EEAAD082A}.Debug|Any CPU.ActiveCfg = Debug|Any CPU
		{320FD166-EA1C-4930-8951-DE0EEAAD082A}.Debug|Any CPU.Build.0 = Debug|Any CPU
		{320FD166-EA1C-4930-8951-DE0EEAAD082A}.Debug|x64.ActiveCfg = Debug|Any CPU
		{320FD166-EA1C-4930-8951-DE0EEAAD082A}.Debug|x64.Build.0 = Debug|Any CPU
		{320FD166-EA1C-4930-8951-DE0EEAAD082A}.Debug|x86.ActiveCfg = Debug|Any CPU
		{320FD166-EA1C-4930-8951-DE0EEAAD082A}.Debug|x86.Build.0 = Debug|Any CPU
		{320FD166-EA1C-4930-8951-DE0EEAAD082A}.Release|Any CPU.ActiveCfg = Release|Any CPU
		{320FD166-EA1C-4930-8951-DE0EEAAD082A}.Release|Any CPU.Build.0 = Release|Any CPU
		{320FD166-EA1C-4930-8951-DE0EEAAD082A}.Release|x64.ActiveCfg = Release|Any CPU
		{320FD166-EA1C-4930-8951-DE0EEAAD082A}.Release|x64.Build.0 = Release|Any CPU
		{320FD166-EA1C-4930-8951-DE0EEAAD082A}.Release|x86.ActiveCfg = Release|Any CPU
		{320FD166-EA1C-4930-8951-DE0EEAAD082A}.Release|x86.Build.0 = Release|Any CPU
		{93EF4EFD-790E-4D7A-A7B7-A7B3597A2294}.Debug|Any CPU.ActiveCfg = Debug|Any CPU
		{93EF4EFD-790E-4D7A-A7B7-A7B3597A2294}.Debug|Any CPU.Build.0 = Debug|Any CPU
		{93EF4EFD-790E-4D7A-A7B7-A7B3597A2294}.Debug|x64.ActiveCfg = Debug|Any CPU
		{93EF4EFD-790E-4D7A-A7B7-A7B3597A2294}.Debug|x64.Build.0 = Debug|Any CPU
		{93EF4EFD-790E-4D7A-A7B7-A7B3597A2294}.Debug|x86.ActiveCfg = Debug|Any CPU
		{93EF4EFD-790E-4D7A-A7B7-A7B3597A2294}.Debug|x86.Build.0 = Debug|Any CPU
		{93EF4EFD-790E-4D7A-A7B7-A7B3597A2294}.Release|Any CPU.ActiveCfg = Release|Any CPU
		{93EF4EFD-790E-4D7A-A7B7-A7B3597A2294}.Release|Any CPU.Build.0 = Release|Any CPU
		{93EF4EFD-790E-4D7A-A7B7-A7B3597A2294}.Release|x64.ActiveCfg = Release|Any CPU
		{93EF4EFD-790E-4D7A-A7B7-A7B3597A2294}.Release|x64.Build.0 = Release|Any CPU
		{93EF4EFD-790E-4D7A-A7B7-A7B3597A2294}.Release|x86.ActiveCfg = Release|Any CPU
		{93EF4EFD-790E-4D7A-A7B7-A7B3597A2294}.Release|x86.Build.0 = Release|Any CPU
		{5D374005-B864-49A2-BF74-3B0E4E0B579B}.Debug|Any CPU.ActiveCfg = Debug|Any CPU
		{5D374005-B864-49A2-BF74-3B0E4E0B579B}.Debug|Any CPU.Build.0 = Debug|Any CPU
		{5D374005-B864-49A2-BF74-3B0E4E0B579B}.Debug|x64.ActiveCfg = Debug|Any CPU
		{5D374005-B864-49A2-BF74-3B0E4E0B579B}.Debug|x64.Build.0 = Debug|Any CPU
		{5D374005-B864-49A2-BF74-3B0E4E0B579B}.Debug|x86.ActiveCfg = Debug|Any CPU
		{5D374005-B864-49A2-BF74-3B0E4E0B579B}.Debug|x86.Build.0 = Debug|Any CPU
		{5D374005-B864-49A2-BF74-3B0E4E0B579B}.Release|Any CPU.ActiveCfg = Release|Any CPU
		{5D374005-B864-49A2-BF74-3B0E4E0B579B}.Release|Any CPU.Build.0 = Release|Any CPU
		{5D374005-B864-49A2-BF74-3B0E4E0B579B}.Release|x64.ActiveCfg = Release|Any CPU
		{5D374005-B864-49A2-BF74-3B0E4E0B579B}.Release|x64.Build.0 = Release|Any CPU
		{5D374005-B864-49A2-BF74-3B0E4E0B579B}.Release|x86.ActiveCfg = Release|Any CPU
		{5D374005-B864-49A2-BF74-3B0E4E0B579B}.Release|x86.Build.0 = Release|Any CPU
		{40399BF5-1BBF-4B44-8DFE-2B81CA7B3DF6}.Debug|Any CPU.ActiveCfg = Debug|Any CPU
		{40399BF5-1BBF-4B44-8DFE-2B81CA7B3DF6}.Debug|Any CPU.Build.0 = Debug|Any CPU
		{40399BF5-1BBF-4B44-8DFE-2B81CA7B3DF6}.Debug|x64.ActiveCfg = Debug|Any CPU
		{40399BF5-1BBF-4B44-8DFE-2B81CA7B3DF6}.Debug|x64.Build.0 = Debug|Any CPU
		{40399BF5-1BBF-4B44-8DFE-2B81CA7B3DF6}.Debug|x86.ActiveCfg = Debug|Any CPU
		{40399BF5-1BBF-4B44-8DFE-2B81CA7B3DF6}.Debug|x86.Build.0 = Debug|Any CPU
		{40399BF5-1BBF-4B44-8DFE-2B81CA7B3DF6}.Release|Any CPU.ActiveCfg = Release|Any CPU
		{40399BF5-1BBF-4B44-8DFE-2B81CA7B3DF6}.Release|Any CPU.Build.0 = Release|Any CPU
		{40399BF5-1BBF-4B44-8DFE-2B81CA7B3DF6}.Release|x64.ActiveCfg = Release|Any CPU
		{40399BF5-1BBF-4B44-8DFE-2B81CA7B3DF6}.Release|x64.Build.0 = Release|Any CPU
		{40399BF5-1BBF-4B44-8DFE-2B81CA7B3DF6}.Release|x86.ActiveCfg = Release|Any CPU
		{40399BF5-1BBF-4B44-8DFE-2B81CA7B3DF6}.Release|x86.Build.0 = Release|Any CPU
		{9BFE319C-7E31-42E2-8011-09828E3A561C}.Debug|Any CPU.ActiveCfg = Debug|Any CPU
		{9BFE319C-7E31-42E2-8011-09828E3A561C}.Debug|Any CPU.Build.0 = Debug|Any CPU
		{9BFE319C-7E31-42E2-8011-09828E3A561C}.Debug|x64.ActiveCfg = Debug|Any CPU
		{9BFE319C-7E31-42E2-8011-09828E3A561C}.Debug|x64.Build.0 = Debug|Any CPU
		{9BFE319C-7E31-42E2-8011-09828E3A561C}.Debug|x86.ActiveCfg = Debug|Any CPU
		{9BFE319C-7E31-42E2-8011-09828E3A561C}.Debug|x86.Build.0 = Debug|Any CPU
		{9BFE319C-7E31-42E2-8011-09828E3A561C}.Release|Any CPU.ActiveCfg = Release|Any CPU
		{9BFE319C-7E31-42E2-8011-09828E3A561C}.Release|Any CPU.Build.0 = Release|Any CPU
		{9BFE319C-7E31-42E2-8011-09828E3A561C}.Release|x64.ActiveCfg = Release|Any CPU
		{9BFE319C-7E31-42E2-8011-09828E3A561C}.Release|x64.Build.0 = Release|Any CPU
		{9BFE319C-7E31-42E2-8011-09828E3A561C}.Release|x86.ActiveCfg = Release|Any CPU
		{9BFE319C-7E31-42E2-8011-09828E3A561C}.Release|x86.Build.0 = Release|Any CPU
		{4E1FC7DA-FDD3-47DD-8394-5E5E50225C24}.Debug|Any CPU.ActiveCfg = Debug|Any CPU
		{4E1FC7DA-FDD3-47DD-8394-5E5E50225C24}.Debug|Any CPU.Build.0 = Debug|Any CPU
		{4E1FC7DA-FDD3-47DD-8394-5E5E50225C24}.Debug|x64.ActiveCfg = Debug|Any CPU
		{4E1FC7DA-FDD3-47DD-8394-5E5E50225C24}.Debug|x64.Build.0 = Debug|Any CPU
		{4E1FC7DA-FDD3-47DD-8394-5E5E50225C24}.Debug|x86.ActiveCfg = Debug|Any CPU
		{4E1FC7DA-FDD3-47DD-8394-5E5E50225C24}.Debug|x86.Build.0 = Debug|Any CPU
		{4E1FC7DA-FDD3-47DD-8394-5E5E50225C24}.Release|Any CPU.ActiveCfg = Release|Any CPU
		{4E1FC7DA-FDD3-47DD-8394-5E5E50225C24}.Release|Any CPU.Build.0 = Release|Any CPU
		{4E1FC7DA-FDD3-47DD-8394-5E5E50225C24}.Release|x64.ActiveCfg = Release|Any CPU
		{4E1FC7DA-FDD3-47DD-8394-5E5E50225C24}.Release|x64.Build.0 = Release|Any CPU
		{4E1FC7DA-FDD3-47DD-8394-5E5E50225C24}.Release|x86.ActiveCfg = Release|Any CPU
		{4E1FC7DA-FDD3-47DD-8394-5E5E50225C24}.Release|x86.Build.0 = Release|Any CPU
		{9344F98B-8037-4F41-A2B7-823483C90F1D}.Debug|Any CPU.ActiveCfg = Debug|Any CPU
		{9344F98B-8037-4F41-A2B7-823483C90F1D}.Debug|Any CPU.Build.0 = Debug|Any CPU
		{9344F98B-8037-4F41-A2B7-823483C90F1D}.Debug|x64.ActiveCfg = Debug|Any CPU
		{9344F98B-8037-4F41-A2B7-823483C90F1D}.Debug|x64.Build.0 = Debug|Any CPU
		{9344F98B-8037-4F41-A2B7-823483C90F1D}.Debug|x86.ActiveCfg = Debug|Any CPU
		{9344F98B-8037-4F41-A2B7-823483C90F1D}.Debug|x86.Build.0 = Debug|Any CPU
		{9344F98B-8037-4F41-A2B7-823483C90F1D}.Release|Any CPU.ActiveCfg = Release|Any CPU
		{9344F98B-8037-4F41-A2B7-823483C90F1D}.Release|Any CPU.Build.0 = Release|Any CPU
		{9344F98B-8037-4F41-A2B7-823483C90F1D}.Release|x64.ActiveCfg = Release|Any CPU
		{9344F98B-8037-4F41-A2B7-823483C90F1D}.Release|x64.Build.0 = Release|Any CPU
		{9344F98B-8037-4F41-A2B7-823483C90F1D}.Release|x86.ActiveCfg = Release|Any CPU
		{9344F98B-8037-4F41-A2B7-823483C90F1D}.Release|x86.Build.0 = Release|Any CPU
		{A1336622-8871-4611-A267-EC6F0D49EA87}.Debug|Any CPU.ActiveCfg = Debug|Any CPU
		{A1336622-8871-4611-A267-EC6F0D49EA87}.Debug|Any CPU.Build.0 = Debug|Any CPU
		{A1336622-8871-4611-A267-EC6F0D49EA87}.Debug|x64.ActiveCfg = Debug|Any CPU
		{A1336622-8871-4611-A267-EC6F0D49EA87}.Debug|x64.Build.0 = Debug|Any CPU
		{A1336622-8871-4611-A267-EC6F0D49EA87}.Debug|x86.ActiveCfg = Debug|Any CPU
		{A1336622-8871-4611-A267-EC6F0D49EA87}.Debug|x86.Build.0 = Debug|Any CPU
		{A1336622-8871-4611-A267-EC6F0D49EA87}.Release|Any CPU.ActiveCfg = Release|Any CPU
		{A1336622-8871-4611-A267-EC6F0D49EA87}.Release|Any CPU.Build.0 = Release|Any CPU
		{A1336622-8871-4611-A267-EC6F0D49EA87}.Release|x64.ActiveCfg = Release|Any CPU
		{A1336622-8871-4611-A267-EC6F0D49EA87}.Release|x64.Build.0 = Release|Any CPU
		{A1336622-8871-4611-A267-EC6F0D49EA87}.Release|x86.ActiveCfg = Release|Any CPU
		{A1336622-8871-4611-A267-EC6F0D49EA87}.Release|x86.Build.0 = Release|Any CPU
		{CD1431FC-B633-4A20-8B06-EACE34A7D4D3}.Debug|Any CPU.ActiveCfg = Debug|Any CPU
		{CD1431FC-B633-4A20-8B06-EACE34A7D4D3}.Debug|Any CPU.Build.0 = Debug|Any CPU
		{CD1431FC-B633-4A20-8B06-EACE34A7D4D3}.Debug|x64.ActiveCfg = Debug|Any CPU
		{CD1431FC-B633-4A20-8B06-EACE34A7D4D3}.Debug|x64.Build.0 = Debug|Any CPU
		{CD1431FC-B633-4A20-8B06-EACE34A7D4D3}.Debug|x86.ActiveCfg = Debug|Any CPU
		{CD1431FC-B633-4A20-8B06-EACE34A7D4D3}.Debug|x86.Build.0 = Debug|Any CPU
		{CD1431FC-B633-4A20-8B06-EACE34A7D4D3}.Release|Any CPU.ActiveCfg = Release|Any CPU
		{CD1431FC-B633-4A20-8B06-EACE34A7D4D3}.Release|Any CPU.Build.0 = Release|Any CPU
		{CD1431FC-B633-4A20-8B06-EACE34A7D4D3}.Release|x64.ActiveCfg = Release|Any CPU
		{CD1431FC-B633-4A20-8B06-EACE34A7D4D3}.Release|x64.Build.0 = Release|Any CPU
		{CD1431FC-B633-4A20-8B06-EACE34A7D4D3}.Release|x86.ActiveCfg = Release|Any CPU
		{CD1431FC-B633-4A20-8B06-EACE34A7D4D3}.Release|x86.Build.0 = Release|Any CPU
		{9C881998-3C26-48DE-B4E3-3716C299BDC4}.Debug|Any CPU.ActiveCfg = Debug|Any CPU
		{9C881998-3C26-48DE-B4E3-3716C299BDC4}.Debug|Any CPU.Build.0 = Debug|Any CPU
		{9C881998-3C26-48DE-B4E3-3716C299BDC4}.Debug|x64.ActiveCfg = Debug|Any CPU
		{9C881998-3C26-48DE-B4E3-3716C299BDC4}.Debug|x64.Build.0 = Debug|Any CPU
		{9C881998-3C26-48DE-B4E3-3716C299BDC4}.Debug|x86.ActiveCfg = Debug|Any CPU
		{9C881998-3C26-48DE-B4E3-3716C299BDC4}.Debug|x86.Build.0 = Debug|Any CPU
		{9C881998-3C26-48DE-B4E3-3716C299BDC4}.Release|Any CPU.ActiveCfg = Release|Any CPU
		{9C881998-3C26-48DE-B4E3-3716C299BDC4}.Release|Any CPU.Build.0 = Release|Any CPU
		{9C881998-3C26-48DE-B4E3-3716C299BDC4}.Release|x64.ActiveCfg = Release|Any CPU
		{9C881998-3C26-48DE-B4E3-3716C299BDC4}.Release|x64.Build.0 = Release|Any CPU
		{9C881998-3C26-48DE-B4E3-3716C299BDC4}.Release|x86.ActiveCfg = Release|Any CPU
		{9C881998-3C26-48DE-B4E3-3716C299BDC4}.Release|x86.Build.0 = Release|Any CPU
		{D5D42B6F-DDC2-48DA-BEE5-07138FB5175B}.Debug|Any CPU.ActiveCfg = Debug|Any CPU
		{D5D42B6F-DDC2-48DA-BEE5-07138FB5175B}.Debug|Any CPU.Build.0 = Debug|Any CPU
		{D5D42B6F-DDC2-48DA-BEE5-07138FB5175B}.Debug|x64.ActiveCfg = Debug|Any CPU
		{D5D42B6F-DDC2-48DA-BEE5-07138FB5175B}.Debug|x64.Build.0 = Debug|Any CPU
		{D5D42B6F-DDC2-48DA-BEE5-07138FB5175B}.Debug|x86.ActiveCfg = Debug|Any CPU
		{D5D42B6F-DDC2-48DA-BEE5-07138FB5175B}.Debug|x86.Build.0 = Debug|Any CPU
		{D5D42B6F-DDC2-48DA-BEE5-07138FB5175B}.Release|Any CPU.ActiveCfg = Release|Any CPU
		{D5D42B6F-DDC2-48DA-BEE5-07138FB5175B}.Release|Any CPU.Build.0 = Release|Any CPU
		{D5D42B6F-DDC2-48DA-BEE5-07138FB5175B}.Release|x64.ActiveCfg = Release|Any CPU
		{D5D42B6F-DDC2-48DA-BEE5-07138FB5175B}.Release|x64.Build.0 = Release|Any CPU
		{D5D42B6F-DDC2-48DA-BEE5-07138FB5175B}.Release|x86.ActiveCfg = Release|Any CPU
		{D5D42B6F-DDC2-48DA-BEE5-07138FB5175B}.Release|x86.Build.0 = Release|Any CPU
		{BAB41834-4F57-430F-B2C2-A44A9FF6647E}.Debug|Any CPU.ActiveCfg = Debug|Any CPU
		{BAB41834-4F57-430F-B2C2-A44A9FF6647E}.Debug|Any CPU.Build.0 = Debug|Any CPU
		{BAB41834-4F57-430F-B2C2-A44A9FF6647E}.Debug|x64.ActiveCfg = Debug|Any CPU
		{BAB41834-4F57-430F-B2C2-A44A9FF6647E}.Debug|x64.Build.0 = Debug|Any CPU
		{BAB41834-4F57-430F-B2C2-A44A9FF6647E}.Debug|x86.ActiveCfg = Debug|Any CPU
		{BAB41834-4F57-430F-B2C2-A44A9FF6647E}.Debug|x86.Build.0 = Debug|Any CPU
		{BAB41834-4F57-430F-B2C2-A44A9FF6647E}.Release|Any CPU.ActiveCfg = Release|Any CPU
		{BAB41834-4F57-430F-B2C2-A44A9FF6647E}.Release|Any CPU.Build.0 = Release|Any CPU
		{BAB41834-4F57-430F-B2C2-A44A9FF6647E}.Release|x64.ActiveCfg = Release|Any CPU
		{BAB41834-4F57-430F-B2C2-A44A9FF6647E}.Release|x64.Build.0 = Release|Any CPU
		{BAB41834-4F57-430F-B2C2-A44A9FF6647E}.Release|x86.ActiveCfg = Release|Any CPU
		{BAB41834-4F57-430F-B2C2-A44A9FF6647E}.Release|x86.Build.0 = Release|Any CPU
		{C8799217-AF8A-46C0-841F-B63C56E413D8}.Debug|Any CPU.ActiveCfg = Debug|Any CPU
		{C8799217-AF8A-46C0-841F-B63C56E413D8}.Debug|Any CPU.Build.0 = Debug|Any CPU
		{C8799217-AF8A-46C0-841F-B63C56E413D8}.Debug|x64.ActiveCfg = Debug|Any CPU
		{C8799217-AF8A-46C0-841F-B63C56E413D8}.Debug|x64.Build.0 = Debug|Any CPU
		{C8799217-AF8A-46C0-841F-B63C56E413D8}.Debug|x86.ActiveCfg = Debug|Any CPU
		{C8799217-AF8A-46C0-841F-B63C56E413D8}.Debug|x86.Build.0 = Debug|Any CPU
		{C8799217-AF8A-46C0-841F-B63C56E413D8}.Release|Any CPU.ActiveCfg = Release|Any CPU
		{C8799217-AF8A-46C0-841F-B63C56E413D8}.Release|Any CPU.Build.0 = Release|Any CPU
		{C8799217-AF8A-46C0-841F-B63C56E413D8}.Release|x64.ActiveCfg = Release|Any CPU
		{C8799217-AF8A-46C0-841F-B63C56E413D8}.Release|x64.Build.0 = Release|Any CPU
		{C8799217-AF8A-46C0-841F-B63C56E413D8}.Release|x86.ActiveCfg = Release|Any CPU
		{C8799217-AF8A-46C0-841F-B63C56E413D8}.Release|x86.Build.0 = Release|Any CPU
		{6D4F2F0D-43B0-45BE-98D9-B5C62353FA7A}.Debug|Any CPU.ActiveCfg = Debug|Any CPU
		{6D4F2F0D-43B0-45BE-98D9-B5C62353FA7A}.Debug|Any CPU.Build.0 = Debug|Any CPU
		{6D4F2F0D-43B0-45BE-98D9-B5C62353FA7A}.Debug|x64.ActiveCfg = Debug|Any CPU
		{6D4F2F0D-43B0-45BE-98D9-B5C62353FA7A}.Debug|x64.Build.0 = Debug|Any CPU
		{6D4F2F0D-43B0-45BE-98D9-B5C62353FA7A}.Debug|x86.ActiveCfg = Debug|Any CPU
		{6D4F2F0D-43B0-45BE-98D9-B5C62353FA7A}.Debug|x86.Build.0 = Debug|Any CPU
		{6D4F2F0D-43B0-45BE-98D9-B5C62353FA7A}.Release|Any CPU.ActiveCfg = Release|Any CPU
		{6D4F2F0D-43B0-45BE-98D9-B5C62353FA7A}.Release|Any CPU.Build.0 = Release|Any CPU
		{6D4F2F0D-43B0-45BE-98D9-B5C62353FA7A}.Release|x64.ActiveCfg = Release|Any CPU
		{6D4F2F0D-43B0-45BE-98D9-B5C62353FA7A}.Release|x64.Build.0 = Release|Any CPU
		{6D4F2F0D-43B0-45BE-98D9-B5C62353FA7A}.Release|x86.ActiveCfg = Release|Any CPU
		{6D4F2F0D-43B0-45BE-98D9-B5C62353FA7A}.Release|x86.Build.0 = Release|Any CPU
	EndGlobalSection
	GlobalSection(SolutionProperties) = preSolution
		HideSolutionNode = FALSE
	EndGlobalSection
	GlobalSection(NestedProjects) = preSolution
		{2585169C-CCAE-4D0C-BDED-4BEEC4A8E011} = {71C4F900-D86E-4104-AA66-751C3700F8D8}
		{3313C738-1BDD-4541-A705-A5B4592854EB} = {8CE7D509-96D7-4DE9-B393-DE35B2660041}
		{D85AC78D-17C5-486C-A8A5-13581EC85218} = {8CE7D509-96D7-4DE9-B393-DE35B2660041}
		{F2BC7898-360F-4980-9A5C-8976EB042A41} = {C624B5A7-3985-4C8F-8497-70AC825DC7CC}
		{AB747FE8-EFC5-443C-B6B8-04DC6E10F791} = {A6807515-A0DF-4D25-9C95-21E520ECAC2F}
		{43E803D3-2CAA-4FD3-B371-26FAD0E64BB3} = {569EB67A-C599-48C6-BF0D-E57ED8112626}
		{9D235DC6-B5AB-44D3-9EFF-9E9B773255A6} = {A6807515-A0DF-4D25-9C95-21E520ECAC2F}
		{6F6D68F7-2CA0-4588-A2EC-14484983FE85} = {5828E8A7-E5C6-4683-B4BE-14BE49382BC3}
		{71C4F900-D86E-4104-AA66-751C3700F8D8} = {5828E8A7-E5C6-4683-B4BE-14BE49382BC3}
		{8CE7D509-96D7-4DE9-B393-DE35B2660041} = {5828E8A7-E5C6-4683-B4BE-14BE49382BC3}
		{569EB67A-C599-48C6-BF0D-E57ED8112626} = {5828E8A7-E5C6-4683-B4BE-14BE49382BC3}
		{C624B5A7-3985-4C8F-8497-70AC825DC7CC} = {6F6D68F7-2CA0-4588-A2EC-14484983FE85}
		{A6807515-A0DF-4D25-9C95-21E520ECAC2F} = {6F6D68F7-2CA0-4588-A2EC-14484983FE85}
		{F42B5758-963A-4CB5-B8E8-AE401871B8D7} = {38BE8DB2-9808-46F9-8C8B-7450C74E8B65}
		{0646BE5C-DD2A-4B7C-BFC0-C14BDE829602} = {38BE8DB2-9808-46F9-8C8B-7450C74E8B65}
		{8CC4DEA7-567E-40A9-8CE8-51993E12AD51} = {38BE8DB2-9808-46F9-8C8B-7450C74E8B65}
		{7A86D2DA-F600-4DA4-A384-F7C8032E4F5B} = {38BE8DB2-9808-46F9-8C8B-7450C74E8B65}
		{064D9915-87D2-4392-8F0D-DD5F99889E8B} = {38BE8DB2-9808-46F9-8C8B-7450C74E8B65}
		{119D54A7-6570-4726-A407-E77172EF9219} = {2B1C997A-92AF-46F5-BCF6-68B3C1E54AF0}
		{7FE33921-D959-45FA-952B-BDB8CC97EB82} = {2B1C997A-92AF-46F5-BCF6-68B3C1E54AF0}
		{A165A1F5-3D0D-429D-9284-E38577BC1D63} = {2B1C997A-92AF-46F5-BCF6-68B3C1E54AF0}
		{FEDA5C4B-408D-40C6-AC47-159A10022373} = {38BE8DB2-9808-46F9-8C8B-7450C74E8B65}
		{BE978020-3856-4B07-BB58-9FFBDDCDE9E0} = {2B1C997A-92AF-46F5-BCF6-68B3C1E54AF0}
		{A67DB0C9-43C3-4CB5-BAF5-93489AF5C4B2} = {2B1C997A-92AF-46F5-BCF6-68B3C1E54AF0}
		{B340EE3D-8EFC-4906-AC98-F5B3EB6227AF} = {FAEB6A4F-8763-4019-AF2A-286BFCDBA756}
		{320FD166-EA1C-4930-8951-DE0EEAAD082A} = {B340EE3D-8EFC-4906-AC98-F5B3EB6227AF}
		{93EF4EFD-790E-4D7A-A7B7-A7B3597A2294} = {C624B5A7-3985-4C8F-8497-70AC825DC7CC}
		{5D374005-B864-49A2-BF74-3B0E4E0B579B} = {119D54A7-6570-4726-A407-E77172EF9219}
		{40399BF5-1BBF-4B44-8DFE-2B81CA7B3DF6} = {119D54A7-6570-4726-A407-E77172EF9219}
		{9BFE319C-7E31-42E2-8011-09828E3A561C} = {119D54A7-6570-4726-A407-E77172EF9219}
		{4E1FC7DA-FDD3-47DD-8394-5E5E50225C24} = {FEDA5C4B-408D-40C6-AC47-159A10022373}
		{9344F98B-8037-4F41-A2B7-823483C90F1D} = {FEDA5C4B-408D-40C6-AC47-159A10022373}
		{A1336622-8871-4611-A267-EC6F0D49EA87} = {FEDA5C4B-408D-40C6-AC47-159A10022373}
		{CD1431FC-B633-4A20-8B06-EACE34A7D4D3} = {8CC4DEA7-567E-40A9-8CE8-51993E12AD51}
		{9C881998-3C26-48DE-B4E3-3716C299BDC4} = {8CC4DEA7-567E-40A9-8CE8-51993E12AD51}
		{D5D42B6F-DDC2-48DA-BEE5-07138FB5175B} = {8CC4DEA7-567E-40A9-8CE8-51993E12AD51}
		{1691176C-88F7-4041-BD41-89F994600B49} = {5828E8A7-E5C6-4683-B4BE-14BE49382BC3}
		{BAB41834-4F57-430F-B2C2-A44A9FF6647E} = {1691176C-88F7-4041-BD41-89F994600B49}
		{C8799217-AF8A-46C0-841F-B63C56E413D8} = {51124E7A-D5AF-4C6C-9340-4078C99CABBA}
		{6D4F2F0D-43B0-45BE-98D9-B5C62353FA7A} = {B340EE3D-8EFC-4906-AC98-F5B3EB6227AF}
	EndGlobalSection
EndGlobal
