
Microsoft Visual Studio Solution File, Format Version 12.00
Project("{FAE04EC0-301F-11D3-BF4B-00C04F79EFBC}") = "NWheels.UI.Model", "NWheels.UI.Model\NWheels.UI.Model.csproj", "{51EA0D0F-6307-4085-812C-9E14FEE4C483}"
EndProject
Project("{FAE04EC0-301F-11D3-BF4B-00C04F79EFBC}") = "NWheels.DB.Model", "NWheels.DB.Model\NWheels.DB.Model.csproj", "{89440BFE-D37A-4716-8A81-B3DD265D50C3}"
EndProject
Project("{FAE04EC0-301F-11D3-BF4B-00C04F79EFBC}") = "NWheels.RestApi.Model", "NWheels.RestApi.Model\NWheels.RestApi.Model.csproj", "{008FA527-07E5-4282-8B5E-AC2E9E3A7F84}"
EndProject
Project("{FAE04EC0-301F-11D3-BF4B-00C04F79EFBC}") = "NWheels.DB.RestApi.Model", "NWheels.DB.RestApi.Model\NWheels.DB.RestApi.Model.csproj", "{22D62770-8E7B-4E7E-A5A1-FB8C9AC9D3DF}"
EndProject
Project("{FAE04EC0-301F-11D3-BF4B-00C04F79EFBC}") = "NWheels.UI.RestApi.Model", "NWheels.UI.RestApi.Model\NWheels.UI.RestApi.Model.csproj", "{17AD5AF9-0B83-4E85-888E-EE78CEA7870B}"
EndProject
Project("{FAE04EC0-301F-11D3-BF4B-00C04F79EFBC}") = "NWheels.Composition.Model", "NWheels.Composition.Model\NWheels.Composition.Model.csproj", "{A825ACCF-BB4F-4F00-BC59-33F6C06D56BE}"
EndProject
Project("{FAE04EC0-301F-11D3-BF4B-00C04F79EFBC}") = "NWheels.DevOps.Model", "NWheels.DevOps.Model\NWheels.DevOps.Model.csproj", "{40B5B4CD-C932-4EBE-957E-4CEAAB96A036}"
EndProject
Project("{FAE04EC0-301F-11D3-BF4B-00C04F79EFBC}") = "NWheels.Domain.Model", "NWheels.Domain.Model\NWheels.Domain.Model.csproj", "{326A7930-AA75-4521-9AA7-011CB4E92263}"
EndProject
Project("{FAE04EC0-301F-11D3-BF4B-00C04F79EFBC}") = "NWheels.DB.Adapters", "NWheels.DB.Adapters\NWheels.DB.Adapters.csproj", "{8FC7240D-0BCB-44F0-A779-6A5A75184DB6}"
EndProject
Project("{FAE04EC0-301F-11D3-BF4B-00C04F79EFBC}") = "NWheels.RestApi.Adapters", "NWheels.RestApi.Adapters\NWheels.RestApi.Adapters.csproj", "{B1E2AA07-4935-48E2-A10B-AA1ED01B0F00}"
EndProject
Project("{FAE04EC0-301F-11D3-BF4B-00C04F79EFBC}") = "NWheels.UI.Adapters", "NWheels.UI.Adapters\NWheels.UI.Adapters.csproj", "{910DDC38-EE89-4D8A-B69B-B7CDAB0B50CF}"
EndProject
Project("{FAE04EC0-301F-11D3-BF4B-00C04F79EFBC}") = "NWheels.UI.RestApi.Adapters", "NWheels.UI.RestApi.Adapters\NWheels.UI.RestApi.Adapters.csproj", "{75454EAC-DFCA-418A-8194-DB3D1D6C2171}"
EndProject
Project("{FAE04EC0-301F-11D3-BF4B-00C04F79EFBC}") = "NWheels.DevOps.Adapters", "NWheels.DevOps.Adapters\NWheels.DevOps.Adapters.csproj", "{FCF866CB-7372-4FB6-82D3-4376EEE1CD98}"
EndProject
Project("{FAE04EC0-301F-11D3-BF4B-00C04F79EFBC}") = "NWheels.DB.RestApi.Adapters", "NWheels.DB.RestApi.Adapters\NWheels.DB.RestApi.Adapters.csproj", "{817CEC6B-5104-48D1-98E8-D3D1DAC37F61}"
EndProject
Project("{FAE04EC0-301F-11D3-BF4B-00C04F79EFBC}") = "NWheels.Build", "NWheels.Build\NWheels.Build.csproj", "{54D4500F-006F-4B83-AEC1-EF0A1BFB4400}"
EndProject
Project("{FAE04EC0-301F-11D3-BF4B-00C04F79EFBC}") = "MetaPrograms", "..\..\MetaPrograms\Source\MetaPrograms\MetaPrograms.csproj", "{E1139EAC-2C7E-44C3-A4BF-2A22E1B03F05}"
EndProject
Project("{FAE04EC0-301F-11D3-BF4B-00C04F79EFBC}") = "MetaPrograms.CSharp", "..\..\MetaPrograms\Source\MetaPrograms.CSharp\MetaPrograms.CSharp.csproj", "{E576BDC8-F2A8-4C83-9578-C94BC46AA1E3}"
EndProject
Project("{FAE04EC0-301F-11D3-BF4B-00C04F79EFBC}") = "MetaPrograms.JavaScript", "..\..\MetaPrograms\Source\MetaPrograms.JavaScript\MetaPrograms.JavaScript.csproj", "{2548BF65-1E02-4675-86EF-10CDEA6C7FD2}"
EndProject
Project("{FAE04EC0-301F-11D3-BF4B-00C04F79EFBC}") = "NWheels.Cli", "NWheels.Cli\NWheels.Cli.csproj", "{BA9C8B91-E1CA-443F-8B5D-E4BB752D1C17}"
EndProject
Project("{FAE04EC0-301F-11D3-BF4B-00C04F79EFBC}") = "NWheels.Demos.Tests", "NWheels.Demos.Tests\NWheels.Demos.Tests.csproj", "{9442003A-2D23-48D8-AC17-EB09B013E215}"
EndProject
Project("{FAE04EC0-301F-11D3-BF4B-00C04F79EFBC}") = "MetaPrograms.Testability", "..\..\MetaPrograms\Source\MetaPrograms.Testability\MetaPrograms.Testability.csproj", "{B41C6B22-C8CB-4985-9687-CE4EFA9E6136}"
EndProject
Project("{2150E333-8FDC-42A3-9474-1A3956D46DE8}") = "MetaPrograms", "MetaPrograms", "{2F5DCE9F-E977-4FFE-8A8A-75B56D2A69F8}"
EndProject
Project("{2150E333-8FDC-42A3-9474-1A3956D46DE8}") = "Demos", "Demos", "{6F78BBFD-E14E-4DB6-9D69-57545A19AC0D}"
EndProject
Project("{2150E333-8FDC-42A3-9474-1A3956D46DE8}") = "NWheels.Build", "NWheels.Build", "{22F0408B-4B15-4E66-B4CC-60D2F9E0D155}"
EndProject
Project("{2150E333-8FDC-42A3-9474-1A3956D46DE8}") = "NWheels.DB", "NWheels.DB", "{DCD95063-CF23-4F1D-B76D-D8EEA5B580B8}"
EndProject
Project("{2150E333-8FDC-42A3-9474-1A3956D46DE8}") = "NWheels.UI", "NWheels.UI", "{271E0DB9-ECF0-4C55-98F4-363812732786}"
EndProject
Project("{2150E333-8FDC-42A3-9474-1A3956D46DE8}") = "NWheels.DevOps", "NWheels.DevOps", "{ED72FA9C-0BB6-4210-805A-43B9947E9C93}"
EndProject
Project("{2150E333-8FDC-42A3-9474-1A3956D46DE8}") = "NWheels.RestApi", "NWheels.RestApi", "{BF374010-B45F-47FF-8BAD-2BEA5276708D}"
EndProject
Project("{2150E333-8FDC-42A3-9474-1A3956D46DE8}") = "NWheels.Domain", "NWheels.Domain", "{59EE3FCD-4CFE-4C57-A616-6EC2B32CD6FD}"
EndProject
Global
	GlobalSection(SolutionConfigurationPlatforms) = preSolution
		Debug|Any CPU = Debug|Any CPU
		Release|Any CPU = Release|Any CPU
	EndGlobalSection
	GlobalSection(ProjectConfigurationPlatforms) = postSolution
		{51EA0D0F-6307-4085-812C-9E14FEE4C483}.Debug|Any CPU.ActiveCfg = Debug|Any CPU
		{51EA0D0F-6307-4085-812C-9E14FEE4C483}.Debug|Any CPU.Build.0 = Debug|Any CPU
		{51EA0D0F-6307-4085-812C-9E14FEE4C483}.Release|Any CPU.ActiveCfg = Release|Any CPU
		{51EA0D0F-6307-4085-812C-9E14FEE4C483}.Release|Any CPU.Build.0 = Release|Any CPU
		{89440BFE-D37A-4716-8A81-B3DD265D50C3}.Debug|Any CPU.ActiveCfg = Debug|Any CPU
		{89440BFE-D37A-4716-8A81-B3DD265D50C3}.Debug|Any CPU.Build.0 = Debug|Any CPU
		{89440BFE-D37A-4716-8A81-B3DD265D50C3}.Release|Any CPU.ActiveCfg = Release|Any CPU
		{89440BFE-D37A-4716-8A81-B3DD265D50C3}.Release|Any CPU.Build.0 = Release|Any CPU
		{008FA527-07E5-4282-8B5E-AC2E9E3A7F84}.Debug|Any CPU.ActiveCfg = Debug|Any CPU
		{008FA527-07E5-4282-8B5E-AC2E9E3A7F84}.Debug|Any CPU.Build.0 = Debug|Any CPU
		{008FA527-07E5-4282-8B5E-AC2E9E3A7F84}.Release|Any CPU.ActiveCfg = Release|Any CPU
		{008FA527-07E5-4282-8B5E-AC2E9E3A7F84}.Release|Any CPU.Build.0 = Release|Any CPU
		{22D62770-8E7B-4E7E-A5A1-FB8C9AC9D3DF}.Debug|Any CPU.ActiveCfg = Debug|Any CPU
		{22D62770-8E7B-4E7E-A5A1-FB8C9AC9D3DF}.Debug|Any CPU.Build.0 = Debug|Any CPU
		{22D62770-8E7B-4E7E-A5A1-FB8C9AC9D3DF}.Release|Any CPU.ActiveCfg = Release|Any CPU
		{22D62770-8E7B-4E7E-A5A1-FB8C9AC9D3DF}.Release|Any CPU.Build.0 = Release|Any CPU
		{17AD5AF9-0B83-4E85-888E-EE78CEA7870B}.Debug|Any CPU.ActiveCfg = Debug|Any CPU
		{17AD5AF9-0B83-4E85-888E-EE78CEA7870B}.Debug|Any CPU.Build.0 = Debug|Any CPU
		{17AD5AF9-0B83-4E85-888E-EE78CEA7870B}.Release|Any CPU.ActiveCfg = Release|Any CPU
		{17AD5AF9-0B83-4E85-888E-EE78CEA7870B}.Release|Any CPU.Build.0 = Release|Any CPU
		{A825ACCF-BB4F-4F00-BC59-33F6C06D56BE}.Debug|Any CPU.ActiveCfg = Debug|Any CPU
		{A825ACCF-BB4F-4F00-BC59-33F6C06D56BE}.Debug|Any CPU.Build.0 = Debug|Any CPU
		{A825ACCF-BB4F-4F00-BC59-33F6C06D56BE}.Release|Any CPU.ActiveCfg = Release|Any CPU
		{A825ACCF-BB4F-4F00-BC59-33F6C06D56BE}.Release|Any CPU.Build.0 = Release|Any CPU
		{40B5B4CD-C932-4EBE-957E-4CEAAB96A036}.Debug|Any CPU.ActiveCfg = Debug|Any CPU
		{40B5B4CD-C932-4EBE-957E-4CEAAB96A036}.Debug|Any CPU.Build.0 = Debug|Any CPU
		{40B5B4CD-C932-4EBE-957E-4CEAAB96A036}.Release|Any CPU.ActiveCfg = Release|Any CPU
		{40B5B4CD-C932-4EBE-957E-4CEAAB96A036}.Release|Any CPU.Build.0 = Release|Any CPU
		{326A7930-AA75-4521-9AA7-011CB4E92263}.Debug|Any CPU.ActiveCfg = Debug|Any CPU
		{326A7930-AA75-4521-9AA7-011CB4E92263}.Debug|Any CPU.Build.0 = Debug|Any CPU
		{326A7930-AA75-4521-9AA7-011CB4E92263}.Release|Any CPU.ActiveCfg = Release|Any CPU
		{326A7930-AA75-4521-9AA7-011CB4E92263}.Release|Any CPU.Build.0 = Release|Any CPU
		{8FC7240D-0BCB-44F0-A779-6A5A75184DB6}.Debug|Any CPU.ActiveCfg = Debug|Any CPU
		{8FC7240D-0BCB-44F0-A779-6A5A75184DB6}.Debug|Any CPU.Build.0 = Debug|Any CPU
		{8FC7240D-0BCB-44F0-A779-6A5A75184DB6}.Release|Any CPU.ActiveCfg = Release|Any CPU
		{8FC7240D-0BCB-44F0-A779-6A5A75184DB6}.Release|Any CPU.Build.0 = Release|Any CPU
		{B1E2AA07-4935-48E2-A10B-AA1ED01B0F00}.Debug|Any CPU.ActiveCfg = Debug|Any CPU
		{B1E2AA07-4935-48E2-A10B-AA1ED01B0F00}.Debug|Any CPU.Build.0 = Debug|Any CPU
		{B1E2AA07-4935-48E2-A10B-AA1ED01B0F00}.Release|Any CPU.ActiveCfg = Release|Any CPU
		{B1E2AA07-4935-48E2-A10B-AA1ED01B0F00}.Release|Any CPU.Build.0 = Release|Any CPU
		{910DDC38-EE89-4D8A-B69B-B7CDAB0B50CF}.Debug|Any CPU.ActiveCfg = Debug|Any CPU
		{910DDC38-EE89-4D8A-B69B-B7CDAB0B50CF}.Debug|Any CPU.Build.0 = Debug|Any CPU
		{910DDC38-EE89-4D8A-B69B-B7CDAB0B50CF}.Release|Any CPU.ActiveCfg = Release|Any CPU
		{910DDC38-EE89-4D8A-B69B-B7CDAB0B50CF}.Release|Any CPU.Build.0 = Release|Any CPU
		{75454EAC-DFCA-418A-8194-DB3D1D6C2171}.Debug|Any CPU.ActiveCfg = Debug|Any CPU
		{75454EAC-DFCA-418A-8194-DB3D1D6C2171}.Debug|Any CPU.Build.0 = Debug|Any CPU
		{75454EAC-DFCA-418A-8194-DB3D1D6C2171}.Release|Any CPU.ActiveCfg = Release|Any CPU
		{75454EAC-DFCA-418A-8194-DB3D1D6C2171}.Release|Any CPU.Build.0 = Release|Any CPU
		{FCF866CB-7372-4FB6-82D3-4376EEE1CD98}.Debug|Any CPU.ActiveCfg = Debug|Any CPU
		{FCF866CB-7372-4FB6-82D3-4376EEE1CD98}.Debug|Any CPU.Build.0 = Debug|Any CPU
		{FCF866CB-7372-4FB6-82D3-4376EEE1CD98}.Release|Any CPU.ActiveCfg = Release|Any CPU
		{FCF866CB-7372-4FB6-82D3-4376EEE1CD98}.Release|Any CPU.Build.0 = Release|Any CPU
		{817CEC6B-5104-48D1-98E8-D3D1DAC37F61}.Debug|Any CPU.ActiveCfg = Debug|Any CPU
		{817CEC6B-5104-48D1-98E8-D3D1DAC37F61}.Debug|Any CPU.Build.0 = Debug|Any CPU
		{817CEC6B-5104-48D1-98E8-D3D1DAC37F61}.Release|Any CPU.ActiveCfg = Release|Any CPU
		{817CEC6B-5104-48D1-98E8-D3D1DAC37F61}.Release|Any CPU.Build.0 = Release|Any CPU
		{54D4500F-006F-4B83-AEC1-EF0A1BFB4400}.Debug|Any CPU.ActiveCfg = Debug|Any CPU
		{54D4500F-006F-4B83-AEC1-EF0A1BFB4400}.Debug|Any CPU.Build.0 = Debug|Any CPU
		{54D4500F-006F-4B83-AEC1-EF0A1BFB4400}.Release|Any CPU.ActiveCfg = Release|Any CPU
		{54D4500F-006F-4B83-AEC1-EF0A1BFB4400}.Release|Any CPU.Build.0 = Release|Any CPU
		{E1139EAC-2C7E-44C3-A4BF-2A22E1B03F05}.Debug|Any CPU.ActiveCfg = Debug|Any CPU
		{E1139EAC-2C7E-44C3-A4BF-2A22E1B03F05}.Debug|Any CPU.Build.0 = Debug|Any CPU
		{E1139EAC-2C7E-44C3-A4BF-2A22E1B03F05}.Release|Any CPU.ActiveCfg = Release|Any CPU
		{E1139EAC-2C7E-44C3-A4BF-2A22E1B03F05}.Release|Any CPU.Build.0 = Release|Any CPU
		{E576BDC8-F2A8-4C83-9578-C94BC46AA1E3}.Debug|Any CPU.ActiveCfg = Debug|Any CPU
		{E576BDC8-F2A8-4C83-9578-C94BC46AA1E3}.Debug|Any CPU.Build.0 = Debug|Any CPU
		{E576BDC8-F2A8-4C83-9578-C94BC46AA1E3}.Release|Any CPU.ActiveCfg = Release|Any CPU
		{E576BDC8-F2A8-4C83-9578-C94BC46AA1E3}.Release|Any CPU.Build.0 = Release|Any CPU
		{2548BF65-1E02-4675-86EF-10CDEA6C7FD2}.Debug|Any CPU.ActiveCfg = Debug|Any CPU
		{2548BF65-1E02-4675-86EF-10CDEA6C7FD2}.Debug|Any CPU.Build.0 = Debug|Any CPU
		{2548BF65-1E02-4675-86EF-10CDEA6C7FD2}.Release|Any CPU.ActiveCfg = Release|Any CPU
		{2548BF65-1E02-4675-86EF-10CDEA6C7FD2}.Release|Any CPU.Build.0 = Release|Any CPU
		{BA9C8B91-E1CA-443F-8B5D-E4BB752D1C17}.Debug|Any CPU.ActiveCfg = Debug|Any CPU
		{BA9C8B91-E1CA-443F-8B5D-E4BB752D1C17}.Debug|Any CPU.Build.0 = Debug|Any CPU
		{BA9C8B91-E1CA-443F-8B5D-E4BB752D1C17}.Release|Any CPU.ActiveCfg = Release|Any CPU
		{BA9C8B91-E1CA-443F-8B5D-E4BB752D1C17}.Release|Any CPU.Build.0 = Release|Any CPU
		{9442003A-2D23-48D8-AC17-EB09B013E215}.Debug|Any CPU.ActiveCfg = Debug|Any CPU
		{9442003A-2D23-48D8-AC17-EB09B013E215}.Debug|Any CPU.Build.0 = Debug|Any CPU
		{9442003A-2D23-48D8-AC17-EB09B013E215}.Release|Any CPU.ActiveCfg = Release|Any CPU
		{9442003A-2D23-48D8-AC17-EB09B013E215}.Release|Any CPU.Build.0 = Release|Any CPU
		{B41C6B22-C8CB-4985-9687-CE4EFA9E6136}.Debug|Any CPU.ActiveCfg = Debug|Any CPU
		{B41C6B22-C8CB-4985-9687-CE4EFA9E6136}.Debug|Any CPU.Build.0 = Debug|Any CPU
		{B41C6B22-C8CB-4985-9687-CE4EFA9E6136}.Release|Any CPU.ActiveCfg = Release|Any CPU
		{B41C6B22-C8CB-4985-9687-CE4EFA9E6136}.Release|Any CPU.Build.0 = Release|Any CPU
	EndGlobalSection
	GlobalSection(NestedProjects) = preSolution
		{E1139EAC-2C7E-44C3-A4BF-2A22E1B03F05} = {2F5DCE9F-E977-4FFE-8A8A-75B56D2A69F8}
		{E576BDC8-F2A8-4C83-9578-C94BC46AA1E3} = {2F5DCE9F-E977-4FFE-8A8A-75B56D2A69F8}
		{2548BF65-1E02-4675-86EF-10CDEA6C7FD2} = {2F5DCE9F-E977-4FFE-8A8A-75B56D2A69F8}
		{B41C6B22-C8CB-4985-9687-CE4EFA9E6136} = {2F5DCE9F-E977-4FFE-8A8A-75B56D2A69F8}
		{54D4500F-006F-4B83-AEC1-EF0A1BFB4400} = {22F0408B-4B15-4E66-B4CC-60D2F9E0D155}
		{BA9C8B91-E1CA-443F-8B5D-E4BB752D1C17} = {22F0408B-4B15-4E66-B4CC-60D2F9E0D155}
		{A825ACCF-BB4F-4F00-BC59-33F6C06D56BE} = {22F0408B-4B15-4E66-B4CC-60D2F9E0D155}
		{8FC7240D-0BCB-44F0-A779-6A5A75184DB6} = {DCD95063-CF23-4F1D-B76D-D8EEA5B580B8}
		{89440BFE-D37A-4716-8A81-B3DD265D50C3} = {DCD95063-CF23-4F1D-B76D-D8EEA5B580B8}
		{817CEC6B-5104-48D1-98E8-D3D1DAC37F61} = {DCD95063-CF23-4F1D-B76D-D8EEA5B580B8}
		{22D62770-8E7B-4E7E-A5A1-FB8C9AC9D3DF} = {DCD95063-CF23-4F1D-B76D-D8EEA5B580B8}
		{910DDC38-EE89-4D8A-B69B-B7CDAB0B50CF} = {271E0DB9-ECF0-4C55-98F4-363812732786}
		{51EA0D0F-6307-4085-812C-9E14FEE4C483} = {271E0DB9-ECF0-4C55-98F4-363812732786}
		{75454EAC-DFCA-418A-8194-DB3D1D6C2171} = {271E0DB9-ECF0-4C55-98F4-363812732786}
		{17AD5AF9-0B83-4E85-888E-EE78CEA7870B} = {271E0DB9-ECF0-4C55-98F4-363812732786}
		{FCF866CB-7372-4FB6-82D3-4376EEE1CD98} = {ED72FA9C-0BB6-4210-805A-43B9947E9C93}
		{40B5B4CD-C932-4EBE-957E-4CEAAB96A036} = {ED72FA9C-0BB6-4210-805A-43B9947E9C93}
		{B1E2AA07-4935-48E2-A10B-AA1ED01B0F00} = {BF374010-B45F-47FF-8BAD-2BEA5276708D}
		{008FA527-07E5-4282-8B5E-AC2E9E3A7F84} = {BF374010-B45F-47FF-8BAD-2BEA5276708D}
		{9442003A-2D23-48D8-AC17-EB09B013E215} = {6F78BBFD-E14E-4DB6-9D69-57545A19AC0D}
		{326A7930-AA75-4521-9AA7-011CB4E92263} = {59EE3FCD-4CFE-4C57-A616-6EC2B32CD6FD}
	EndGlobalSection
EndGlobal
